// !$*UTF8*$!
{
	archiveVersion = 1;
	classes = {
	};
	objectVersion = 46;
	objects = {

/* Begin PBXBuildFile section */
		131C3EE11F5E687E00ECD3A0 /* ParentVC.swift in Sources */ = {isa = PBXBuildFile; fileRef = 131C3EE01F5E687E00ECD3A0 /* ParentVC.swift */; };
		132605D51F4AA632003B6BFC /* result.html in Resources */ = {isa = PBXBuildFile; fileRef = 132605D41F4AA632003B6BFC /* result.html */; };
		1332FBD21F57EC94003E3217 /* CarouselItemView.xib in Resources */ = {isa = PBXBuildFile; fileRef = 1332FBD11F57EC94003E3217 /* CarouselItemView.xib */; };
		1332FBD41F57ECA6003E3217 /* CarouselItemView.swift in Sources */ = {isa = PBXBuildFile; fileRef = 1332FBD31F57ECA6003E3217 /* CarouselItemView.swift */; };
		13A104C81F87904600F40FCD /* Keyboard.storyboard in Resources */ = {isa = PBXBuildFile; fileRef = 13A104C71F87904600F40FCD /* Keyboard.storyboard */; };
		13E1D9451F7CD3D0006907B1 /* CharacterCell.xib in Resources */ = {isa = PBXBuildFile; fileRef = 13E1D9431F7CCCFA006907B1 /* CharacterCell.xib */; };
		67A1F6B28B7089DC15FA837D /* Pods_ClairaBellaDemo.framework in Frameworks */ = {isa = PBXBuildFile; fileRef = 35A99DE8EB24D02764ED70FD /* Pods_ClairaBellaDemo.framework */; };
		79153ED61F80A68400E43DC4 /* ShareCharacterView.xib in Resources */ = {isa = PBXBuildFile; fileRef = 79153ED51F80A68400E43DC4 /* ShareCharacterView.xib */; };
		79153ED81F80A69B00E43DC4 /* ShareCharacterView.swift in Sources */ = {isa = PBXBuildFile; fileRef = 79153ED71F80A69B00E43DC4 /* ShareCharacterView.swift */; };
		791785A01F93A91200467F43 /* EmojiImageGeneratorView.swift in Sources */ = {isa = PBXBuildFile; fileRef = 7917859F1F93A91200467F43 /* EmojiImageGeneratorView.swift */; };
		791785A21F93A92A00467F43 /* EmojiImgeGeneratorView.xib in Resources */ = {isa = PBXBuildFile; fileRef = 791785A11F93A92A00467F43 /* EmojiImgeGeneratorView.xib */; };
		7917CA2D1F89451C00EE7824 /* CharacterAlertView.xib in Resources */ = {isa = PBXBuildFile; fileRef = 7917CA2C1F89451C00EE7824 /* CharacterAlertView.xib */; };
		7917CA2F1F89455100EE7824 /* CharacterAlertView.swift in Sources */ = {isa = PBXBuildFile; fileRef = 7917CA2E1F89455100EE7824 /* CharacterAlertView.swift */; };
		79183B7A1F550F2800A00D50 /* Assets.xcassets in Resources */ = {isa = PBXBuildFile; fileRef = 79183B791F550F2800A00D50 /* Assets.xcassets */; };
		79183D5C1F55100000A00D50 /* CharacterGenerator.swift in Sources */ = {isa = PBXBuildFile; fileRef = 79183D5A1F550FFF00A00D50 /* CharacterGenerator.swift */; };
		79183D5D1F55100000A00D50 /* CharacterBuilderVC.swift in Sources */ = {isa = PBXBuildFile; fileRef = 79183D5B1F55100000A00D50 /* CharacterBuilderVC.swift */; };
		79183D601F55102900A00D50 /* APICalls.swift in Sources */ = {isa = PBXBuildFile; fileRef = 79183D5F1F55102900A00D50 /* APICalls.swift */; };
		79183D631F5514B600A00D50 /* SaveCharacterVC.swift in Sources */ = {isa = PBXBuildFile; fileRef = 79183D621F5514B600A00D50 /* SaveCharacterVC.swift */; };
		79185ADA1F86A1D50035B92F /* KeyboardCell.swift in Sources */ = {isa = PBXBuildFile; fileRef = 79185AD91F86A1D50035B92F /* KeyboardCell.swift */; };
		79185ADB1F86A1ED0035B92F /* KeyboardCell.swift in Sources */ = {isa = PBXBuildFile; fileRef = 79185AD91F86A1D50035B92F /* KeyboardCell.swift */; };
		792294411F5F09DB004845DE /* SetupKeyBoardVC.swift in Sources */ = {isa = PBXBuildFile; fileRef = 792294401F5F09DB004845DE /* SetupKeyBoardVC.swift */; };
		792294431F5F0A17004845DE /* EmojiesVC.swift in Sources */ = {isa = PBXBuildFile; fileRef = 792294421F5F0A17004845DE /* EmojiesVC.swift */; };
		792294461F5F0BDD004845DE /* Constant.swift in Sources */ = {isa = PBXBuildFile; fileRef = 792294451F5F0BDD004845DE /* Constant.swift */; };
		7922C2FD1F5DAAE3007F5D25 /* HomeVC.swift in Sources */ = {isa = PBXBuildFile; fileRef = 7922C2FC1F5DAAE3007F5D25 /* HomeVC.swift */; };
		7922C3001F5DC98A007F5D25 /* CoreDataHandler.swift in Sources */ = {isa = PBXBuildFile; fileRef = 7922C2FF1F5DC98A007F5D25 /* CoreDataHandler.swift */; };
		7922C3031F5DCA91007F5D25 /* ClairaBella.xcdatamodeld in Sources */ = {isa = PBXBuildFile; fileRef = 7922C3011F5DCA91007F5D25 /* ClairaBella.xcdatamodeld */; };
		7922C3071F5DD3E0007F5D25 /* WalkThrough.storyboard in Resources */ = {isa = PBXBuildFile; fileRef = 7922C3051F5DD3E0007F5D25 /* WalkThrough.storyboard */; };
		79244E041F7AB63700741D69 /* KeyboardViewController.swift in Sources */ = {isa = PBXBuildFile; fileRef = 79244E031F7AB63700741D69 /* KeyboardViewController.swift */; };
		79244E081F7AB63700741D69 /* ClaireaBella.appex in Embed App Extensions */ = {isa = PBXBuildFile; fileRef = 79244E011F7AB63700741D69 /* ClaireaBella.appex */; settings = {ATTRIBUTES = (RemoveHeadersOnCopy, ); }; };
		79244E0E1F7ABBD600741D69 /* KeyboardView.xib in Resources */ = {isa = PBXBuildFile; fileRef = 79244E0D1F7ABBD600741D69 /* KeyboardView.xib */; };
		79244E101F7ABBF400741D69 /* KeyboardView.swift in Sources */ = {isa = PBXBuildFile; fileRef = 79244E0F1F7ABBF400741D69 /* KeyboardView.swift */; };
		792713271F84193D00C7B7DB /* Main.storyboard in Resources */ = {isa = PBXBuildFile; fileRef = 792713251F84193D00C7B7DB /* Main.storyboard */; };
		792738021F63BCCE00C238F0 /* UtilityClasses.swift in Sources */ = {isa = PBXBuildFile; fileRef = 792738011F63BCCE00C238F0 /* UtilityClasses.swift */; };
		79292BDB1F6DA05B00015CB3 /* UsersCharacters.plist in Resources */ = {isa = PBXBuildFile; fileRef = 79292BDA1F6DA05A00015CB3 /* UsersCharacters.plist */; };
		792E1A251F7C056400A7F4C5 /* CharacterGenerator.swift in Sources */ = {isa = PBXBuildFile; fileRef = 79183D5A1F550FFF00A00D50 /* CharacterGenerator.swift */; };
		792E1A261F7C056B00A7F4C5 /* APICalls.swift in Sources */ = {isa = PBXBuildFile; fileRef = 79183D5F1F55102900A00D50 /* APICalls.swift */; };
		792E1A281F7C081600A7F4C5 /* EmojiCell.xib in Resources */ = {isa = PBXBuildFile; fileRef = 792E1A271F7C081600A7F4C5 /* EmojiCell.xib */; };
		792E1A291F7C1AA900A7F4C5 /* Assets.xcassets in Resources */ = {isa = PBXBuildFile; fileRef = 79183B791F550F2800A00D50 /* Assets.xcassets */; };
		7932BB661F61AC3500A25AAF /* background_small1.jpg in Resources */ = {isa = PBXBuildFile; fileRef = 7932BB381F61AC3500A25AAF /* background_small1.jpg */; };
		7932BB671F61AC3500A25AAF /* background1.jpg in Resources */ = {isa = PBXBuildFile; fileRef = 7932BB391F61AC3500A25AAF /* background1.jpg */; };
		7932BB681F61AC3500A25AAF /* background_small2.jpg in Resources */ = {isa = PBXBuildFile; fileRef = 7932BB3A1F61AC3500A25AAF /* background_small2.jpg */; };
		7932BB691F61AC3500A25AAF /* background2.jpg in Resources */ = {isa = PBXBuildFile; fileRef = 7932BB3B1F61AC3500A25AAF /* background2.jpg */; };
		7932BB6A1F61AC3500A25AAF /* background_small3.jpg in Resources */ = {isa = PBXBuildFile; fileRef = 7932BB3C1F61AC3500A25AAF /* background_small3.jpg */; };
		7932BB6B1F61AC3500A25AAF /* background3.jpg in Resources */ = {isa = PBXBuildFile; fileRef = 7932BB3D1F61AC3500A25AAF /* background3.jpg */; };
		7932BB6C1F61AC3500A25AAF /* background_small4.jpg in Resources */ = {isa = PBXBuildFile; fileRef = 7932BB3E1F61AC3500A25AAF /* background_small4.jpg */; };
		7932BB6D1F61AC3500A25AAF /* background4.jpg in Resources */ = {isa = PBXBuildFile; fileRef = 7932BB3F1F61AC3500A25AAF /* background4.jpg */; };
		7932BB6E1F61AC3500A25AAF /* background_small5.jpg in Resources */ = {isa = PBXBuildFile; fileRef = 7932BB401F61AC3500A25AAF /* background_small5.jpg */; };
		7932BB6F1F61AC3500A25AAF /* background5.jpg in Resources */ = {isa = PBXBuildFile; fileRef = 7932BB411F61AC3500A25AAF /* background5.jpg */; };
		7932BB701F61AC3500A25AAF /* background_small6.jpg in Resources */ = {isa = PBXBuildFile; fileRef = 7932BB421F61AC3500A25AAF /* background_small6.jpg */; };
		7932BB711F61AC3500A25AAF /* background6.jpg in Resources */ = {isa = PBXBuildFile; fileRef = 7932BB431F61AC3500A25AAF /* background6.jpg */; };
		7932BB721F61AC3500A25AAF /* background_small7.jpg in Resources */ = {isa = PBXBuildFile; fileRef = 7932BB441F61AC3500A25AAF /* background_small7.jpg */; };
		7932BB731F61AC3500A25AAF /* background7.jpg in Resources */ = {isa = PBXBuildFile; fileRef = 7932BB451F61AC3500A25AAF /* background7.jpg */; };
		7932BB741F61AC3500A25AAF /* background_small8.jpg in Resources */ = {isa = PBXBuildFile; fileRef = 7932BB461F61AC3500A25AAF /* background_small8.jpg */; };
		7932BB751F61AC3500A25AAF /* background_small9.jpg in Resources */ = {isa = PBXBuildFile; fileRef = 7932BB471F61AC3500A25AAF /* background_small9.jpg */; };
		7932BB761F61AC3500A25AAF /* background9.jpg in Resources */ = {isa = PBXBuildFile; fileRef = 7932BB481F61AC3500A25AAF /* background9.jpg */; };
		7932BB771F61AC3500A25AAF /* background_small10.jpg in Resources */ = {isa = PBXBuildFile; fileRef = 7932BB491F61AC3500A25AAF /* background_small10.jpg */; };
		7932BB781F61AC3500A25AAF /* background10.jpg in Resources */ = {isa = PBXBuildFile; fileRef = 7932BB4A1F61AC3500A25AAF /* background10.jpg */; };
		7932BB791F61AC3500A25AAF /* background_small11.jpg in Resources */ = {isa = PBXBuildFile; fileRef = 7932BB4B1F61AC3500A25AAF /* background_small11.jpg */; };
		7932BB7A1F61AC3500A25AAF /* background11.jpg in Resources */ = {isa = PBXBuildFile; fileRef = 7932BB4C1F61AC3500A25AAF /* background11.jpg */; };
		7932BB7B1F61AC3500A25AAF /* background_small12.jpg in Resources */ = {isa = PBXBuildFile; fileRef = 7932BB4D1F61AC3500A25AAF /* background_small12.jpg */; };
		7932BB7C1F61AC3500A25AAF /* background12.jpg in Resources */ = {isa = PBXBuildFile; fileRef = 7932BB4E1F61AC3500A25AAF /* background12.jpg */; };
		7932BB7D1F61AC3500A25AAF /* background_small13.jpg in Resources */ = {isa = PBXBuildFile; fileRef = 7932BB4F1F61AC3500A25AAF /* background_small13.jpg */; };
		7932BB7E1F61AC3500A25AAF /* background13.jpg in Resources */ = {isa = PBXBuildFile; fileRef = 7932BB501F61AC3500A25AAF /* background13.jpg */; };
		7932BB7F1F61AC3500A25AAF /* background_small14.jpg in Resources */ = {isa = PBXBuildFile; fileRef = 7932BB511F61AC3500A25AAF /* background_small14.jpg */; };
		7932BB801F61AC3500A25AAF /* background14.jpg in Resources */ = {isa = PBXBuildFile; fileRef = 7932BB521F61AC3500A25AAF /* background14.jpg */; };
		7932BB811F61AC3500A25AAF /* background_small15.jpg in Resources */ = {isa = PBXBuildFile; fileRef = 7932BB531F61AC3500A25AAF /* background_small15.jpg */; };
		7932BB821F61AC3500A25AAF /* background15.jpg in Resources */ = {isa = PBXBuildFile; fileRef = 7932BB541F61AC3500A25AAF /* background15.jpg */; };
		7932BB831F61AC3500A25AAF /* background_small16.jpg in Resources */ = {isa = PBXBuildFile; fileRef = 7932BB551F61AC3500A25AAF /* background_small16.jpg */; };
		7932BB841F61AC3500A25AAF /* background16.jpg in Resources */ = {isa = PBXBuildFile; fileRef = 7932BB561F61AC3500A25AAF /* background16.jpg */; };
		7932BB851F61AC3500A25AAF /* background_small17.jpg in Resources */ = {isa = PBXBuildFile; fileRef = 7932BB571F61AC3500A25AAF /* background_small17.jpg */; };
		7932BB861F61AC3500A25AAF /* background17.jpg in Resources */ = {isa = PBXBuildFile; fileRef = 7932BB581F61AC3500A25AAF /* background17.jpg */; };
		7932BB871F61AC3500A25AAF /* background_small18.jpg in Resources */ = {isa = PBXBuildFile; fileRef = 7932BB591F61AC3500A25AAF /* background_small18.jpg */; };
		7932BB881F61AC3500A25AAF /* background18.jpg in Resources */ = {isa = PBXBuildFile; fileRef = 7932BB5A1F61AC3500A25AAF /* background18.jpg */; };
		7932BB891F61AC3500A25AAF /* background_small19.jpg in Resources */ = {isa = PBXBuildFile; fileRef = 7932BB5B1F61AC3500A25AAF /* background_small19.jpg */; };
		7932BB8A1F61AC3500A25AAF /* background19.jpg in Resources */ = {isa = PBXBuildFile; fileRef = 7932BB5C1F61AC3500A25AAF /* background19.jpg */; };
		7932BB8B1F61AC3500A25AAF /* background_small20.jpg in Resources */ = {isa = PBXBuildFile; fileRef = 7932BB5D1F61AC3500A25AAF /* background_small20.jpg */; };
		7932BB8C1F61AC3500A25AAF /* background20.jpg in Resources */ = {isa = PBXBuildFile; fileRef = 7932BB5E1F61AC3500A25AAF /* background20.jpg */; };
		7932BB8D1F61AC3500A25AAF /* background_small21.jpg in Resources */ = {isa = PBXBuildFile; fileRef = 7932BB5F1F61AC3500A25AAF /* background_small21.jpg */; };
		7932BB8E1F61AC3500A25AAF /* background21.jpg in Resources */ = {isa = PBXBuildFile; fileRef = 7932BB601F61AC3500A25AAF /* background21.jpg */; };
		7932BB8F1F61AC3500A25AAF /* background_small22.jpg in Resources */ = {isa = PBXBuildFile; fileRef = 7932BB611F61AC3500A25AAF /* background_small22.jpg */; };
		7932BB901F61AC3500A25AAF /* background22.jpg in Resources */ = {isa = PBXBuildFile; fileRef = 7932BB621F61AC3500A25AAF /* background22.jpg */; };
		7932BB911F61AC3500A25AAF /* background_small23.jpg in Resources */ = {isa = PBXBuildFile; fileRef = 7932BB631F61AC3500A25AAF /* background_small23.jpg */; };
		7932BB921F61AC3500A25AAF /* background23.jpg in Resources */ = {isa = PBXBuildFile; fileRef = 7932BB641F61AC3500A25AAF /* background23.jpg */; };
		7932BB931F61AC3500A25AAF /* background8.jpg in Resources */ = {isa = PBXBuildFile; fileRef = 7932BB651F61AC3500A25AAF /* background8.jpg */; };
		7932BB961F61BBD200A25AAF /* AccountVC.swift in Sources */ = {isa = PBXBuildFile; fileRef = 7932BB951F61BBD200A25AAF /* AccountVC.swift */; };
		7932BB9A1F61C8CB00A25AAF /* LoadingVC.swift in Sources */ = {isa = PBXBuildFile; fileRef = 7932BB991F61C8CB00A25AAF /* LoadingVC.swift */; };
		7932BB9E1F61C8DF00A25AAF /* NewUserVC.swift in Sources */ = {isa = PBXBuildFile; fileRef = 7932BB9B1F61C8DF00A25AAF /* NewUserVC.swift */; };
		7932BB9F1F61C8DF00A25AAF /* LoginVC.swift in Sources */ = {isa = PBXBuildFile; fileRef = 7932BB9C1F61C8DF00A25AAF /* LoginVC.swift */; };
		7932BBA01F61C8DF00A25AAF /* SignUpVC.swift in Sources */ = {isa = PBXBuildFile; fileRef = 7932BB9D1F61C8DF00A25AAF /* SignUpVC.swift */; };
		7932BBB51F61D06600A25AAF /* Global.swift in Sources */ = {isa = PBXBuildFile; fileRef = 7932BBB41F61D06600A25AAF /* Global.swift */; };
		7932BBC11F61D1C700A25AAF /* LogoImage.swift in Sources */ = {isa = PBXBuildFile; fileRef = 7932BBB91F61D1C700A25AAF /* LogoImage.swift */; };
		7932BBC21F61D1C700A25AAF /* Head_image.swift in Sources */ = {isa = PBXBuildFile; fileRef = 7932BBBA1F61D1C700A25AAF /* Head_image.swift */; };
		7932BBC31F61D1C700A25AAF /* Bella_image.swift in Sources */ = {isa = PBXBuildFile; fileRef = 7932BBBB1F61D1C700A25AAF /* Bella_image.swift */; };
		7932BBC41F61D1C700A25AAF /* Account_page.swift in Sources */ = {isa = PBXBuildFile; fileRef = 7932BBBC1F61D1C700A25AAF /* Account_page.swift */; };
		7932BBC51F61D1C700A25AAF /* HomeNOCharacter.swift in Sources */ = {isa = PBXBuildFile; fileRef = 7932BBBD1F61D1C700A25AAF /* HomeNOCharacter.swift */; };
		7932BBC61F61D1C700A25AAF /* NewUser.swift in Sources */ = {isa = PBXBuildFile; fileRef = 7932BBBE1F61D1C700A25AAF /* NewUser.swift */; };
		7932BBC71F61D1C700A25AAF /* Loading1.swift in Sources */ = {isa = PBXBuildFile; fileRef = 7932BBBF1F61D1C700A25AAF /* Loading1.swift */; };
		7932BBC81F61D1C700A25AAF /* LoadingBar.swift in Sources */ = {isa = PBXBuildFile; fileRef = 7932BBC01F61D1C700A25AAF /* LoadingBar.swift */; };
		7932BBD21F61D1DD00A25AAF /* LoadingView.swift in Sources */ = {isa = PBXBuildFile; fileRef = 7932BBC91F61D1DD00A25AAF /* LoadingView.swift */; };
		7932BBD31F61D1DD00A25AAF /* NewUserView.swift in Sources */ = {isa = PBXBuildFile; fileRef = 7932BBCA1F61D1DD00A25AAF /* NewUserView.swift */; };
		7932BBD41F61D1DD00A25AAF /* HomeView NO.swift in Sources */ = {isa = PBXBuildFile; fileRef = 7932BBCB1F61D1DD00A25AAF /* HomeView NO.swift */; };
		7932BBD51F61D1DD00A25AAF /* AccountView.swift in Sources */ = {isa = PBXBuildFile; fileRef = 7932BBCC1F61D1DD00A25AAF /* AccountView.swift */; };
		7932BBD61F61D1DD00A25AAF /* LoaderView.swift in Sources */ = {isa = PBXBuildFile; fileRef = 7932BBCD1F61D1DD00A25AAF /* LoaderView.swift */; };
		7932BBD71F61D1DD00A25AAF /* CharacterView.swift in Sources */ = {isa = PBXBuildFile; fileRef = 7932BBCE1F61D1DD00A25AAF /* CharacterView.swift */; };
		7932BBD81F61D1DD00A25AAF /* LogoView.swift in Sources */ = {isa = PBXBuildFile; fileRef = 7932BBCF1F61D1DD00A25AAF /* LogoView.swift */; };
		7932BBD91F61D1DD00A25AAF /* CustomPhotoAlbum.swift in Sources */ = {isa = PBXBuildFile; fileRef = 7932BBD01F61D1DD00A25AAF /* CustomPhotoAlbum.swift */; };
		7932BBDA1F61D1DD00A25AAF /* ProgressView.swift in Sources */ = {isa = PBXBuildFile; fileRef = 7932BBD11F61D1DD00A25AAF /* ProgressView.swift */; };
		7932BBEA1F61D78500A25AAF /* Apache License.txt in Resources */ = {isa = PBXBuildFile; fileRef = 7932BBDF1F61D78500A25AAF /* Apache License.txt */; };
		7932BBEB1F61D78500A25AAF /* OpenSans-Bold.ttf in Resources */ = {isa = PBXBuildFile; fileRef = 7932BBE01F61D78500A25AAF /* OpenSans-Bold.ttf */; };
		7932BBEC1F61D78500A25AAF /* OpenSans-BoldItalic.ttf in Resources */ = {isa = PBXBuildFile; fileRef = 7932BBE11F61D78500A25AAF /* OpenSans-BoldItalic.ttf */; };
		7932BBED1F61D78500A25AAF /* OpenSans-ExtraBold.ttf in Resources */ = {isa = PBXBuildFile; fileRef = 7932BBE21F61D78500A25AAF /* OpenSans-ExtraBold.ttf */; };
		7932BBEE1F61D78500A25AAF /* OpenSans-ExtraBoldItalic.ttf in Resources */ = {isa = PBXBuildFile; fileRef = 7932BBE31F61D78500A25AAF /* OpenSans-ExtraBoldItalic.ttf */; };
		7932BBEF1F61D78500A25AAF /* OpenSans-Italic.ttf in Resources */ = {isa = PBXBuildFile; fileRef = 7932BBE41F61D78500A25AAF /* OpenSans-Italic.ttf */; };
		7932BBF01F61D78500A25AAF /* OpenSans-Light.ttf in Resources */ = {isa = PBXBuildFile; fileRef = 7932BBE51F61D78500A25AAF /* OpenSans-Light.ttf */; };
		7932BBF11F61D78500A25AAF /* OpenSans-LightItalic.ttf in Resources */ = {isa = PBXBuildFile; fileRef = 7932BBE61F61D78500A25AAF /* OpenSans-LightItalic.ttf */; };
		7932BBF21F61D78500A25AAF /* OpenSans-Regular.ttf in Resources */ = {isa = PBXBuildFile; fileRef = 7932BBE71F61D78500A25AAF /* OpenSans-Regular.ttf */; };
		7932BBF31F61D78500A25AAF /* OpenSans-Semibold.ttf in Resources */ = {isa = PBXBuildFile; fileRef = 7932BBE81F61D78500A25AAF /* OpenSans-Semibold.ttf */; };
		7932BBF41F61D78500A25AAF /* OpenSans-SemiboldItalic.ttf in Resources */ = {isa = PBXBuildFile; fileRef = 7932BBE91F61D78500A25AAF /* OpenSans-SemiboldItalic.ttf */; };
		7932BBFB1F61D79700A25AAF /* Montserrat-Black.ttf in Resources */ = {isa = PBXBuildFile; fileRef = 7932BBF51F61D79700A25AAF /* Montserrat-Black.ttf */; };
		7932BBFC1F61D79700A25AAF /* Montserrat-Bold.ttf in Resources */ = {isa = PBXBuildFile; fileRef = 7932BBF61F61D79700A25AAF /* Montserrat-Bold.ttf */; };
		7932BBFD1F61D79700A25AAF /* Montserrat-Light.ttf in Resources */ = {isa = PBXBuildFile; fileRef = 7932BBF71F61D79700A25AAF /* Montserrat-Light.ttf */; };
		7932BBFE1F61D79700A25AAF /* Montserrat-Regular.ttf in Resources */ = {isa = PBXBuildFile; fileRef = 7932BBF81F61D79700A25AAF /* Montserrat-Regular.ttf */; };
		7932BBFF1F61D79700A25AAF /* Montserrat-Thin.ttf in Resources */ = {isa = PBXBuildFile; fileRef = 7932BBF91F61D79700A25AAF /* Montserrat-Thin.ttf */; };
		7932BC001F61D79700A25AAF /* SIL Open Font License.txt in Resources */ = {isa = PBXBuildFile; fileRef = 7932BBFA1F61D79700A25AAF /* SIL Open Font License.txt */; };
		7932BC021F61D7A600A25AAF /* NothingYouCouldDoBold.ttf in Resources */ = {isa = PBXBuildFile; fileRef = 7932BC011F61D7A600A25AAF /* NothingYouCouldDoBold.ttf */; };
		79387AFB1F6521D300E1B3B8 /* User.swift in Sources */ = {isa = PBXBuildFile; fileRef = 79387AFA1F6521D300E1B3B8 /* User.swift */; };
		795421631F460DE500DBBBE0 /* AppDelegate.swift in Sources */ = {isa = PBXBuildFile; fileRef = 795421621F460DE500DBBBE0 /* AppDelegate.swift */; };
		7954216D1F460DE500DBBBE0 /* LaunchScreen.storyboard in Resources */ = {isa = PBXBuildFile; fileRef = 7954216B1F460DE500DBBBE0 /* LaunchScreen.storyboard */; };
		79DAB6A81F571CA00019C37D /* SavedCharListVC.swift in Sources */ = {isa = PBXBuildFile; fileRef = 79DAB6A71F571CA00019C37D /* SavedCharListVC.swift */; };
		79E2E4661F82B12B00B68524 /* ShareCharacterVC.swift in Sources */ = {isa = PBXBuildFile; fileRef = 791993711F7429A10007E23C /* ShareCharacterVC.swift */; };
/* End PBXBuildFile section */

/* Begin PBXContainerItemProxy section */
		79244E061F7AB63700741D69 /* PBXContainerItemProxy */ = {
			isa = PBXContainerItemProxy;
			containerPortal = 795421571F460DE500DBBBE0 /* Project object */;
			proxyType = 1;
			remoteGlobalIDString = 79244E001F7AB63700741D69;
			remoteInfo = ClaireaBella;
		};
/* End PBXContainerItemProxy section */

/* Begin PBXCopyFilesBuildPhase section */
		79244E0C1F7AB63700741D69 /* Embed App Extensions */ = {
			isa = PBXCopyFilesBuildPhase;
			buildActionMask = 2147483647;
			dstPath = "";
			dstSubfolderSpec = 13;
			files = (
				79244E081F7AB63700741D69 /* ClaireaBella.appex in Embed App Extensions */,
			);
			name = "Embed App Extensions";
			runOnlyForDeploymentPostprocessing = 0;
		};
/* End PBXCopyFilesBuildPhase section */

/* Begin PBXFileReference section */
		131C3EE01F5E687E00ECD3A0 /* ParentVC.swift */ = {isa = PBXFileReference; fileEncoding = 4; lastKnownFileType = sourcecode.swift; path = ParentVC.swift; sourceTree = "<group>"; };
		132605D41F4AA632003B6BFC /* result.html */ = {isa = PBXFileReference; fileEncoding = 4; lastKnownFileType = text.html; path = result.html; sourceTree = "<group>"; };
		1332FBD11F57EC94003E3217 /* CarouselItemView.xib */ = {isa = PBXFileReference; fileEncoding = 4; lastKnownFileType = file.xib; path = CarouselItemView.xib; sourceTree = "<group>"; };
		1332FBD31F57ECA6003E3217 /* CarouselItemView.swift */ = {isa = PBXFileReference; fileEncoding = 4; lastKnownFileType = sourcecode.swift; path = CarouselItemView.swift; sourceTree = "<group>"; };
		137A78BA1F8CF580001CBAA9 /* ClairaBellaDemo.entitlements */ = {isa = PBXFileReference; lastKnownFileType = text.plist.entitlements; path = ClairaBellaDemo.entitlements; sourceTree = "<group>"; };
		137A78BB1F8CF5B3001CBAA9 /* ClaireaBella.entitlements */ = {isa = PBXFileReference; lastKnownFileType = text.plist.entitlements; path = ClaireaBella.entitlements; sourceTree = "<group>"; };
		13A104C71F87904600F40FCD /* Keyboard.storyboard */ = {isa = PBXFileReference; lastKnownFileType = file.storyboard; path = Keyboard.storyboard; sourceTree = "<group>"; };
		13E1D9431F7CCCFA006907B1 /* CharacterCell.xib */ = {isa = PBXFileReference; lastKnownFileType = file.xib; path = CharacterCell.xib; sourceTree = "<group>"; };
		35A99DE8EB24D02764ED70FD /* Pods_ClairaBellaDemo.framework */ = {isa = PBXFileReference; explicitFileType = wrapper.framework; includeInIndex = 0; path = Pods_ClairaBellaDemo.framework; sourceTree = BUILT_PRODUCTS_DIR; };
		4E3CB6A597CC857291E48488 /* Pods-ClairaBellaDemo.debug.xcconfig */ = {isa = PBXFileReference; includeInIndex = 1; lastKnownFileType = text.xcconfig; name = "Pods-ClairaBellaDemo.debug.xcconfig"; path = "Pods/Target Support Files/Pods-ClairaBellaDemo/Pods-ClairaBellaDemo.debug.xcconfig"; sourceTree = "<group>"; };
		521D4AFBB295765553039816 /* Pods-ClairaBellaDemo.release.xcconfig */ = {isa = PBXFileReference; includeInIndex = 1; lastKnownFileType = text.xcconfig; name = "Pods-ClairaBellaDemo.release.xcconfig"; path = "Pods/Target Support Files/Pods-ClairaBellaDemo/Pods-ClairaBellaDemo.release.xcconfig"; sourceTree = "<group>"; };
		79153ED51F80A68400E43DC4 /* ShareCharacterView.xib */ = {isa = PBXFileReference; fileEncoding = 4; lastKnownFileType = file.xib; path = ShareCharacterView.xib; sourceTree = "<group>"; };
		79153ED71F80A69B00E43DC4 /* ShareCharacterView.swift */ = {isa = PBXFileReference; fileEncoding = 4; lastKnownFileType = sourcecode.swift; path = ShareCharacterView.swift; sourceTree = "<group>"; };
		7917859F1F93A91200467F43 /* EmojiImageGeneratorView.swift */ = {isa = PBXFileReference; fileEncoding = 4; lastKnownFileType = sourcecode.swift; path = EmojiImageGeneratorView.swift; sourceTree = "<group>"; };
		791785A11F93A92A00467F43 /* EmojiImgeGeneratorView.xib */ = {isa = PBXFileReference; fileEncoding = 4; lastKnownFileType = file.xib; path = EmojiImgeGeneratorView.xib; sourceTree = "<group>"; };
		7917CA2C1F89451C00EE7824 /* CharacterAlertView.xib */ = {isa = PBXFileReference; fileEncoding = 4; lastKnownFileType = file.xib; path = CharacterAlertView.xib; sourceTree = "<group>"; };
		7917CA2E1F89455100EE7824 /* CharacterAlertView.swift */ = {isa = PBXFileReference; fileEncoding = 4; lastKnownFileType = sourcecode.swift; path = CharacterAlertView.swift; sourceTree = "<group>"; };
		79183B791F550F2800A00D50 /* Assets.xcassets */ = {isa = PBXFileReference; lastKnownFileType = folder.assetcatalog; path = Assets.xcassets; sourceTree = "<group>"; };
		79183D5A1F550FFF00A00D50 /* CharacterGenerator.swift */ = {isa = PBXFileReference; fileEncoding = 4; lastKnownFileType = sourcecode.swift; path = CharacterGenerator.swift; sourceTree = "<group>"; };
		79183D5B1F55100000A00D50 /* CharacterBuilderVC.swift */ = {isa = PBXFileReference; fileEncoding = 4; lastKnownFileType = sourcecode.swift; path = CharacterBuilderVC.swift; sourceTree = "<group>"; };
		79183D5F1F55102900A00D50 /* APICalls.swift */ = {isa = PBXFileReference; fileEncoding = 4; lastKnownFileType = sourcecode.swift; path = APICalls.swift; sourceTree = "<group>"; };
		79183D621F5514B600A00D50 /* SaveCharacterVC.swift */ = {isa = PBXFileReference; fileEncoding = 4; lastKnownFileType = sourcecode.swift; path = SaveCharacterVC.swift; sourceTree = "<group>"; };
		79185AD91F86A1D50035B92F /* KeyboardCell.swift */ = {isa = PBXFileReference; fileEncoding = 4; lastKnownFileType = sourcecode.swift; path = KeyboardCell.swift; sourceTree = "<group>"; };
		791993711F7429A10007E23C /* ShareCharacterVC.swift */ = {isa = PBXFileReference; fileEncoding = 4; lastKnownFileType = sourcecode.swift; path = ShareCharacterVC.swift; sourceTree = "<group>"; };
		792294401F5F09DB004845DE /* SetupKeyBoardVC.swift */ = {isa = PBXFileReference; fileEncoding = 4; lastKnownFileType = sourcecode.swift; path = SetupKeyBoardVC.swift; sourceTree = "<group>"; };
		792294421F5F0A17004845DE /* EmojiesVC.swift */ = {isa = PBXFileReference; fileEncoding = 4; lastKnownFileType = sourcecode.swift; path = EmojiesVC.swift; sourceTree = "<group>"; };
		792294451F5F0BDD004845DE /* Constant.swift */ = {isa = PBXFileReference; fileEncoding = 4; lastKnownFileType = sourcecode.swift; path = Constant.swift; sourceTree = "<group>"; };
		7922C2FC1F5DAAE3007F5D25 /* HomeVC.swift */ = {isa = PBXFileReference; fileEncoding = 4; lastKnownFileType = sourcecode.swift; path = HomeVC.swift; sourceTree = "<group>"; };
		7922C2FF1F5DC98A007F5D25 /* CoreDataHandler.swift */ = {isa = PBXFileReference; fileEncoding = 4; lastKnownFileType = sourcecode.swift; path = CoreDataHandler.swift; sourceTree = "<group>"; };
		7922C3021F5DCA91007F5D25 /* ClairaBella.xcdatamodel */ = {isa = PBXFileReference; lastKnownFileType = wrapper.xcdatamodel; path = ClairaBella.xcdatamodel; sourceTree = "<group>"; };
		7922C3061F5DD3E0007F5D25 /* Base */ = {isa = PBXFileReference; lastKnownFileType = file.storyboard; name = Base; path = Base.lproj/WalkThrough.storyboard; sourceTree = "<group>"; };
		79244E011F7AB63700741D69 /* ClaireaBella.appex */ = {isa = PBXFileReference; explicitFileType = "wrapper.app-extension"; includeInIndex = 0; path = ClaireaBella.appex; sourceTree = BUILT_PRODUCTS_DIR; };
		79244E031F7AB63700741D69 /* KeyboardViewController.swift */ = {isa = PBXFileReference; lastKnownFileType = sourcecode.swift; path = KeyboardViewController.swift; sourceTree = "<group>"; };
		79244E051F7AB63700741D69 /* Info.plist */ = {isa = PBXFileReference; lastKnownFileType = text.plist.xml; path = Info.plist; sourceTree = "<group>"; };
		79244E0D1F7ABBD600741D69 /* KeyboardView.xib */ = {isa = PBXFileReference; fileEncoding = 4; lastKnownFileType = file.xib; path = KeyboardView.xib; sourceTree = "<group>"; };
		79244E0F1F7ABBF400741D69 /* KeyboardView.swift */ = {isa = PBXFileReference; fileEncoding = 4; lastKnownFileType = sourcecode.swift; path = KeyboardView.swift; sourceTree = "<group>"; };
		792713261F84193D00C7B7DB /* Base */ = {isa = PBXFileReference; lastKnownFileType = file.storyboard; name = Base; path = Base.lproj/Main.storyboard; sourceTree = "<group>"; };
		792738011F63BCCE00C238F0 /* UtilityClasses.swift */ = {isa = PBXFileReference; fileEncoding = 4; lastKnownFileType = sourcecode.swift; path = UtilityClasses.swift; sourceTree = "<group>"; };
		79292BDA1F6DA05A00015CB3 /* UsersCharacters.plist */ = {isa = PBXFileReference; fileEncoding = 4; lastKnownFileType = text.plist.xml; path = UsersCharacters.plist; sourceTree = "<group>"; };
		792E1A271F7C081600A7F4C5 /* EmojiCell.xib */ = {isa = PBXFileReference; fileEncoding = 4; lastKnownFileType = file.xib; path = EmojiCell.xib; sourceTree = "<group>"; };
		7932BB381F61AC3500A25AAF /* background_small1.jpg */ = {isa = PBXFileReference; lastKnownFileType = image.jpeg; path = background_small1.jpg; sourceTree = "<group>"; };
		7932BB391F61AC3500A25AAF /* background1.jpg */ = {isa = PBXFileReference; lastKnownFileType = image.jpeg; path = background1.jpg; sourceTree = "<group>"; };
		7932BB3A1F61AC3500A25AAF /* background_small2.jpg */ = {isa = PBXFileReference; lastKnownFileType = image.jpeg; path = background_small2.jpg; sourceTree = "<group>"; };
		7932BB3B1F61AC3500A25AAF /* background2.jpg */ = {isa = PBXFileReference; lastKnownFileType = image.jpeg; path = background2.jpg; sourceTree = "<group>"; };
		7932BB3C1F61AC3500A25AAF /* background_small3.jpg */ = {isa = PBXFileReference; lastKnownFileType = image.jpeg; path = background_small3.jpg; sourceTree = "<group>"; };
		7932BB3D1F61AC3500A25AAF /* background3.jpg */ = {isa = PBXFileReference; lastKnownFileType = image.jpeg; path = background3.jpg; sourceTree = "<group>"; };
		7932BB3E1F61AC3500A25AAF /* background_small4.jpg */ = {isa = PBXFileReference; lastKnownFileType = image.jpeg; path = background_small4.jpg; sourceTree = "<group>"; };
		7932BB3F1F61AC3500A25AAF /* background4.jpg */ = {isa = PBXFileReference; lastKnownFileType = image.jpeg; path = background4.jpg; sourceTree = "<group>"; };
		7932BB401F61AC3500A25AAF /* background_small5.jpg */ = {isa = PBXFileReference; lastKnownFileType = image.jpeg; path = background_small5.jpg; sourceTree = "<group>"; };
		7932BB411F61AC3500A25AAF /* background5.jpg */ = {isa = PBXFileReference; lastKnownFileType = image.jpeg; path = background5.jpg; sourceTree = "<group>"; };
		7932BB421F61AC3500A25AAF /* background_small6.jpg */ = {isa = PBXFileReference; lastKnownFileType = image.jpeg; path = background_small6.jpg; sourceTree = "<group>"; };
		7932BB431F61AC3500A25AAF /* background6.jpg */ = {isa = PBXFileReference; lastKnownFileType = image.jpeg; path = background6.jpg; sourceTree = "<group>"; };
		7932BB441F61AC3500A25AAF /* background_small7.jpg */ = {isa = PBXFileReference; lastKnownFileType = image.jpeg; path = background_small7.jpg; sourceTree = "<group>"; };
		7932BB451F61AC3500A25AAF /* background7.jpg */ = {isa = PBXFileReference; lastKnownFileType = image.jpeg; path = background7.jpg; sourceTree = "<group>"; };
		7932BB461F61AC3500A25AAF /* background_small8.jpg */ = {isa = PBXFileReference; lastKnownFileType = image.jpeg; path = background_small8.jpg; sourceTree = "<group>"; };
		7932BB471F61AC3500A25AAF /* background_small9.jpg */ = {isa = PBXFileReference; lastKnownFileType = image.jpeg; path = background_small9.jpg; sourceTree = "<group>"; };
		7932BB481F61AC3500A25AAF /* background9.jpg */ = {isa = PBXFileReference; lastKnownFileType = image.jpeg; path = background9.jpg; sourceTree = "<group>"; };
		7932BB491F61AC3500A25AAF /* background_small10.jpg */ = {isa = PBXFileReference; lastKnownFileType = image.jpeg; path = background_small10.jpg; sourceTree = "<group>"; };
		7932BB4A1F61AC3500A25AAF /* background10.jpg */ = {isa = PBXFileReference; lastKnownFileType = image.jpeg; path = background10.jpg; sourceTree = "<group>"; };
		7932BB4B1F61AC3500A25AAF /* background_small11.jpg */ = {isa = PBXFileReference; lastKnownFileType = image.jpeg; path = background_small11.jpg; sourceTree = "<group>"; };
		7932BB4C1F61AC3500A25AAF /* background11.jpg */ = {isa = PBXFileReference; lastKnownFileType = image.jpeg; path = background11.jpg; sourceTree = "<group>"; };
		7932BB4D1F61AC3500A25AAF /* background_small12.jpg */ = {isa = PBXFileReference; lastKnownFileType = image.jpeg; path = background_small12.jpg; sourceTree = "<group>"; };
		7932BB4E1F61AC3500A25AAF /* background12.jpg */ = {isa = PBXFileReference; lastKnownFileType = image.jpeg; path = background12.jpg; sourceTree = "<group>"; };
		7932BB4F1F61AC3500A25AAF /* background_small13.jpg */ = {isa = PBXFileReference; lastKnownFileType = image.jpeg; path = background_small13.jpg; sourceTree = "<group>"; };
		7932BB501F61AC3500A25AAF /* background13.jpg */ = {isa = PBXFileReference; lastKnownFileType = image.jpeg; path = background13.jpg; sourceTree = "<group>"; };
		7932BB511F61AC3500A25AAF /* background_small14.jpg */ = {isa = PBXFileReference; lastKnownFileType = image.jpeg; path = background_small14.jpg; sourceTree = "<group>"; };
		7932BB521F61AC3500A25AAF /* background14.jpg */ = {isa = PBXFileReference; lastKnownFileType = image.jpeg; path = background14.jpg; sourceTree = "<group>"; };
		7932BB531F61AC3500A25AAF /* background_small15.jpg */ = {isa = PBXFileReference; lastKnownFileType = image.jpeg; path = background_small15.jpg; sourceTree = "<group>"; };
		7932BB541F61AC3500A25AAF /* background15.jpg */ = {isa = PBXFileReference; lastKnownFileType = image.jpeg; path = background15.jpg; sourceTree = "<group>"; };
		7932BB551F61AC3500A25AAF /* background_small16.jpg */ = {isa = PBXFileReference; lastKnownFileType = image.jpeg; path = background_small16.jpg; sourceTree = "<group>"; };
		7932BB561F61AC3500A25AAF /* background16.jpg */ = {isa = PBXFileReference; lastKnownFileType = image.jpeg; path = background16.jpg; sourceTree = "<group>"; };
		7932BB571F61AC3500A25AAF /* background_small17.jpg */ = {isa = PBXFileReference; lastKnownFileType = image.jpeg; path = background_small17.jpg; sourceTree = "<group>"; };
		7932BB581F61AC3500A25AAF /* background17.jpg */ = {isa = PBXFileReference; lastKnownFileType = image.jpeg; path = background17.jpg; sourceTree = "<group>"; };
		7932BB591F61AC3500A25AAF /* background_small18.jpg */ = {isa = PBXFileReference; lastKnownFileType = image.jpeg; path = background_small18.jpg; sourceTree = "<group>"; };
		7932BB5A1F61AC3500A25AAF /* background18.jpg */ = {isa = PBXFileReference; lastKnownFileType = image.jpeg; path = background18.jpg; sourceTree = "<group>"; };
		7932BB5B1F61AC3500A25AAF /* background_small19.jpg */ = {isa = PBXFileReference; lastKnownFileType = image.jpeg; path = background_small19.jpg; sourceTree = "<group>"; };
		7932BB5C1F61AC3500A25AAF /* background19.jpg */ = {isa = PBXFileReference; lastKnownFileType = image.jpeg; path = background19.jpg; sourceTree = "<group>"; };
		7932BB5D1F61AC3500A25AAF /* background_small20.jpg */ = {isa = PBXFileReference; lastKnownFileType = image.jpeg; path = background_small20.jpg; sourceTree = "<group>"; };
		7932BB5E1F61AC3500A25AAF /* background20.jpg */ = {isa = PBXFileReference; lastKnownFileType = image.jpeg; path = background20.jpg; sourceTree = "<group>"; };
		7932BB5F1F61AC3500A25AAF /* background_small21.jpg */ = {isa = PBXFileReference; lastKnownFileType = image.jpeg; path = background_small21.jpg; sourceTree = "<group>"; };
		7932BB601F61AC3500A25AAF /* background21.jpg */ = {isa = PBXFileReference; lastKnownFileType = image.jpeg; path = background21.jpg; sourceTree = "<group>"; };
		7932BB611F61AC3500A25AAF /* background_small22.jpg */ = {isa = PBXFileReference; lastKnownFileType = image.jpeg; path = background_small22.jpg; sourceTree = "<group>"; };
		7932BB621F61AC3500A25AAF /* background22.jpg */ = {isa = PBXFileReference; lastKnownFileType = image.jpeg; path = background22.jpg; sourceTree = "<group>"; };
		7932BB631F61AC3500A25AAF /* background_small23.jpg */ = {isa = PBXFileReference; lastKnownFileType = image.jpeg; path = background_small23.jpg; sourceTree = "<group>"; };
		7932BB641F61AC3500A25AAF /* background23.jpg */ = {isa = PBXFileReference; lastKnownFileType = image.jpeg; path = background23.jpg; sourceTree = "<group>"; };
		7932BB651F61AC3500A25AAF /* background8.jpg */ = {isa = PBXFileReference; lastKnownFileType = image.jpeg; path = background8.jpg; sourceTree = "<group>"; };
		7932BB951F61BBD200A25AAF /* AccountVC.swift */ = {isa = PBXFileReference; fileEncoding = 4; lastKnownFileType = sourcecode.swift; path = AccountVC.swift; sourceTree = "<group>"; };
		7932BB991F61C8CB00A25AAF /* LoadingVC.swift */ = {isa = PBXFileReference; fileEncoding = 4; lastKnownFileType = sourcecode.swift; path = LoadingVC.swift; sourceTree = "<group>"; };
		7932BB9B1F61C8DF00A25AAF /* NewUserVC.swift */ = {isa = PBXFileReference; fileEncoding = 4; lastKnownFileType = sourcecode.swift; path = NewUserVC.swift; sourceTree = "<group>"; };
		7932BB9C1F61C8DF00A25AAF /* LoginVC.swift */ = {isa = PBXFileReference; fileEncoding = 4; lastKnownFileType = sourcecode.swift; path = LoginVC.swift; sourceTree = "<group>"; };
		7932BB9D1F61C8DF00A25AAF /* SignUpVC.swift */ = {isa = PBXFileReference; fileEncoding = 4; lastKnownFileType = sourcecode.swift; path = SignUpVC.swift; sourceTree = "<group>"; };
		7932BBB41F61D06600A25AAF /* Global.swift */ = {isa = PBXFileReference; fileEncoding = 4; lastKnownFileType = sourcecode.swift; path = Global.swift; sourceTree = "<group>"; };
		7932BBB91F61D1C700A25AAF /* LogoImage.swift */ = {isa = PBXFileReference; fileEncoding = 4; lastKnownFileType = sourcecode.swift; path = LogoImage.swift; sourceTree = "<group>"; };
		7932BBBA1F61D1C700A25AAF /* Head_image.swift */ = {isa = PBXFileReference; fileEncoding = 4; lastKnownFileType = sourcecode.swift; path = Head_image.swift; sourceTree = "<group>"; };
		7932BBBB1F61D1C700A25AAF /* Bella_image.swift */ = {isa = PBXFileReference; fileEncoding = 4; lastKnownFileType = sourcecode.swift; path = Bella_image.swift; sourceTree = "<group>"; };
		7932BBBC1F61D1C700A25AAF /* Account_page.swift */ = {isa = PBXFileReference; fileEncoding = 4; lastKnownFileType = sourcecode.swift; path = Account_page.swift; sourceTree = "<group>"; };
		7932BBBD1F61D1C700A25AAF /* HomeNOCharacter.swift */ = {isa = PBXFileReference; fileEncoding = 4; lastKnownFileType = sourcecode.swift; path = HomeNOCharacter.swift; sourceTree = "<group>"; };
		7932BBBE1F61D1C700A25AAF /* NewUser.swift */ = {isa = PBXFileReference; fileEncoding = 4; lastKnownFileType = sourcecode.swift; path = NewUser.swift; sourceTree = "<group>"; };
		7932BBBF1F61D1C700A25AAF /* Loading1.swift */ = {isa = PBXFileReference; fileEncoding = 4; lastKnownFileType = sourcecode.swift; path = Loading1.swift; sourceTree = "<group>"; };
		7932BBC01F61D1C700A25AAF /* LoadingBar.swift */ = {isa = PBXFileReference; fileEncoding = 4; lastKnownFileType = sourcecode.swift; path = LoadingBar.swift; sourceTree = "<group>"; };
		7932BBC91F61D1DD00A25AAF /* LoadingView.swift */ = {isa = PBXFileReference; fileEncoding = 4; lastKnownFileType = sourcecode.swift; path = LoadingView.swift; sourceTree = "<group>"; };
		7932BBCA1F61D1DD00A25AAF /* NewUserView.swift */ = {isa = PBXFileReference; fileEncoding = 4; lastKnownFileType = sourcecode.swift; path = NewUserView.swift; sourceTree = "<group>"; };
		7932BBCB1F61D1DD00A25AAF /* HomeView NO.swift */ = {isa = PBXFileReference; fileEncoding = 4; lastKnownFileType = sourcecode.swift; path = "HomeView NO.swift"; sourceTree = "<group>"; };
		7932BBCC1F61D1DD00A25AAF /* AccountView.swift */ = {isa = PBXFileReference; fileEncoding = 4; lastKnownFileType = sourcecode.swift; path = AccountView.swift; sourceTree = "<group>"; };
		7932BBCD1F61D1DD00A25AAF /* LoaderView.swift */ = {isa = PBXFileReference; fileEncoding = 4; lastKnownFileType = sourcecode.swift; path = LoaderView.swift; sourceTree = "<group>"; };
		7932BBCE1F61D1DD00A25AAF /* CharacterView.swift */ = {isa = PBXFileReference; fileEncoding = 4; lastKnownFileType = sourcecode.swift; path = CharacterView.swift; sourceTree = "<group>"; };
		7932BBCF1F61D1DD00A25AAF /* LogoView.swift */ = {isa = PBXFileReference; fileEncoding = 4; lastKnownFileType = sourcecode.swift; path = LogoView.swift; sourceTree = "<group>"; };
		7932BBD01F61D1DD00A25AAF /* CustomPhotoAlbum.swift */ = {isa = PBXFileReference; fileEncoding = 4; lastKnownFileType = sourcecode.swift; path = CustomPhotoAlbum.swift; sourceTree = "<group>"; };
		7932BBD11F61D1DD00A25AAF /* ProgressView.swift */ = {isa = PBXFileReference; fileEncoding = 4; lastKnownFileType = sourcecode.swift; path = ProgressView.swift; sourceTree = "<group>"; };
		7932BBDF1F61D78500A25AAF /* Apache License.txt */ = {isa = PBXFileReference; fileEncoding = 4; lastKnownFileType = text; path = "Apache License.txt"; sourceTree = "<group>"; };
		7932BBE01F61D78500A25AAF /* OpenSans-Bold.ttf */ = {isa = PBXFileReference; lastKnownFileType = file; path = "OpenSans-Bold.ttf"; sourceTree = "<group>"; };
		7932BBE11F61D78500A25AAF /* OpenSans-BoldItalic.ttf */ = {isa = PBXFileReference; lastKnownFileType = file; path = "OpenSans-BoldItalic.ttf"; sourceTree = "<group>"; };
		7932BBE21F61D78500A25AAF /* OpenSans-ExtraBold.ttf */ = {isa = PBXFileReference; lastKnownFileType = file; path = "OpenSans-ExtraBold.ttf"; sourceTree = "<group>"; };
		7932BBE31F61D78500A25AAF /* OpenSans-ExtraBoldItalic.ttf */ = {isa = PBXFileReference; lastKnownFileType = file; path = "OpenSans-ExtraBoldItalic.ttf"; sourceTree = "<group>"; };
		7932BBE41F61D78500A25AAF /* OpenSans-Italic.ttf */ = {isa = PBXFileReference; lastKnownFileType = file; path = "OpenSans-Italic.ttf"; sourceTree = "<group>"; };
		7932BBE51F61D78500A25AAF /* OpenSans-Light.ttf */ = {isa = PBXFileReference; lastKnownFileType = file; path = "OpenSans-Light.ttf"; sourceTree = "<group>"; };
		7932BBE61F61D78500A25AAF /* OpenSans-LightItalic.ttf */ = {isa = PBXFileReference; lastKnownFileType = file; path = "OpenSans-LightItalic.ttf"; sourceTree = "<group>"; };
		7932BBE71F61D78500A25AAF /* OpenSans-Regular.ttf */ = {isa = PBXFileReference; lastKnownFileType = file; path = "OpenSans-Regular.ttf"; sourceTree = "<group>"; };
		7932BBE81F61D78500A25AAF /* OpenSans-Semibold.ttf */ = {isa = PBXFileReference; lastKnownFileType = file; path = "OpenSans-Semibold.ttf"; sourceTree = "<group>"; };
		7932BBE91F61D78500A25AAF /* OpenSans-SemiboldItalic.ttf */ = {isa = PBXFileReference; lastKnownFileType = file; path = "OpenSans-SemiboldItalic.ttf"; sourceTree = "<group>"; };
		7932BBF51F61D79700A25AAF /* Montserrat-Black.ttf */ = {isa = PBXFileReference; lastKnownFileType = file; path = "Montserrat-Black.ttf"; sourceTree = "<group>"; };
		7932BBF61F61D79700A25AAF /* Montserrat-Bold.ttf */ = {isa = PBXFileReference; lastKnownFileType = file; path = "Montserrat-Bold.ttf"; sourceTree = "<group>"; };
		7932BBF71F61D79700A25AAF /* Montserrat-Light.ttf */ = {isa = PBXFileReference; lastKnownFileType = file; path = "Montserrat-Light.ttf"; sourceTree = "<group>"; };
		7932BBF81F61D79700A25AAF /* Montserrat-Regular.ttf */ = {isa = PBXFileReference; lastKnownFileType = file; path = "Montserrat-Regular.ttf"; sourceTree = "<group>"; };
		7932BBF91F61D79700A25AAF /* Montserrat-Thin.ttf */ = {isa = PBXFileReference; lastKnownFileType = file; path = "Montserrat-Thin.ttf"; sourceTree = "<group>"; };
		7932BBFA1F61D79700A25AAF /* SIL Open Font License.txt */ = {isa = PBXFileReference; fileEncoding = 4; lastKnownFileType = text; path = "SIL Open Font License.txt"; sourceTree = "<group>"; };
		7932BC011F61D7A600A25AAF /* NothingYouCouldDoBold.ttf */ = {isa = PBXFileReference; lastKnownFileType = file; path = NothingYouCouldDoBold.ttf; sourceTree = "<group>"; };
		79387AFA1F6521D300E1B3B8 /* User.swift */ = {isa = PBXFileReference; fileEncoding = 4; lastKnownFileType = sourcecode.swift; path = User.swift; sourceTree = "<group>"; };
		7954215F1F460DE500DBBBE0 /* ClairaBellaDemo.app */ = {isa = PBXFileReference; explicitFileType = wrapper.application; includeInIndex = 0; path = ClairaBellaDemo.app; sourceTree = BUILT_PRODUCTS_DIR; };
		795421621F460DE500DBBBE0 /* AppDelegate.swift */ = {isa = PBXFileReference; lastKnownFileType = sourcecode.swift; path = AppDelegate.swift; sourceTree = "<group>"; };
		7954216C1F460DE500DBBBE0 /* Base */ = {isa = PBXFileReference; lastKnownFileType = file.storyboard; name = Base; path = Base.lproj/LaunchScreen.storyboard; sourceTree = "<group>"; };
		7954216E1F460DE500DBBBE0 /* Info.plist */ = {isa = PBXFileReference; lastKnownFileType = text.plist.xml; path = Info.plist; sourceTree = "<group>"; };
		79DAB6A71F571CA00019C37D /* SavedCharListVC.swift */ = {isa = PBXFileReference; fileEncoding = 4; lastKnownFileType = sourcecode.swift; path = SavedCharListVC.swift; sourceTree = "<group>"; };
/* End PBXFileReference section */

/* Begin PBXFrameworksBuildPhase section */
		79244DFE1F7AB63700741D69 /* Frameworks */ = {
			isa = PBXFrameworksBuildPhase;
			buildActionMask = 2147483647;
			files = (
			);
			runOnlyForDeploymentPostprocessing = 0;
		};
		7954215C1F460DE500DBBBE0 /* Frameworks */ = {
			isa = PBXFrameworksBuildPhase;
			buildActionMask = 2147483647;
			files = (
				67A1F6B28B7089DC15FA837D /* Pods_ClairaBellaDemo.framework in Frameworks */,
			);
			runOnlyForDeploymentPostprocessing = 0;
		};
/* End PBXFrameworksBuildPhase section */

/* Begin PBXGroup section */
		131C3EDF1F5E685B00ECD3A0 /* ParentVC */ = {
			isa = PBXGroup;
			children = (
				131C3EE01F5E687E00ECD3A0 /* ParentVC.swift */,
			);
			path = ParentVC;
			sourceTree = "<group>";
		};
		1332FBD01F57EC86003E3217 /* CarouselView */ = {
			isa = PBXGroup;
			children = (
				1332FBD11F57EC94003E3217 /* CarouselItemView.xib */,
				1332FBD31F57ECA6003E3217 /* CarouselItemView.swift */,
			);
			name = CarouselView;
			sourceTree = "<group>";
		};
		658F767CA63C4438E5BD6B3F /* Frameworks */ = {
			isa = PBXGroup;
			children = (
				35A99DE8EB24D02764ED70FD /* Pods_ClairaBellaDemo.framework */,
			);
			name = Frameworks;
			sourceTree = "<group>";
		};
		76CC09AFF2D9B378E5CD6C9C /* Pods */ = {
			isa = PBXGroup;
			children = (
				4E3CB6A597CC857291E48488 /* Pods-ClairaBellaDemo.debug.xcconfig */,
				521D4AFBB295765553039816 /* Pods-ClairaBellaDemo.release.xcconfig */,
			);
			name = Pods;
			sourceTree = "<group>";
		};
		79153ED41F80A66F00E43DC4 /* ShareCharacterView */ = {
			isa = PBXGroup;
			children = (
				79153ED51F80A68400E43DC4 /* ShareCharacterView.xib */,
				79153ED71F80A69B00E43DC4 /* ShareCharacterView.swift */,
			);
			path = ShareCharacterView;
			sourceTree = "<group>";
		};
		7917859E1F93A8E800467F43 /* EmojiImageGeneratorView */ = {
			isa = PBXGroup;
			children = (
				7917859F1F93A91200467F43 /* EmojiImageGeneratorView.swift */,
				791785A11F93A92A00467F43 /* EmojiImgeGeneratorView.xib */,
			);
			path = EmojiImageGeneratorView;
			sourceTree = "<group>";
		};
		7917CA2B1F89450800EE7824 /* CharacterAlertView */ = {
			isa = PBXGroup;
			children = (
				7917CA2C1F89451C00EE7824 /* CharacterAlertView.xib */,
				7917CA2E1F89455100EE7824 /* CharacterAlertView.swift */,
			);
			path = CharacterAlertView;
			sourceTree = "<group>";
		};
		79183BD81F550FF500A00D50 /* Images */ = {
			isa = PBXGroup;
			children = (
				7932BB371F61AC3500A25AAF /* thumbnails */,
			);
			path = Images;
			sourceTree = "<group>";
		};
		79183D581F550FFF00A00D50 /* ViewControllers */ = {
			isa = PBXGroup;
			children = (
				791993701F7429820007E23C /* ShareVC */,
				7932BB971F61C8B900A25AAF /* LoadingVC */,
				7932BB981F61C8B900A25AAF /* LoginSignupVCs */,
				7932BB941F61BB7C00A25AAF /* AccountVC */,
				7922943F1F5F093D004845DE /* EmojisVC */,
				131C3EDF1F5E685B00ECD3A0 /* ParentVC */,
				7922C2FB1F5DAAAB007F5D25 /* HomeVC */,
				79183D591F550FFF00A00D50 /* CharacterBuilder */,
			);
			path = ViewControllers;
			sourceTree = "<group>";
		};
		79183D591F550FFF00A00D50 /* CharacterBuilder */ = {
			isa = PBXGroup;
			children = (
				1332FBD01F57EC86003E3217 /* CarouselView */,
				79DAB6A71F571CA00019C37D /* SavedCharListVC.swift */,
				79183D621F5514B600A00D50 /* SaveCharacterVC.swift */,
				79183D5B1F55100000A00D50 /* CharacterBuilderVC.swift */,
				79183D5A1F550FFF00A00D50 /* CharacterGenerator.swift */,
			);
			path = CharacterBuilder;
			sourceTree = "<group>";
		};
		79183D5E1F55102900A00D50 /* APICalls */ = {
			isa = PBXGroup;
			children = (
				79183D5F1F55102900A00D50 /* APICalls.swift */,
			);
			path = APICalls;
			sourceTree = "<group>";
		};
		79183D611F55103800A00D50 /* Storyboards */ = {
			isa = PBXGroup;
			children = (
				792713251F84193D00C7B7DB /* Main.storyboard */,
				7954216B1F460DE500DBBBE0 /* LaunchScreen.storyboard */,
				7922C3051F5DD3E0007F5D25 /* WalkThrough.storyboard */,
			);
			name = Storyboards;
			sourceTree = "<group>";
		};
		791993701F7429820007E23C /* ShareVC */ = {
			isa = PBXGroup;
			children = (
				791993711F7429A10007E23C /* ShareCharacterVC.swift */,
			);
			path = ShareVC;
			sourceTree = "<group>";
		};
		7922943F1F5F093D004845DE /* EmojisVC */ = {
			isa = PBXGroup;
			children = (
				792294421F5F0A17004845DE /* EmojiesVC.swift */,
				792294401F5F09DB004845DE /* SetupKeyBoardVC.swift */,
			);
			path = EmojisVC;
			sourceTree = "<group>";
		};
		792294441F5F0BA0004845DE /* Others */ = {
			isa = PBXGroup;
			children = (
				7932BBDC1F61D71700A25AAF /* Fonts */,
				7932BBB41F61D06600A25AAF /* Global.swift */,
				792294451F5F0BDD004845DE /* Constant.swift */,
				792738011F63BCCE00C238F0 /* UtilityClasses.swift */,
			);
			path = Others;
			sourceTree = "<group>";
		};
		7922C2FB1F5DAAAB007F5D25 /* HomeVC */ = {
			isa = PBXGroup;
			children = (
				7922C2FC1F5DAAE3007F5D25 /* HomeVC.swift */,
			);
			path = HomeVC;
			sourceTree = "<group>";
		};
		7922C2FE1F5DC98A007F5D25 /* CoreData */ = {
			isa = PBXGroup;
			children = (
				7922C2FF1F5DC98A007F5D25 /* CoreDataHandler.swift */,
			);
			path = CoreData;
			sourceTree = "<group>";
		};
		7922C3041F5DCA9F007F5D25 /* SupportingFiles */ = {
			isa = PBXGroup;
			children = (
				7954216E1F460DE500DBBBE0 /* Info.plist */,
				7922C3011F5DCA91007F5D25 /* ClairaBella.xcdatamodeld */,
				79292BDA1F6DA05A00015CB3 /* UsersCharacters.plist */,
			);
			name = SupportingFiles;
			sourceTree = "<group>";
		};
		79244E021F7AB63700741D69 /* ClaireaBella */ = {
			isa = PBXGroup;
			children = (
				137A78BB1F8CF5B3001CBAA9 /* ClaireaBella.entitlements */,
				79244E031F7AB63700741D69 /* KeyboardViewController.swift */,
				79244E051F7AB63700741D69 /* Info.plist */,
				79244E0D1F7ABBD600741D69 /* KeyboardView.xib */,
				79244E0F1F7ABBF400741D69 /* KeyboardView.swift */,
				13E1D9431F7CCCFA006907B1 /* CharacterCell.xib */,
				792E1A271F7C081600A7F4C5 /* EmojiCell.xib */,
				79185AD91F86A1D50035B92F /* KeyboardCell.swift */,
				13A104C71F87904600F40FCD /* Keyboard.storyboard */,
			);
			path = ClaireaBella;
			sourceTree = "<group>";
		};
		7932BB371F61AC3500A25AAF /* thumbnails */ = {
			isa = PBXGroup;
			children = (
				7932BB381F61AC3500A25AAF /* background_small1.jpg */,
				7932BB391F61AC3500A25AAF /* background1.jpg */,
				7932BB3A1F61AC3500A25AAF /* background_small2.jpg */,
				7932BB3B1F61AC3500A25AAF /* background2.jpg */,
				7932BB3C1F61AC3500A25AAF /* background_small3.jpg */,
				7932BB3D1F61AC3500A25AAF /* background3.jpg */,
				7932BB3E1F61AC3500A25AAF /* background_small4.jpg */,
				7932BB3F1F61AC3500A25AAF /* background4.jpg */,
				7932BB401F61AC3500A25AAF /* background_small5.jpg */,
				7932BB411F61AC3500A25AAF /* background5.jpg */,
				7932BB421F61AC3500A25AAF /* background_small6.jpg */,
				7932BB431F61AC3500A25AAF /* background6.jpg */,
				7932BB441F61AC3500A25AAF /* background_small7.jpg */,
				7932BB451F61AC3500A25AAF /* background7.jpg */,
				7932BB461F61AC3500A25AAF /* background_small8.jpg */,
				7932BB471F61AC3500A25AAF /* background_small9.jpg */,
				7932BB481F61AC3500A25AAF /* background9.jpg */,
				7932BB491F61AC3500A25AAF /* background_small10.jpg */,
				7932BB4A1F61AC3500A25AAF /* background10.jpg */,
				7932BB4B1F61AC3500A25AAF /* background_small11.jpg */,
				7932BB4C1F61AC3500A25AAF /* background11.jpg */,
				7932BB4D1F61AC3500A25AAF /* background_small12.jpg */,
				7932BB4E1F61AC3500A25AAF /* background12.jpg */,
				7932BB4F1F61AC3500A25AAF /* background_small13.jpg */,
				7932BB501F61AC3500A25AAF /* background13.jpg */,
				7932BB511F61AC3500A25AAF /* background_small14.jpg */,
				7932BB521F61AC3500A25AAF /* background14.jpg */,
				7932BB531F61AC3500A25AAF /* background_small15.jpg */,
				7932BB541F61AC3500A25AAF /* background15.jpg */,
				7932BB551F61AC3500A25AAF /* background_small16.jpg */,
				7932BB561F61AC3500A25AAF /* background16.jpg */,
				7932BB571F61AC3500A25AAF /* background_small17.jpg */,
				7932BB581F61AC3500A25AAF /* background17.jpg */,
				7932BB591F61AC3500A25AAF /* background_small18.jpg */,
				7932BB5A1F61AC3500A25AAF /* background18.jpg */,
				7932BB5B1F61AC3500A25AAF /* background_small19.jpg */,
				7932BB5C1F61AC3500A25AAF /* background19.jpg */,
				7932BB5D1F61AC3500A25AAF /* background_small20.jpg */,
				7932BB5E1F61AC3500A25AAF /* background20.jpg */,
				7932BB5F1F61AC3500A25AAF /* background_small21.jpg */,
				7932BB601F61AC3500A25AAF /* background21.jpg */,
				7932BB611F61AC3500A25AAF /* background_small22.jpg */,
				7932BB621F61AC3500A25AAF /* background22.jpg */,
				7932BB631F61AC3500A25AAF /* background_small23.jpg */,
				7932BB641F61AC3500A25AAF /* background23.jpg */,
				7932BB651F61AC3500A25AAF /* background8.jpg */,
			);
			path = thumbnails;
			sourceTree = "<group>";
		};
		7932BB941F61BB7C00A25AAF /* AccountVC */ = {
			isa = PBXGroup;
			children = (
				7932BB951F61BBD200A25AAF /* AccountVC.swift */,
			);
			path = AccountVC;
			sourceTree = "<group>";
		};
		7932BB971F61C8B900A25AAF /* LoadingVC */ = {
			isa = PBXGroup;
			children = (
				7932BB991F61C8CB00A25AAF /* LoadingVC.swift */,
			);
			path = LoadingVC;
			sourceTree = "<group>";
		};
		7932BB981F61C8B900A25AAF /* LoginSignupVCs */ = {
			isa = PBXGroup;
			children = (
				7932BB9B1F61C8DF00A25AAF /* NewUserVC.swift */,
				7932BB9C1F61C8DF00A25AAF /* LoginVC.swift */,
				7932BB9D1F61C8DF00A25AAF /* SignUpVC.swift */,
			);
			path = LoginSignupVCs;
			sourceTree = "<group>";
		};
		7932BBA11F61CF8500A25AAF /* Views */ = {
			isa = PBXGroup;
			children = (
				7932BBDB1F61D1E300A25AAF /* views */,
				7932BBB81F61D15A00A25AAF /* svgFiles */,
			);
			path = Views;
			sourceTree = "<group>";
		};
		7932BBB81F61D15A00A25AAF /* svgFiles */ = {
			isa = PBXGroup;
			children = (
				7932BBB91F61D1C700A25AAF /* LogoImage.swift */,
				7932BBBA1F61D1C700A25AAF /* Head_image.swift */,
				7932BBBB1F61D1C700A25AAF /* Bella_image.swift */,
				7932BBBC1F61D1C700A25AAF /* Account_page.swift */,
				7932BBBD1F61D1C700A25AAF /* HomeNOCharacter.swift */,
				7932BBBE1F61D1C700A25AAF /* NewUser.swift */,
				7932BBBF1F61D1C700A25AAF /* Loading1.swift */,
				7932BBC01F61D1C700A25AAF /* LoadingBar.swift */,
			);
			name = svgFiles;
			sourceTree = "<group>";
		};
		7932BBDB1F61D1E300A25AAF /* views */ = {
			isa = PBXGroup;
			children = (
				7917859E1F93A8E800467F43 /* EmojiImageGeneratorView */,
				7917CA2B1F89450800EE7824 /* CharacterAlertView */,
				79153ED41F80A66F00E43DC4 /* ShareCharacterView */,
				7932BBC91F61D1DD00A25AAF /* LoadingView.swift */,
				7932BBCA1F61D1DD00A25AAF /* NewUserView.swift */,
				7932BBCB1F61D1DD00A25AAF /* HomeView NO.swift */,
				7932BBCC1F61D1DD00A25AAF /* AccountView.swift */,
				7932BBCD1F61D1DD00A25AAF /* LoaderView.swift */,
				7932BBCE1F61D1DD00A25AAF /* CharacterView.swift */,
				7932BBCF1F61D1DD00A25AAF /* LogoView.swift */,
				7932BBD01F61D1DD00A25AAF /* CustomPhotoAlbum.swift */,
				7932BBD11F61D1DD00A25AAF /* ProgressView.swift */,
			);
			name = views;
			sourceTree = "<group>";
		};
		7932BBDC1F61D71700A25AAF /* Fonts */ = {
			isa = PBXGroup;
			children = (
				7932BC011F61D7A600A25AAF /* NothingYouCouldDoBold.ttf */,
				7932BBDE1F61D74300A25AAF /* montserrat */,
				7932BBDD1F61D73A00A25AAF /* openSans */,
			);
			path = Fonts;
			sourceTree = "<group>";
		};
		7932BBDD1F61D73A00A25AAF /* openSans */ = {
			isa = PBXGroup;
			children = (
				7932BBDF1F61D78500A25AAF /* Apache License.txt */,
				7932BBE01F61D78500A25AAF /* OpenSans-Bold.ttf */,
				7932BBE11F61D78500A25AAF /* OpenSans-BoldItalic.ttf */,
				7932BBE21F61D78500A25AAF /* OpenSans-ExtraBold.ttf */,
				7932BBE31F61D78500A25AAF /* OpenSans-ExtraBoldItalic.ttf */,
				7932BBE41F61D78500A25AAF /* OpenSans-Italic.ttf */,
				7932BBE51F61D78500A25AAF /* OpenSans-Light.ttf */,
				7932BBE61F61D78500A25AAF /* OpenSans-LightItalic.ttf */,
				7932BBE71F61D78500A25AAF /* OpenSans-Regular.ttf */,
				7932BBE81F61D78500A25AAF /* OpenSans-Semibold.ttf */,
				7932BBE91F61D78500A25AAF /* OpenSans-SemiboldItalic.ttf */,
			);
			name = openSans;
			sourceTree = "<group>";
		};
		7932BBDE1F61D74300A25AAF /* montserrat */ = {
			isa = PBXGroup;
			children = (
				7932BBF51F61D79700A25AAF /* Montserrat-Black.ttf */,
				7932BBF61F61D79700A25AAF /* Montserrat-Bold.ttf */,
				7932BBF71F61D79700A25AAF /* Montserrat-Light.ttf */,
				7932BBF81F61D79700A25AAF /* Montserrat-Regular.ttf */,
				7932BBF91F61D79700A25AAF /* Montserrat-Thin.ttf */,
				7932BBFA1F61D79700A25AAF /* SIL Open Font License.txt */,
			);
			name = montserrat;
			sourceTree = "<group>";
		};
		79387AF91F65219600E1B3B8 /* Models */ = {
			isa = PBXGroup;
			children = (
				79387AFA1F6521D300E1B3B8 /* User.swift */,
			);
			path = Models;
			sourceTree = "<group>";
		};
		795421561F460DE500DBBBE0 = {
			isa = PBXGroup;
			children = (
				795421611F460DE500DBBBE0 /* ClairaBellaDemo */,
				79244E021F7AB63700741D69 /* ClaireaBella */,
				795421601F460DE500DBBBE0 /* Products */,
				76CC09AFF2D9B378E5CD6C9C /* Pods */,
				658F767CA63C4438E5BD6B3F /* Frameworks */,
			);
			sourceTree = "<group>";
		};
		795421601F460DE500DBBBE0 /* Products */ = {
			isa = PBXGroup;
			children = (
				7954215F1F460DE500DBBBE0 /* ClairaBellaDemo.app */,
				79244E011F7AB63700741D69 /* ClaireaBella.appex */,
			);
			name = Products;
			sourceTree = "<group>";
		};
		795421611F460DE500DBBBE0 /* ClairaBellaDemo */ = {
			isa = PBXGroup;
			children = (
				137A78BA1F8CF580001CBAA9 /* ClairaBellaDemo.entitlements */,
				79387AF91F65219600E1B3B8 /* Models */,
				795421621F460DE500DBBBE0 /* AppDelegate.swift */,
				7932BBA11F61CF8500A25AAF /* Views */,
				79183D611F55103800A00D50 /* Storyboards */,
				7922C2FE1F5DC98A007F5D25 /* CoreData */,
				79183D581F550FFF00A00D50 /* ViewControllers */,
				79183BD81F550FF500A00D50 /* Images */,
				79183B791F550F2800A00D50 /* Assets.xcassets */,
				79183D5E1F55102900A00D50 /* APICalls */,
				792294441F5F0BA0004845DE /* Others */,
				7922C3041F5DCA9F007F5D25 /* SupportingFiles */,
				132605D41F4AA632003B6BFC /* result.html */,
			);
			path = ClairaBellaDemo;
			sourceTree = "<group>";
		};
/* End PBXGroup section */

/* Begin PBXNativeTarget section */
		79244E001F7AB63700741D69 /* ClaireaBella */ = {
			isa = PBXNativeTarget;
			buildConfigurationList = 79244E0B1F7AB63700741D69 /* Build configuration list for PBXNativeTarget "ClaireaBella" */;
			buildPhases = (
				79244DFD1F7AB63700741D69 /* Sources */,
				79244DFE1F7AB63700741D69 /* Frameworks */,
				79244DFF1F7AB63700741D69 /* Resources */,
			);
			buildRules = (
			);
			dependencies = (
			);
			name = ClaireaBella;
			productName = ClaireaBella;
			productReference = 79244E011F7AB63700741D69 /* ClaireaBella.appex */;
			productType = "com.apple.product-type.app-extension";
		};
		7954215E1F460DE500DBBBE0 /* ClairaBellaDemo */ = {
			isa = PBXNativeTarget;
			buildConfigurationList = 795421711F460DE500DBBBE0 /* Build configuration list for PBXNativeTarget "ClairaBellaDemo" */;
			buildPhases = (
				4935836107D5C221296F4965 /* [CP] Check Pods Manifest.lock */,
				7954215B1F460DE500DBBBE0 /* Sources */,
				7954215C1F460DE500DBBBE0 /* Frameworks */,
				7954215D1F460DE500DBBBE0 /* Resources */,
				E3D380639F058B03213650C4 /* [CP] Embed Pods Frameworks */,
				E93FCDFE0A36DA8089701B1C /* [CP] Copy Pods Resources */,
				79244E0C1F7AB63700741D69 /* Embed App Extensions */,
			);
			buildRules = (
			);
			dependencies = (
				79244E071F7AB63700741D69 /* PBXTargetDependency */,
			);
			name = ClairaBellaDemo;
			productName = ClairaBellaDemo;
			productReference = 7954215F1F460DE500DBBBE0 /* ClairaBellaDemo.app */;
			productType = "com.apple.product-type.application";
		};
/* End PBXNativeTarget section */

/* Begin PBXProject section */
		795421571F460DE500DBBBE0 /* Project object */ = {
			isa = PBXProject;
			attributes = {
				LastSwiftUpdateCheck = 0800;
				LastUpgradeCheck = 0800;
				ORGANIZATIONNAME = "Vikash Kumar";
				TargetAttributes = {
					79244E001F7AB63700741D69 = {
						CreatedOnToolsVersion = 8.0;
						DevelopmentTeam = LCSDGY3TVW;
						ProvisioningStyle = Manual;
						SystemCapabilities = {
							com.apple.ApplicationGroups.iOS = {
								enabled = 1;
							};
						};
					};
					7954215E1F460DE500DBBBE0 = {
						CreatedOnToolsVersion = 8.0;
						DevelopmentTeam = LCSDGY3TVW;
						ProvisioningStyle = Manual;
						SystemCapabilities = {
							com.apple.ApplicationGroups.iOS = {
								enabled = 1;
							};
						};
					};
				};
			};
			buildConfigurationList = 7954215A1F460DE500DBBBE0 /* Build configuration list for PBXProject "ClairaBellaDemo" */;
			compatibilityVersion = "Xcode 3.2";
			developmentRegion = English;
			hasScannedForEncodings = 0;
			knownRegions = (
				en,
				Base,
			);
			mainGroup = 795421561F460DE500DBBBE0;
			productRefGroup = 795421601F460DE500DBBBE0 /* Products */;
			projectDirPath = "";
			projectRoot = "";
			targets = (
				7954215E1F460DE500DBBBE0 /* ClairaBellaDemo */,
				79244E001F7AB63700741D69 /* ClaireaBella */,
			);
		};
/* End PBXProject section */

/* Begin PBXResourcesBuildPhase section */
		79244DFF1F7AB63700741D69 /* Resources */ = {
			isa = PBXResourcesBuildPhase;
			buildActionMask = 2147483647;
			files = (
				792E1A281F7C081600A7F4C5 /* EmojiCell.xib in Resources */,
				13E1D9451F7CD3D0006907B1 /* CharacterCell.xib in Resources */,
				13A104C81F87904600F40FCD /* Keyboard.storyboard in Resources */,
				792E1A291F7C1AA900A7F4C5 /* Assets.xcassets in Resources */,
				79244E0E1F7ABBD600741D69 /* KeyboardView.xib in Resources */,
			);
			runOnlyForDeploymentPostprocessing = 0;
		};
		7954215D1F460DE500DBBBE0 /* Resources */ = {
			isa = PBXResourcesBuildPhase;
			buildActionMask = 2147483647;
			files = (
				7932BB6A1F61AC3500A25AAF /* background_small3.jpg in Resources */,
				79292BDB1F6DA05B00015CB3 /* UsersCharacters.plist in Resources */,
				7922C3071F5DD3E0007F5D25 /* WalkThrough.storyboard in Resources */,
				7932BBF21F61D78500A25AAF /* OpenSans-Regular.ttf in Resources */,
				7932BB931F61AC3500A25AAF /* background8.jpg in Resources */,
				7932BB6E1F61AC3500A25AAF /* background_small5.jpg in Resources */,
				7932BB7D1F61AC3500A25AAF /* background_small13.jpg in Resources */,
				7932BBF31F61D78500A25AAF /* OpenSans-Semibold.ttf in Resources */,
				7932BB6D1F61AC3500A25AAF /* background4.jpg in Resources */,
				7932BBEE1F61D78500A25AAF /* OpenSans-ExtraBoldItalic.ttf in Resources */,
				7932BB8A1F61AC3500A25AAF /* background19.jpg in Resources */,
				7932BBEF1F61D78500A25AAF /* OpenSans-Italic.ttf in Resources */,
				7932BB821F61AC3500A25AAF /* background15.jpg in Resources */,
				7932BB8F1F61AC3500A25AAF /* background_small22.jpg in Resources */,
				7932BB6B1F61AC3500A25AAF /* background3.jpg in Resources */,
				7932BB8B1F61AC3500A25AAF /* background_small20.jpg in Resources */,
				7932BBF11F61D78500A25AAF /* OpenSans-LightItalic.ttf in Resources */,
				7932BB761F61AC3500A25AAF /* background9.jpg in Resources */,
				7932BB8E1F61AC3500A25AAF /* background21.jpg in Resources */,
				7932BBF41F61D78500A25AAF /* OpenSans-SemiboldItalic.ttf in Resources */,
				7932BB741F61AC3500A25AAF /* background_small8.jpg in Resources */,
				7932BB811F61AC3500A25AAF /* background_small15.jpg in Resources */,
				7932BBFF1F61D79700A25AAF /* Montserrat-Thin.ttf in Resources */,
				7932BB921F61AC3500A25AAF /* background23.jpg in Resources */,
				792713271F84193D00C7B7DB /* Main.storyboard in Resources */,
				7932BB781F61AC3500A25AAF /* background10.jpg in Resources */,
				7932BB901F61AC3500A25AAF /* background22.jpg in Resources */,
				7932BB791F61AC3500A25AAF /* background_small11.jpg in Resources */,
				7932BB681F61AC3500A25AAF /* background_small2.jpg in Resources */,
				7932BB691F61AC3500A25AAF /* background2.jpg in Resources */,
				7932BB8D1F61AC3500A25AAF /* background_small21.jpg in Resources */,
				79153ED61F80A68400E43DC4 /* ShareCharacterView.xib in Resources */,
				7932BB7E1F61AC3500A25AAF /* background13.jpg in Resources */,
				7932BB911F61AC3500A25AAF /* background_small23.jpg in Resources */,
				791785A21F93A92A00467F43 /* EmojiImgeGeneratorView.xib in Resources */,
				7932BBFB1F61D79700A25AAF /* Montserrat-Black.ttf in Resources */,
				7932BB671F61AC3500A25AAF /* background1.jpg in Resources */,
				7932BB801F61AC3500A25AAF /* background14.jpg in Resources */,
				7932BB831F61AC3500A25AAF /* background_small16.jpg in Resources */,
				7932BB751F61AC3500A25AAF /* background_small9.jpg in Resources */,
				7932BB8C1F61AC3500A25AAF /* background20.jpg in Resources */,
				7932BC001F61D79700A25AAF /* SIL Open Font License.txt in Resources */,
				7932BBF01F61D78500A25AAF /* OpenSans-Light.ttf in Resources */,
				7932BB731F61AC3500A25AAF /* background7.jpg in Resources */,
				7932BBFC1F61D79700A25AAF /* Montserrat-Bold.ttf in Resources */,
				7932BB6C1F61AC3500A25AAF /* background_small4.jpg in Resources */,
				7932BB661F61AC3500A25AAF /* background_small1.jpg in Resources */,
				132605D51F4AA632003B6BFC /* result.html in Resources */,
				7932BB7C1F61AC3500A25AAF /* background12.jpg in Resources */,
				7932BB6F1F61AC3500A25AAF /* background5.jpg in Resources */,
				7932BBEB1F61D78500A25AAF /* OpenSans-Bold.ttf in Resources */,
				7932BB861F61AC3500A25AAF /* background17.jpg in Resources */,
				79183B7A1F550F2800A00D50 /* Assets.xcassets in Resources */,
				7932BB891F61AC3500A25AAF /* background_small19.jpg in Resources */,
				7932BB701F61AC3500A25AAF /* background_small6.jpg in Resources */,
				7954216D1F460DE500DBBBE0 /* LaunchScreen.storyboard in Resources */,
				7932BBEC1F61D78500A25AAF /* OpenSans-BoldItalic.ttf in Resources */,
				1332FBD21F57EC94003E3217 /* CarouselItemView.xib in Resources */,
				7932BB871F61AC3500A25AAF /* background_small18.jpg in Resources */,
				7932BB711F61AC3500A25AAF /* background6.jpg in Resources */,
				7932BB851F61AC3500A25AAF /* background_small17.jpg in Resources */,
				7932BB881F61AC3500A25AAF /* background18.jpg in Resources */,
				7932BBFD1F61D79700A25AAF /* Montserrat-Light.ttf in Resources */,
				7932BB7A1F61AC3500A25AAF /* background11.jpg in Resources */,
				7932BB7B1F61AC3500A25AAF /* background_small12.jpg in Resources */,
				7917CA2D1F89451C00EE7824 /* CharacterAlertView.xib in Resources */,
				7932BB841F61AC3500A25AAF /* background16.jpg in Resources */,
				7932BC021F61D7A600A25AAF /* NothingYouCouldDoBold.ttf in Resources */,
				7932BB7F1F61AC3500A25AAF /* background_small14.jpg in Resources */,
				7932BBEA1F61D78500A25AAF /* Apache License.txt in Resources */,
				7932BB771F61AC3500A25AAF /* background_small10.jpg in Resources */,
				7932BBFE1F61D79700A25AAF /* Montserrat-Regular.ttf in Resources */,
				7932BBED1F61D78500A25AAF /* OpenSans-ExtraBold.ttf in Resources */,
				7932BB721F61AC3500A25AAF /* background_small7.jpg in Resources */,
			);
			runOnlyForDeploymentPostprocessing = 0;
		};
/* End PBXResourcesBuildPhase section */

/* Begin PBXShellScriptBuildPhase section */
		4935836107D5C221296F4965 /* [CP] Check Pods Manifest.lock */ = {
			isa = PBXShellScriptBuildPhase;
			buildActionMask = 2147483647;
			files = (
			);
			inputPaths = (
			);
			name = "[CP] Check Pods Manifest.lock";
			outputPaths = (
			);
			runOnlyForDeploymentPostprocessing = 0;
			shellPath = /bin/sh;
			shellScript = "diff \"${PODS_PODFILE_DIR_PATH}/Podfile.lock\" \"${PODS_ROOT}/Manifest.lock\" > /dev/null\nif [ $? != 0 ] ; then\n    # print error to STDERR\n    echo \"error: The sandbox is not in sync with the Podfile.lock. Run 'pod install' or update your CocoaPods installation.\" >&2\n    exit 1\nfi\n";
			showEnvVarsInLog = 0;
		};
		E3D380639F058B03213650C4 /* [CP] Embed Pods Frameworks */ = {
			isa = PBXShellScriptBuildPhase;
			buildActionMask = 2147483647;
			files = (
			);
			inputPaths = (
			);
			name = "[CP] Embed Pods Frameworks";
			outputPaths = (
			);
			runOnlyForDeploymentPostprocessing = 0;
			shellPath = /bin/sh;
			shellScript = "\"${SRCROOT}/Pods/Target Support Files/Pods-ClairaBellaDemo/Pods-ClairaBellaDemo-frameworks.sh\"\n";
			showEnvVarsInLog = 0;
		};
		E93FCDFE0A36DA8089701B1C /* [CP] Copy Pods Resources */ = {
			isa = PBXShellScriptBuildPhase;
			buildActionMask = 2147483647;
			files = (
			);
			inputPaths = (
			);
			name = "[CP] Copy Pods Resources";
			outputPaths = (
			);
			runOnlyForDeploymentPostprocessing = 0;
			shellPath = /bin/sh;
			shellScript = "\"${SRCROOT}/Pods/Target Support Files/Pods-ClairaBellaDemo/Pods-ClairaBellaDemo-resources.sh\"\n";
			showEnvVarsInLog = 0;
		};
/* End PBXShellScriptBuildPhase section */

/* Begin PBXSourcesBuildPhase section */
		79244DFD1F7AB63700741D69 /* Sources */ = {
			isa = PBXSourcesBuildPhase;
			buildActionMask = 2147483647;
			files = (
				792E1A251F7C056400A7F4C5 /* CharacterGenerator.swift in Sources */,
				79244E041F7AB63700741D69 /* KeyboardViewController.swift in Sources */,
				79185ADA1F86A1D50035B92F /* KeyboardCell.swift in Sources */,
				792E1A261F7C056B00A7F4C5 /* APICalls.swift in Sources */,
				79244E101F7ABBF400741D69 /* KeyboardView.swift in Sources */,
			);
			runOnlyForDeploymentPostprocessing = 0;
		};
		7954215B1F460DE500DBBBE0 /* Sources */ = {
			isa = PBXSourcesBuildPhase;
			buildActionMask = 2147483647;
			files = (
				7932BB9E1F61C8DF00A25AAF /* NewUserVC.swift in Sources */,
				792738021F63BCCE00C238F0 /* UtilityClasses.swift in Sources */,
				79185ADB1F86A1ED0035B92F /* KeyboardCell.swift in Sources */,
				79183D5C1F55100000A00D50 /* CharacterGenerator.swift in Sources */,
				7932BB9A1F61C8CB00A25AAF /* LoadingVC.swift in Sources */,
				7932BBC61F61D1C700A25AAF /* NewUser.swift in Sources */,
				7932BBD71F61D1DD00A25AAF /* CharacterView.swift in Sources */,
				7922C3001F5DC98A007F5D25 /* CoreDataHandler.swift in Sources */,
				7922C2FD1F5DAAE3007F5D25 /* HomeVC.swift in Sources */,
				131C3EE11F5E687E00ECD3A0 /* ParentVC.swift in Sources */,
				795421631F460DE500DBBBE0 /* AppDelegate.swift in Sources */,
				79E2E4661F82B12B00B68524 /* ShareCharacterVC.swift in Sources */,
				79153ED81F80A69B00E43DC4 /* ShareCharacterView.swift in Sources */,
				7932BBA01F61C8DF00A25AAF /* SignUpVC.swift in Sources */,
				79183D601F55102900A00D50 /* APICalls.swift in Sources */,
				7932BBC11F61D1C700A25AAF /* LogoImage.swift in Sources */,
				7932BBB51F61D06600A25AAF /* Global.swift in Sources */,
				7932BBC21F61D1C700A25AAF /* Head_image.swift in Sources */,
				792294431F5F0A17004845DE /* EmojiesVC.swift in Sources */,
				7932BBD91F61D1DD00A25AAF /* CustomPhotoAlbum.swift in Sources */,
				7932BBC81F61D1C700A25AAF /* LoadingBar.swift in Sources */,
				7932BBDA1F61D1DD00A25AAF /* ProgressView.swift in Sources */,
				7932BBC51F61D1C700A25AAF /* HomeNOCharacter.swift in Sources */,
				792294461F5F0BDD004845DE /* Constant.swift in Sources */,
				7932BBC71F61D1C700A25AAF /* Loading1.swift in Sources */,
				7917CA2F1F89455100EE7824 /* CharacterAlertView.swift in Sources */,
				7932BBC31F61D1C700A25AAF /* Bella_image.swift in Sources */,
				79183D631F5514B600A00D50 /* SaveCharacterVC.swift in Sources */,
				7932BBD51F61D1DD00A25AAF /* AccountView.swift in Sources */,
				79DAB6A81F571CA00019C37D /* SavedCharListVC.swift in Sources */,
				79387AFB1F6521D300E1B3B8 /* User.swift in Sources */,
				1332FBD41F57ECA6003E3217 /* CarouselItemView.swift in Sources */,
				7932BBD61F61D1DD00A25AAF /* LoaderView.swift in Sources */,
				7932BBD81F61D1DD00A25AAF /* LogoView.swift in Sources */,
				7932BBD31F61D1DD00A25AAF /* NewUserView.swift in Sources */,
				7932BB961F61BBD200A25AAF /* AccountVC.swift in Sources */,
				7932BB9F1F61C8DF00A25AAF /* LoginVC.swift in Sources */,
				791785A01F93A91200467F43 /* EmojiImageGeneratorView.swift in Sources */,
				7932BBD41F61D1DD00A25AAF /* HomeView NO.swift in Sources */,
				7922C3031F5DCA91007F5D25 /* ClairaBella.xcdatamodeld in Sources */,
				7932BBD21F61D1DD00A25AAF /* LoadingView.swift in Sources */,
				79183D5D1F55100000A00D50 /* CharacterBuilderVC.swift in Sources */,
				7932BBC41F61D1C700A25AAF /* Account_page.swift in Sources */,
				792294411F5F09DB004845DE /* SetupKeyBoardVC.swift in Sources */,
			);
			runOnlyForDeploymentPostprocessing = 0;
		};
/* End PBXSourcesBuildPhase section */

/* Begin PBXTargetDependency section */
		79244E071F7AB63700741D69 /* PBXTargetDependency */ = {
			isa = PBXTargetDependency;
			target = 79244E001F7AB63700741D69 /* ClaireaBella */;
			targetProxy = 79244E061F7AB63700741D69 /* PBXContainerItemProxy */;
		};
/* End PBXTargetDependency section */

/* Begin PBXVariantGroup section */
		7922C3051F5DD3E0007F5D25 /* WalkThrough.storyboard */ = {
			isa = PBXVariantGroup;
			children = (
				7922C3061F5DD3E0007F5D25 /* Base */,
			);
			name = WalkThrough.storyboard;
			sourceTree = "<group>";
		};
		792713251F84193D00C7B7DB /* Main.storyboard */ = {
			isa = PBXVariantGroup;
			children = (
				792713261F84193D00C7B7DB /* Base */,
			);
			name = Main.storyboard;
			sourceTree = "<group>";
		};
		7954216B1F460DE500DBBBE0 /* LaunchScreen.storyboard */ = {
			isa = PBXVariantGroup;
			children = (
				7954216C1F460DE500DBBBE0 /* Base */,
			);
			name = LaunchScreen.storyboard;
			sourceTree = "<group>";
		};
/* End PBXVariantGroup section */

/* Begin XCBuildConfiguration section */
		79244E091F7AB63700741D69 /* Debug */ = {
			isa = XCBuildConfiguration;
			buildSettings = {
				CODE_SIGN_ENTITLEMENTS = ClaireaBella/ClaireaBella.entitlements;
				"CODE_SIGN_IDENTITY[sdk=iphoneos*]" = "iPhone Distribution";
				DEVELOPMENT_TEAM = LCSDGY3TVW;
				INFOPLIST_FILE = ClaireaBella/Info.plist;
				LD_RUNPATH_SEARCH_PATHS = "$(inherited) @executable_path/Frameworks @executable_path/../../Frameworks";
				PRODUCT_BUNDLE_IDENTIFIER = com.unitygames.Claireabella.ClaireaBella;
				PRODUCT_NAME = "$(TARGET_NAME)";
				PROVISIONING_PROFILE = "52d2c52c-af48-4208-9509-9fb694d70295";
				PROVISIONING_PROFILE_SPECIFIER = Claireabella_keyboard_production;
				SKIP_INSTALL = YES;
				SWIFT_VERSION = 3.0;
			};
			name = Debug;
		};
		79244E0A1F7AB63700741D69 /* Release */ = {
			isa = XCBuildConfiguration;
			buildSettings = {
				CODE_SIGN_ENTITLEMENTS = ClaireaBella/ClaireaBella.entitlements;
				"CODE_SIGN_IDENTITY[sdk=iphoneos*]" = "iPhone Distribution";
				DEVELOPMENT_TEAM = LCSDGY3TVW;
				INFOPLIST_FILE = ClaireaBella/Info.plist;
				LD_RUNPATH_SEARCH_PATHS = "$(inherited) @executable_path/Frameworks @executable_path/../../Frameworks";
				PRODUCT_BUNDLE_IDENTIFIER = com.unitygames.Claireabella.ClaireaBella;
				PRODUCT_NAME = "$(TARGET_NAME)";
				PROVISIONING_PROFILE = "52d2c52c-af48-4208-9509-9fb694d70295";
				PROVISIONING_PROFILE_SPECIFIER = Claireabella_keyboard_production;
				SKIP_INSTALL = YES;
				SWIFT_VERSION = 3.0;
			};
			name = Release;
		};
		7954216F1F460DE500DBBBE0 /* Debug */ = {
			isa = XCBuildConfiguration;
			buildSettings = {
				ALWAYS_SEARCH_USER_PATHS = NO;
				CLANG_ANALYZER_NONNULL = YES;
				CLANG_CXX_LANGUAGE_STANDARD = "gnu++0x";
				CLANG_CXX_LIBRARY = "libc++";
				CLANG_ENABLE_MODULES = YES;
				CLANG_ENABLE_OBJC_ARC = YES;
				CLANG_WARN_BOOL_CONVERSION = YES;
				CLANG_WARN_CONSTANT_CONVERSION = YES;
				CLANG_WARN_DIRECT_OBJC_ISA_USAGE = YES_ERROR;
				CLANG_WARN_DOCUMENTATION_COMMENTS = YES;
				CLANG_WARN_EMPTY_BODY = YES;
				CLANG_WARN_ENUM_CONVERSION = YES;
				CLANG_WARN_INFINITE_RECURSION = YES;
				CLANG_WARN_INT_CONVERSION = YES;
				CLANG_WARN_OBJC_ROOT_CLASS = YES_ERROR;
				CLANG_WARN_SUSPICIOUS_MOVES = YES;
				CLANG_WARN_UNREACHABLE_CODE = YES;
				CLANG_WARN__DUPLICATE_METHOD_MATCH = YES;
				"CODE_SIGN_IDENTITY[sdk=iphoneos*]" = "iPhone Developer";
				COPY_PHASE_STRIP = NO;
				DEBUG_INFORMATION_FORMAT = dwarf;
				ENABLE_STRICT_OBJC_MSGSEND = YES;
				ENABLE_TESTABILITY = YES;
				GCC_C_LANGUAGE_STANDARD = gnu99;
				GCC_DYNAMIC_NO_PIC = NO;
				GCC_NO_COMMON_BLOCKS = YES;
				GCC_OPTIMIZATION_LEVEL = 0;
				GCC_PREPROCESSOR_DEFINITIONS = (
					"DEBUG=1",
					"$(inherited)",
				);
				GCC_WARN_64_TO_32_BIT_CONVERSION = YES;
				GCC_WARN_ABOUT_RETURN_TYPE = YES_ERROR;
				GCC_WARN_UNDECLARED_SELECTOR = YES;
				GCC_WARN_UNINITIALIZED_AUTOS = YES_AGGRESSIVE;
				GCC_WARN_UNUSED_FUNCTION = YES;
				GCC_WARN_UNUSED_VARIABLE = YES;
				IPHONEOS_DEPLOYMENT_TARGET = 10.0;
				MTL_ENABLE_DEBUG_INFO = YES;
				ONLY_ACTIVE_ARCH = YES;
				SDKROOT = iphoneos;
				SWIFT_ACTIVE_COMPILATION_CONDITIONS = DEBUG;
				SWIFT_OPTIMIZATION_LEVEL = "-Onone";
			};
			name = Debug;
		};
		795421701F460DE500DBBBE0 /* Release */ = {
			isa = XCBuildConfiguration;
			buildSettings = {
				ALWAYS_SEARCH_USER_PATHS = NO;
				CLANG_ANALYZER_NONNULL = YES;
				CLANG_CXX_LANGUAGE_STANDARD = "gnu++0x";
				CLANG_CXX_LIBRARY = "libc++";
				CLANG_ENABLE_MODULES = YES;
				CLANG_ENABLE_OBJC_ARC = YES;
				CLANG_WARN_BOOL_CONVERSION = YES;
				CLANG_WARN_CONSTANT_CONVERSION = YES;
				CLANG_WARN_DIRECT_OBJC_ISA_USAGE = YES_ERROR;
				CLANG_WARN_DOCUMENTATION_COMMENTS = YES;
				CLANG_WARN_EMPTY_BODY = YES;
				CLANG_WARN_ENUM_CONVERSION = YES;
				CLANG_WARN_INFINITE_RECURSION = YES;
				CLANG_WARN_INT_CONVERSION = YES;
				CLANG_WARN_OBJC_ROOT_CLASS = YES_ERROR;
				CLANG_WARN_SUSPICIOUS_MOVES = YES;
				CLANG_WARN_UNREACHABLE_CODE = YES;
				CLANG_WARN__DUPLICATE_METHOD_MATCH = YES;
				"CODE_SIGN_IDENTITY[sdk=iphoneos*]" = "iPhone Developer";
				COPY_PHASE_STRIP = NO;
				DEBUG_INFORMATION_FORMAT = "dwarf-with-dsym";
				ENABLE_NS_ASSERTIONS = NO;
				ENABLE_STRICT_OBJC_MSGSEND = YES;
				GCC_C_LANGUAGE_STANDARD = gnu99;
				GCC_NO_COMMON_BLOCKS = YES;
				GCC_WARN_64_TO_32_BIT_CONVERSION = YES;
				GCC_WARN_ABOUT_RETURN_TYPE = YES_ERROR;
				GCC_WARN_UNDECLARED_SELECTOR = YES;
				GCC_WARN_UNINITIALIZED_AUTOS = YES_AGGRESSIVE;
				GCC_WARN_UNUSED_FUNCTION = YES;
				GCC_WARN_UNUSED_VARIABLE = YES;
				IPHONEOS_DEPLOYMENT_TARGET = 10.0;
				MTL_ENABLE_DEBUG_INFO = NO;
				SDKROOT = iphoneos;
				SWIFT_OPTIMIZATION_LEVEL = "-Owholemodule";
				VALIDATE_PRODUCT = YES;
			};
			name = Release;
		};
		795421721F460DE500DBBBE0 /* Debug */ = {
			isa = XCBuildConfiguration;
			baseConfigurationReference = 4E3CB6A597CC857291E48488 /* Pods-ClairaBellaDemo.debug.xcconfig */;
			buildSettings = {
				ALWAYS_EMBED_SWIFT_STANDARD_LIBRARIES = YES;
				ASSETCATALOG_COMPILER_APPICON_NAME = AppIcon;
				CODE_SIGN_ENTITLEMENTS = ClairaBellaDemo/ClairaBellaDemo.entitlements;
				"CODE_SIGN_IDENTITY[sdk=iphoneos*]" = "iPhone Distribution";
				DEVELOPMENT_TEAM = LCSDGY3TVW;
				INFOPLIST_FILE = ClairaBellaDemo/Info.plist;
				LD_RUNPATH_SEARCH_PATHS = "$(inherited) @executable_path/Frameworks";
				PRODUCT_BUNDLE_IDENTIFIER = com.unitygames.Claireabella;
				PRODUCT_NAME = "$(TARGET_NAME)";
				PROVISIONING_PROFILE = "13215093-fba5-44db-aa19-a11bf9a2abd1";
				PROVISIONING_PROFILE_SPECIFIER = Claireabella_Production;
				SWIFT_VERSION = 3.0;
			};
			name = Debug;
		};
		795421731F460DE500DBBBE0 /* Release */ = {
			isa = XCBuildConfiguration;
			baseConfigurationReference = 521D4AFBB295765553039816 /* Pods-ClairaBellaDemo.release.xcconfig */;
			buildSettings = {
				ALWAYS_EMBED_SWIFT_STANDARD_LIBRARIES = YES;
				ASSETCATALOG_COMPILER_APPICON_NAME = AppIcon;
				CODE_SIGN_ENTITLEMENTS = ClairaBellaDemo/ClairaBellaDemo.entitlements;
				"CODE_SIGN_IDENTITY[sdk=iphoneos*]" = "iPhone Distribution";
				DEVELOPMENT_TEAM = LCSDGY3TVW;
				INFOPLIST_FILE = ClairaBellaDemo/Info.plist;
				LD_RUNPATH_SEARCH_PATHS = "$(inherited) @executable_path/Frameworks";
				PRODUCT_BUNDLE_IDENTIFIER = com.unitygames.Claireabella;
				PRODUCT_NAME = "$(TARGET_NAME)";
				PROVISIONING_PROFILE = "13215093-fba5-44db-aa19-a11bf9a2abd1";
				PROVISIONING_PROFILE_SPECIFIER = Claireabella_Production;
				SWIFT_VERSION = 3.0;
			};
			name = Release;
		};
/* End XCBuildConfiguration section */

/* Begin XCConfigurationList section */
		79244E0B1F7AB63700741D69 /* Build configuration list for PBXNativeTarget "ClaireaBella" */ = {
			isa = XCConfigurationList;
			buildConfigurations = (
				79244E091F7AB63700741D69 /* Debug */,
				79244E0A1F7AB63700741D69 /* Release */,
			);
			defaultConfigurationIsVisible = 0;
			defaultConfigurationName = Release;
		};
		7954215A1F460DE500DBBBE0 /* Build configuration list for PBXProject "ClairaBellaDemo" */ = {
			isa = XCConfigurationList;
			buildConfigurations = (
				7954216F1F460DE500DBBBE0 /* Debug */,
				795421701F460DE500DBBBE0 /* Release */,
			);
			defaultConfigurationIsVisible = 0;
			defaultConfigurationName = Release;
		};
		795421711F460DE500DBBBE0 /* Build configuration list for PBXNativeTarget "ClairaBellaDemo" */ = {
			isa = XCConfigurationList;
			buildConfigurations = (
				795421721F460DE500DBBBE0 /* Debug */,
				795421731F460DE500DBBBE0 /* Release */,
			);
			defaultConfigurationIsVisible = 0;
			defaultConfigurationName = Release;
		};
/* End XCConfigurationList section */

/* Begin XCVersionGroup section */
		7922C3011F5DCA91007F5D25 /* ClairaBella.xcdatamodeld */ = {
			isa = XCVersionGroup;
			children = (
				7922C3021F5DCA91007F5D25 /* ClairaBella.xcdatamodel */,
			);
			currentVersion = 7922C3021F5DCA91007F5D25 /* ClairaBella.xcdatamodel */;
			path = ClairaBella.xcdatamodeld;
			sourceTree = "<group>";
			versionGroupType = wrapper.xcdatamodel;
		};
/* End XCVersionGroup section */
	};
	rootObject = 795421571F460DE500DBBBE0 /* Project object */;
}
