// !$*UTF8*$!
{
	archiveVersion = 1;
	classes = {
	};
	objectVersion = 46;
	objects = {

/* Begin PBXBuildFile section */
		7914CD461F49C4EF00C5E908 /* BP001_BT001_OA011_BV005.svg in Resources */ = {isa = PBXBuildFile; fileRef = 7914CCB71F49C4EE00C5E908 /* BP001_BT001_OA011_BV005.svg */; };
		7914CD471F49C4EF00C5E908 /* BP001_BT001_OA011_BV006.svg in Resources */ = {isa = PBXBuildFile; fileRef = 7914CCB81F49C4EE00C5E908 /* BP001_BT001_OA011_BV006.svg */; };
		7914CD481F49C4EF00C5E908 /* BP001_BT001_OA011_BV007.svg in Resources */ = {isa = PBXBuildFile; fileRef = 7914CCB91F49C4EE00C5E908 /* BP001_BT001_OA011_BV007.svg */; };
		7914CD491F49C4EF00C5E908 /* BP001_BT001_OA011_BV008.svg in Resources */ = {isa = PBXBuildFile; fileRef = 7914CCBA1F49C4EE00C5E908 /* BP001_BT001_OA011_BV008.svg */; };
		7914CD4A1F49C4EF00C5E908 /* BP001_BT001_OA011_BV009.svg in Resources */ = {isa = PBXBuildFile; fileRef = 7914CCBB1F49C4EE00C5E908 /* BP001_BT001_OA011_BV009.svg */; };
		7914CD4B1F49C4EF00C5E908 /* BP001_BT001_OA030_BV005.svg in Resources */ = {isa = PBXBuildFile; fileRef = 7914CCBC1F49C4EE00C5E908 /* BP001_BT001_OA030_BV005.svg */; };
		7914CD4C1F49C4EF00C5E908 /* BP001_BT001_OA030_BV006.svg in Resources */ = {isa = PBXBuildFile; fileRef = 7914CCBD1F49C4EE00C5E908 /* BP001_BT001_OA030_BV006.svg */; };
		7914CD4D1F49C4EF00C5E908 /* BP001_BT001_OA030_BV007.svg in Resources */ = {isa = PBXBuildFile; fileRef = 7914CCBE1F49C4EE00C5E908 /* BP001_BT001_OA030_BV007.svg */; };
		7914CD4E1F49C4EF00C5E908 /* BP001_BT001_OA030_BV008.svg in Resources */ = {isa = PBXBuildFile; fileRef = 7914CCBF1F49C4EE00C5E908 /* BP001_BT001_OA030_BV008.svg */; };
		7914CD4F1F49C4EF00C5E908 /* BP001_BT001_OA030_BV009.svg in Resources */ = {isa = PBXBuildFile; fileRef = 7914CCC01F49C4EE00C5E908 /* BP001_BT001_OA030_BV009.svg */; };
		7914CD501F49C4EF00C5E908 /* BP001_BT002_OA011_BV005.svg in Resources */ = {isa = PBXBuildFile; fileRef = 7914CCC11F49C4EE00C5E908 /* BP001_BT002_OA011_BV005.svg */; };
		7914CD511F49C4EF00C5E908 /* BP001_BT002_OA011_BV006.svg in Resources */ = {isa = PBXBuildFile; fileRef = 7914CCC21F49C4EE00C5E908 /* BP001_BT002_OA011_BV006.svg */; };
		7914CD521F49C4EF00C5E908 /* BP001_BT002_OA011_BV007.svg in Resources */ = {isa = PBXBuildFile; fileRef = 7914CCC31F49C4EE00C5E908 /* BP001_BT002_OA011_BV007.svg */; };
		7914CD531F49C4EF00C5E908 /* BP001_BT002_OA011_BV008.svg in Resources */ = {isa = PBXBuildFile; fileRef = 7914CCC41F49C4EE00C5E908 /* BP001_BT002_OA011_BV008.svg */; };
		7914CD541F49C4EF00C5E908 /* BP001_BT002_OA011_BV009.svg in Resources */ = {isa = PBXBuildFile; fileRef = 7914CCC51F49C4EE00C5E908 /* BP001_BT002_OA011_BV009.svg */; };
		7914CD551F49C4EF00C5E908 /* BP001_BT002_OA030_BV005.svg in Resources */ = {isa = PBXBuildFile; fileRef = 7914CCC61F49C4EE00C5E908 /* BP001_BT002_OA030_BV005.svg */; };
		7914CD561F49C4EF00C5E908 /* BP001_BT002_OA030_BV006.svg in Resources */ = {isa = PBXBuildFile; fileRef = 7914CCC71F49C4EE00C5E908 /* BP001_BT002_OA030_BV006.svg */; };
		7914CD571F49C4EF00C5E908 /* BP001_BT002_OA030_BV007.svg in Resources */ = {isa = PBXBuildFile; fileRef = 7914CCC81F49C4EE00C5E908 /* BP001_BT002_OA030_BV007.svg */; };
		7914CD581F49C4EF00C5E908 /* BP001_BT002_OA030_BV008.svg in Resources */ = {isa = PBXBuildFile; fileRef = 7914CCC91F49C4EE00C5E908 /* BP001_BT002_OA030_BV008.svg */; };
		7914CD591F49C4EF00C5E908 /* BP001_BT002_OA030_BV009.svg in Resources */ = {isa = PBXBuildFile; fileRef = 7914CCCA1F49C4EE00C5E908 /* BP001_BT002_OA030_BV009.svg */; };
		7914CD5A1F49C4EF00C5E908 /* BP002_BT001_OA011_BV005.svg in Resources */ = {isa = PBXBuildFile; fileRef = 7914CCCB1F49C4EE00C5E908 /* BP002_BT001_OA011_BV005.svg */; };
		7914CD5B1F49C4EF00C5E908 /* BP002_BT001_OA011_BV006.svg in Resources */ = {isa = PBXBuildFile; fileRef = 7914CCCC1F49C4EE00C5E908 /* BP002_BT001_OA011_BV006.svg */; };
		7914CD5C1F49C4EF00C5E908 /* BP002_BT001_OA011_BV007.svg in Resources */ = {isa = PBXBuildFile; fileRef = 7914CCCD1F49C4EE00C5E908 /* BP002_BT001_OA011_BV007.svg */; };
		7914CD5D1F49C4EF00C5E908 /* BP002_BT001_OA011_BV008.svg in Resources */ = {isa = PBXBuildFile; fileRef = 7914CCCE1F49C4EE00C5E908 /* BP002_BT001_OA011_BV008.svg */; };
		7914CD5E1F49C4EF00C5E908 /* BP002_BT001_OA011_BV009.svg in Resources */ = {isa = PBXBuildFile; fileRef = 7914CCCF1F49C4EE00C5E908 /* BP002_BT001_OA011_BV009.svg */; };
		7914CD5F1F49C4EF00C5E908 /* BP002_BT001_OA030_BV005.svg in Resources */ = {isa = PBXBuildFile; fileRef = 7914CCD01F49C4EE00C5E908 /* BP002_BT001_OA030_BV005.svg */; };
		7914CD601F49C4EF00C5E908 /* BP002_BT001_OA030_BV006.svg in Resources */ = {isa = PBXBuildFile; fileRef = 7914CCD11F49C4EE00C5E908 /* BP002_BT001_OA030_BV006.svg */; };
		7914CD611F49C4EF00C5E908 /* BP002_BT001_OA030_BV007.svg in Resources */ = {isa = PBXBuildFile; fileRef = 7914CCD21F49C4EE00C5E908 /* BP002_BT001_OA030_BV007.svg */; };
		7914CD621F49C4EF00C5E908 /* BP002_BT001_OA030_BV008.svg in Resources */ = {isa = PBXBuildFile; fileRef = 7914CCD31F49C4EE00C5E908 /* BP002_BT001_OA030_BV008.svg */; };
		7914CD631F49C4EF00C5E908 /* BP002_BT001_OA030_BV009.svg in Resources */ = {isa = PBXBuildFile; fileRef = 7914CCD41F49C4EE00C5E908 /* BP002_BT001_OA030_BV009.svg */; };
		7914CD641F49C4EF00C5E908 /* BP002_BT002_OA011_BV005.svg in Resources */ = {isa = PBXBuildFile; fileRef = 7914CCD51F49C4EE00C5E908 /* BP002_BT002_OA011_BV005.svg */; };
		7914CD651F49C4EF00C5E908 /* BP002_BT002_OA011_BV006.svg in Resources */ = {isa = PBXBuildFile; fileRef = 7914CCD61F49C4EE00C5E908 /* BP002_BT002_OA011_BV006.svg */; };
		7914CD661F49C4EF00C5E908 /* BP002_BT002_OA011_BV007.svg in Resources */ = {isa = PBXBuildFile; fileRef = 7914CCD71F49C4EE00C5E908 /* BP002_BT002_OA011_BV007.svg */; };
		7914CD671F49C4EF00C5E908 /* BP002_BT002_OA011_BV008.svg in Resources */ = {isa = PBXBuildFile; fileRef = 7914CCD81F49C4EE00C5E908 /* BP002_BT002_OA011_BV008.svg */; };
		7914CD681F49C4EF00C5E908 /* BP002_BT002_OA011_BV009.svg in Resources */ = {isa = PBXBuildFile; fileRef = 7914CCD91F49C4EE00C5E908 /* BP002_BT002_OA011_BV009.svg */; };
		7914CD691F49C4EF00C5E908 /* BP002_BT002_OA030_BV005.svg in Resources */ = {isa = PBXBuildFile; fileRef = 7914CCDA1F49C4EE00C5E908 /* BP002_BT002_OA030_BV005.svg */; };
		7914CD6A1F49C4EF00C5E908 /* BP002_BT002_OA030_BV006.svg in Resources */ = {isa = PBXBuildFile; fileRef = 7914CCDB1F49C4EE00C5E908 /* BP002_BT002_OA030_BV006.svg */; };
		7914CD6B1F49C4EF00C5E908 /* BP002_BT002_OA030_BV007.svg in Resources */ = {isa = PBXBuildFile; fileRef = 7914CCDC1F49C4EE00C5E908 /* BP002_BT002_OA030_BV007.svg */; };
		7914CD6C1F49C4EF00C5E908 /* BP002_BT002_OA030_BV008.svg in Resources */ = {isa = PBXBuildFile; fileRef = 7914CCDD1F49C4EE00C5E908 /* BP002_BT002_OA030_BV008.svg */; };
		7914CD6D1F49C4EF00C5E908 /* BP002_BT002_OA030_BV009.svg in Resources */ = {isa = PBXBuildFile; fileRef = 7914CCDE1F49C4EE00C5E908 /* BP002_BT002_OA030_BV009.svg */; };
		7914CD6E1F49C4EF00C5E908 /* BP003_BT001_OA000_BV000.svg in Resources */ = {isa = PBXBuildFile; fileRef = 7914CCDF1F49C4EE00C5E908 /* BP003_BT001_OA000_BV000.svg */; };
		7914CD6F1F49C4EF00C5E908 /* BP003_BT001_OA011_BV000.svg in Resources */ = {isa = PBXBuildFile; fileRef = 7914CCE01F49C4EE00C5E908 /* BP003_BT001_OA011_BV000.svg */; };
		7914CD701F49C4EF00C5E908 /* BP003_BT001_OA030_BV000.svg in Resources */ = {isa = PBXBuildFile; fileRef = 7914CCE11F49C4EE00C5E908 /* BP003_BT001_OA030_BV000.svg */; };
		7914CD711F49C4EF00C5E908 /* BP003_BT002_OA000_BV000.svg in Resources */ = {isa = PBXBuildFile; fileRef = 7914CCE21F49C4EE00C5E908 /* BP003_BT002_OA000_BV000.svg */; };
		7914CD721F49C4EF00C5E908 /* BP003_BT002_OA011_BV000.svg in Resources */ = {isa = PBXBuildFile; fileRef = 7914CCE31F49C4EE00C5E908 /* BP003_BT002_OA011_BV000.svg */; };
		7914CD731F49C4EF00C5E908 /* BP003_BT002_OA030_BV000.svg in Resources */ = {isa = PBXBuildFile; fileRef = 7914CCE41F49C4EE00C5E908 /* BP003_BT002_OA030_BV000.svg */; };
		7914CD741F49C4EF00C5E908 /* BP004_BT001_OA000_BV000.svg in Resources */ = {isa = PBXBuildFile; fileRef = 7914CCE51F49C4EE00C5E908 /* BP004_BT001_OA000_BV000.svg */; };
		7914CD751F49C4EF00C5E908 /* BP004_BT001_OA011_BV000.svg in Resources */ = {isa = PBXBuildFile; fileRef = 7914CCE61F49C4EE00C5E908 /* BP004_BT001_OA011_BV000.svg */; };
		7914CD761F49C4EF00C5E908 /* BP004_BT001_OA030_BV000.svg in Resources */ = {isa = PBXBuildFile; fileRef = 7914CCE71F49C4EE00C5E908 /* BP004_BT001_OA030_BV000.svg */; };
		7914CD771F49C4EF00C5E908 /* BP004_BT002_OA000_BV000.svg in Resources */ = {isa = PBXBuildFile; fileRef = 7914CCE81F49C4EE00C5E908 /* BP004_BT002_OA000_BV000.svg */; };
		7914CD781F49C4EF00C5E908 /* BP004_BT002_OA011_BV000.svg in Resources */ = {isa = PBXBuildFile; fileRef = 7914CCE91F49C4EE00C5E908 /* BP004_BT002_OA011_BV000.svg */; };
		7914CD791F49C4EF00C5E908 /* BP004_BT002_OA030_BV000.svg in Resources */ = {isa = PBXBuildFile; fileRef = 7914CCEA1F49C4EE00C5E908 /* BP004_BT002_OA030_BV000.svg */; };
		7914CD7A1F49C4EF00C5E908 /* BP005_BT001_OA000_BV001.svg in Resources */ = {isa = PBXBuildFile; fileRef = 7914CCEB1F49C4EE00C5E908 /* BP005_BT001_OA000_BV001.svg */; };
		7914CD7B1F49C4EF00C5E908 /* BP005_BT001_OA000_BV002.svg in Resources */ = {isa = PBXBuildFile; fileRef = 7914CCEC1F49C4EE00C5E908 /* BP005_BT001_OA000_BV002.svg */; };
		7914CD7C1F49C4EF00C5E908 /* BP005_BT001_OA000_BV003.svg in Resources */ = {isa = PBXBuildFile; fileRef = 7914CCED1F49C4EE00C5E908 /* BP005_BT001_OA000_BV003.svg */; };
		7914CD7D1F49C4EF00C5E908 /* BP005_BT001_OA000_BV004.svg in Resources */ = {isa = PBXBuildFile; fileRef = 7914CCEE1F49C4EE00C5E908 /* BP005_BT001_OA000_BV004.svg */; };
		7914CD7E1F49C4EF00C5E908 /* BP005_BT001_OA006_BV001.svg in Resources */ = {isa = PBXBuildFile; fileRef = 7914CCEF1F49C4EE00C5E908 /* BP005_BT001_OA006_BV001.svg */; };
		7914CD7F1F49C4EF00C5E908 /* BP005_BT001_OA006_BV002.svg in Resources */ = {isa = PBXBuildFile; fileRef = 7914CCF01F49C4EE00C5E908 /* BP005_BT001_OA006_BV002.svg */; };
		7914CD801F49C4EF00C5E908 /* BP005_BT001_OA006_BV003.svg in Resources */ = {isa = PBXBuildFile; fileRef = 7914CCF11F49C4EE00C5E908 /* BP005_BT001_OA006_BV003.svg */; };
		7914CD811F49C4EF00C5E908 /* BP005_BT001_OA006_BV004.svg in Resources */ = {isa = PBXBuildFile; fileRef = 7914CCF21F49C4EE00C5E908 /* BP005_BT001_OA006_BV004.svg */; };
		7914CD821F49C4EF00C5E908 /* BP005_BT002_OA000_BV001.svg in Resources */ = {isa = PBXBuildFile; fileRef = 7914CCF31F49C4EE00C5E908 /* BP005_BT002_OA000_BV001.svg */; };
		7914CD831F49C4EF00C5E908 /* BP005_BT002_OA000_BV002.svg in Resources */ = {isa = PBXBuildFile; fileRef = 7914CCF41F49C4EE00C5E908 /* BP005_BT002_OA000_BV002.svg */; };
		7914CD841F49C4EF00C5E908 /* BP005_BT002_OA000_BV003.svg in Resources */ = {isa = PBXBuildFile; fileRef = 7914CCF51F49C4EE00C5E908 /* BP005_BT002_OA000_BV003.svg */; };
		7914CD851F49C4EF00C5E908 /* BP005_BT002_OA000_BV004.svg in Resources */ = {isa = PBXBuildFile; fileRef = 7914CCF61F49C4EE00C5E908 /* BP005_BT002_OA000_BV004.svg */; };
		7914CD861F49C4EF00C5E908 /* BP005_BT002_OA006_BV001.svg in Resources */ = {isa = PBXBuildFile; fileRef = 7914CCF71F49C4EE00C5E908 /* BP005_BT002_OA006_BV001.svg */; };
		7914CD871F49C4EF00C5E908 /* BP005_BT002_OA006_BV002.svg in Resources */ = {isa = PBXBuildFile; fileRef = 7914CCF81F49C4EE00C5E908 /* BP005_BT002_OA006_BV002.svg */; };
		7914CD881F49C4EF00C5E908 /* BP005_BT002_OA006_BV003.svg in Resources */ = {isa = PBXBuildFile; fileRef = 7914CCF91F49C4EE00C5E908 /* BP005_BT002_OA006_BV003.svg */; };
		7914CD891F49C4EF00C5E908 /* BP005_BT002_OA006_BV004.svg in Resources */ = {isa = PBXBuildFile; fileRef = 7914CCFA1F49C4EE00C5E908 /* BP005_BT002_OA006_BV004.svg */; };
		7914CD8A1F49C4EF00C5E908 /* BP006_BT001_OA000_BV001.svg in Resources */ = {isa = PBXBuildFile; fileRef = 7914CCFB1F49C4EE00C5E908 /* BP006_BT001_OA000_BV001.svg */; };
		7914CD8B1F49C4EF00C5E908 /* BP006_BT001_OA000_BV002.svg in Resources */ = {isa = PBXBuildFile; fileRef = 7914CCFC1F49C4EE00C5E908 /* BP006_BT001_OA000_BV002.svg */; };
		7914CD8C1F49C4EF00C5E908 /* BP006_BT001_OA000_BV003.svg in Resources */ = {isa = PBXBuildFile; fileRef = 7914CCFD1F49C4EE00C5E908 /* BP006_BT001_OA000_BV003.svg */; };
		7914CD8D1F49C4EF00C5E908 /* BP006_BT001_OA000_BV004.svg in Resources */ = {isa = PBXBuildFile; fileRef = 7914CCFE1F49C4EE00C5E908 /* BP006_BT001_OA000_BV004.svg */; };
		7914CD8E1F49C4EF00C5E908 /* BP006_BT001_OA025_BV001.svg in Resources */ = {isa = PBXBuildFile; fileRef = 7914CCFF1F49C4EE00C5E908 /* BP006_BT001_OA025_BV001.svg */; };
		7914CD8F1F49C4EF00C5E908 /* BP006_BT001_OA025_BV002.svg in Resources */ = {isa = PBXBuildFile; fileRef = 7914CD001F49C4EE00C5E908 /* BP006_BT001_OA025_BV002.svg */; };
		7914CD901F49C4EF00C5E908 /* BP006_BT001_OA025_BV003.svg in Resources */ = {isa = PBXBuildFile; fileRef = 7914CD011F49C4EE00C5E908 /* BP006_BT001_OA025_BV003.svg */; };
		7914CD911F49C4EF00C5E908 /* BP006_BT001_OA025_BV004.svg in Resources */ = {isa = PBXBuildFile; fileRef = 7914CD021F49C4EE00C5E908 /* BP006_BT001_OA025_BV004.svg */; };
		7914CD921F49C4EF00C5E908 /* BP006_BT001_OA027_BV001.svg in Resources */ = {isa = PBXBuildFile; fileRef = 7914CD031F49C4EE00C5E908 /* BP006_BT001_OA027_BV001.svg */; };
		7914CD931F49C4EF00C5E908 /* BP006_BT001_OA027_BV002.svg in Resources */ = {isa = PBXBuildFile; fileRef = 7914CD041F49C4EE00C5E908 /* BP006_BT001_OA027_BV002.svg */; };
		7914CD941F49C4EF00C5E908 /* BP006_BT001_OA027_BV003.svg in Resources */ = {isa = PBXBuildFile; fileRef = 7914CD051F49C4EE00C5E908 /* BP006_BT001_OA027_BV003.svg */; };
		7914CD951F49C4EF00C5E908 /* BP006_BT001_OA027_BV004.svg in Resources */ = {isa = PBXBuildFile; fileRef = 7914CD061F49C4EE00C5E908 /* BP006_BT001_OA027_BV004.svg */; };
		7914CD961F49C4EF00C5E908 /* BP006_BT002_OA000_BV001.svg in Resources */ = {isa = PBXBuildFile; fileRef = 7914CD071F49C4EE00C5E908 /* BP006_BT002_OA000_BV001.svg */; };
		7914CD971F49C4EF00C5E908 /* BP006_BT002_OA000_BV002.svg in Resources */ = {isa = PBXBuildFile; fileRef = 7914CD081F49C4EE00C5E908 /* BP006_BT002_OA000_BV002.svg */; };
		7914CD981F49C4EF00C5E908 /* BP006_BT002_OA000_BV003.svg in Resources */ = {isa = PBXBuildFile; fileRef = 7914CD091F49C4EE00C5E908 /* BP006_BT002_OA000_BV003.svg */; };
		7914CD991F49C4EF00C5E908 /* BP006_BT002_OA000_BV004.svg in Resources */ = {isa = PBXBuildFile; fileRef = 7914CD0A1F49C4EE00C5E908 /* BP006_BT002_OA000_BV004.svg */; };
		7914CD9A1F49C4EF00C5E908 /* BP006_BT002_OA025_BV001.svg in Resources */ = {isa = PBXBuildFile; fileRef = 7914CD0B1F49C4EE00C5E908 /* BP006_BT002_OA025_BV001.svg */; };
		7914CD9B1F49C4EF00C5E908 /* BP006_BT002_OA025_BV002.svg in Resources */ = {isa = PBXBuildFile; fileRef = 7914CD0C1F49C4EE00C5E908 /* BP006_BT002_OA025_BV002.svg */; };
		7914CD9C1F49C4EF00C5E908 /* BP006_BT002_OA025_BV003.svg in Resources */ = {isa = PBXBuildFile; fileRef = 7914CD0D1F49C4EE00C5E908 /* BP006_BT002_OA025_BV003.svg */; };
		7914CD9D1F49C4EF00C5E908 /* BP006_BT002_OA025_BV004.svg in Resources */ = {isa = PBXBuildFile; fileRef = 7914CD0E1F49C4EE00C5E908 /* BP006_BT002_OA025_BV004.svg */; };
		7914CD9E1F49C4EF00C5E908 /* BP006_BT002_OA027_BV001.svg in Resources */ = {isa = PBXBuildFile; fileRef = 7914CD0F1F49C4EE00C5E908 /* BP006_BT002_OA027_BV001.svg */; };
		7914CD9F1F49C4EF00C5E908 /* BP006_BT002_OA027_BV002.svg in Resources */ = {isa = PBXBuildFile; fileRef = 7914CD101F49C4EE00C5E908 /* BP006_BT002_OA027_BV002.svg */; };
		7914CDA01F49C4EF00C5E908 /* BP006_BT002_OA027_BV003.svg in Resources */ = {isa = PBXBuildFile; fileRef = 7914CD111F49C4EE00C5E908 /* BP006_BT002_OA027_BV003.svg */; };
		7914CDA11F49C4EF00C5E908 /* BP006_BT002_OA027_BV004.svg in Resources */ = {isa = PBXBuildFile; fileRef = 7914CD121F49C4EE00C5E908 /* BP006_BT002_OA027_BV004.svg */; };
		7914CDA21F49C4EF00C5E908 /* BP007_BT001_OA000_BV000.svg in Resources */ = {isa = PBXBuildFile; fileRef = 7914CD131F49C4EE00C5E908 /* BP007_BT001_OA000_BV000.svg */; };
		7914CDA31F49C4EF00C5E908 /* BP007_BT001_OA027_BV000.svg in Resources */ = {isa = PBXBuildFile; fileRef = 7914CD141F49C4EE00C5E908 /* BP007_BT001_OA027_BV000.svg */; };
		7914CDA41F49C4EF00C5E908 /* BP007_BT002_OA000_BV000.svg in Resources */ = {isa = PBXBuildFile; fileRef = 7914CD151F49C4EE00C5E908 /* BP007_BT002_OA000_BV000.svg */; };
		7914CDA51F49C4EF00C5E908 /* BP007_BT002_OA027_BV000.svg in Resources */ = {isa = PBXBuildFile; fileRef = 7914CD161F49C4EE00C5E908 /* BP007_BT002_OA027_BV000.svg */; };
		7914CDA61F49C4EF00C5E908 /* BP008_BT001_OA000_BV000.svg in Resources */ = {isa = PBXBuildFile; fileRef = 7914CD171F49C4EE00C5E908 /* BP008_BT001_OA000_BV000.svg */; };
		7914CDA71F49C4EF00C5E908 /* BP008_BT002_OA000_BV000.svg in Resources */ = {isa = PBXBuildFile; fileRef = 7914CD181F49C4EE00C5E908 /* BP008_BT002_OA000_BV000.svg */; };
		7914CDA81F49C4EF00C5E908 /* BP009_BT001_OA000_BV000.svg in Resources */ = {isa = PBXBuildFile; fileRef = 7914CD191F49C4EE00C5E908 /* BP009_BT001_OA000_BV000.svg */; };
		7914CDA91F49C4EF00C5E908 /* BP009_BT001_OA027_BV000.svg in Resources */ = {isa = PBXBuildFile; fileRef = 7914CD1A1F49C4EE00C5E908 /* BP009_BT001_OA027_BV000.svg */; };
		7914CDAA1F49C4EF00C5E908 /* BP009_BT002_OA000_BV000.svg in Resources */ = {isa = PBXBuildFile; fileRef = 7914CD1B1F49C4EE00C5E908 /* BP009_BT002_OA000_BV000.svg */; };
		7914CDAB1F49C4EF00C5E908 /* BP009_BT002_OA027_BV000.svg in Resources */ = {isa = PBXBuildFile; fileRef = 7914CD1C1F49C4EE00C5E908 /* BP009_BT002_OA027_BV000.svg */; };
		7914CDAC1F49C4EF00C5E908 /* BP010_BT001_OA000_BV000.svg in Resources */ = {isa = PBXBuildFile; fileRef = 7914CD1D1F49C4EE00C5E908 /* BP010_BT001_OA000_BV000.svg */; };
		7914CDAD1F49C4EF00C5E908 /* BP010_BT002_OA000_BV000.svg in Resources */ = {isa = PBXBuildFile; fileRef = 7914CD1E1F49C4EE00C5E908 /* BP010_BT002_OA000_BV000.svg */; };
		7914CDAE1F49C4EF00C5E908 /* BP011_BT001_OA000_BV000.svg in Resources */ = {isa = PBXBuildFile; fileRef = 7914CD1F1F49C4EE00C5E908 /* BP011_BT001_OA000_BV000.svg */; };
		7914CDAF1F49C4EF00C5E908 /* BP011_BT001_OA006_BV000.svg in Resources */ = {isa = PBXBuildFile; fileRef = 7914CD201F49C4EE00C5E908 /* BP011_BT001_OA006_BV000.svg */; };
		7914CDB01F49C4EF00C5E908 /* BP011_BT002_OA000_BV000.svg in Resources */ = {isa = PBXBuildFile; fileRef = 7914CD211F49C4EF00C5E908 /* BP011_BT002_OA000_BV000.svg */; };
		7914CDB11F49C4EF00C5E908 /* BP011_BT002_OA006_BV000.svg in Resources */ = {isa = PBXBuildFile; fileRef = 7914CD221F49C4EF00C5E908 /* BP011_BT002_OA006_BV000.svg */; };
		7914CDB21F49C4EF00C5E908 /* BP012_BT001_OA000_BV000.svg in Resources */ = {isa = PBXBuildFile; fileRef = 7914CD231F49C4EF00C5E908 /* BP012_BT001_OA000_BV000.svg */; };
		7914CDB31F49C4EF00C5E908 /* BP012_BT001_OA006_BV000.svg in Resources */ = {isa = PBXBuildFile; fileRef = 7914CD241F49C4EF00C5E908 /* BP012_BT001_OA006_BV000.svg */; };
		7914CDB41F49C4EF00C5E908 /* BP012_BT002_OA000_BV000.svg in Resources */ = {isa = PBXBuildFile; fileRef = 7914CD251F49C4EF00C5E908 /* BP012_BT002_OA000_BV000.svg */; };
		7914CDB51F49C4EF00C5E908 /* BP012_BT002_OA006_BV000.svg in Resources */ = {isa = PBXBuildFile; fileRef = 7914CD261F49C4EF00C5E908 /* BP012_BT002_OA006_BV000.svg */; };
		7914CDB61F49C4EF00C5E908 /* BP013_BT001_OA000_BV000.svg in Resources */ = {isa = PBXBuildFile; fileRef = 7914CD271F49C4EF00C5E908 /* BP013_BT001_OA000_BV000.svg */; };
		7914CDB71F49C4EF00C5E908 /* BP013_BT001_OA006_BV000.svg in Resources */ = {isa = PBXBuildFile; fileRef = 7914CD281F49C4EF00C5E908 /* BP013_BT001_OA006_BV000.svg */; };
		7914CDB81F49C4EF00C5E908 /* BP013_BT002_OA000_BV000.svg in Resources */ = {isa = PBXBuildFile; fileRef = 7914CD291F49C4EF00C5E908 /* BP013_BT002_OA000_BV000.svg */; };
		7914CDB91F49C4EF00C5E908 /* BP013_BT002_OA006_BV000.svg in Resources */ = {isa = PBXBuildFile; fileRef = 7914CD2A1F49C4EF00C5E908 /* BP013_BT002_OA006_BV000.svg */; };
		7914CDBA1F49C4EF00C5E908 /* BP014_BT001_OA000_BV000.svg in Resources */ = {isa = PBXBuildFile; fileRef = 7914CD2B1F49C4EF00C5E908 /* BP014_BT001_OA000_BV000.svg */; };
		7914CDBB1F49C4EF00C5E908 /* BP014_BT001_OA006_BV000.svg in Resources */ = {isa = PBXBuildFile; fileRef = 7914CD2C1F49C4EF00C5E908 /* BP014_BT001_OA006_BV000.svg */; };
		7914CDBC1F49C4EF00C5E908 /* BP014_BT002_OA000_BV000.svg in Resources */ = {isa = PBXBuildFile; fileRef = 7914CD2D1F49C4EF00C5E908 /* BP014_BT002_OA000_BV000.svg */; };
		7914CDBD1F49C4EF00C5E908 /* BP014_BT002_OA006_BV000.svg in Resources */ = {isa = PBXBuildFile; fileRef = 7914CD2E1F49C4EF00C5E908 /* BP014_BT002_OA006_BV000.svg */; };
		7914CDBE1F49C4EF00C5E908 /* BP015_BT001_OA000_BV000.svg in Resources */ = {isa = PBXBuildFile; fileRef = 7914CD2F1F49C4EF00C5E908 /* BP015_BT001_OA000_BV000.svg */; };
		7914CDBF1F49C4EF00C5E908 /* BP015_BT001_OA017_BV001.svg in Resources */ = {isa = PBXBuildFile; fileRef = 7914CD301F49C4EF00C5E908 /* BP015_BT001_OA017_BV001.svg */; };
		7914CDC01F49C4EF00C5E908 /* BP015_BT001_OA017_BV002.svg in Resources */ = {isa = PBXBuildFile; fileRef = 7914CD311F49C4EF00C5E908 /* BP015_BT001_OA017_BV002.svg */; };
		7914CDC11F49C4EF00C5E908 /* BP015_BT001_OA017_BV003.svg in Resources */ = {isa = PBXBuildFile; fileRef = 7914CD321F49C4EF00C5E908 /* BP015_BT001_OA017_BV003.svg */; };
		7914CDC21F49C4EF00C5E908 /* BP015_BT001_OA017_BV004.svg in Resources */ = {isa = PBXBuildFile; fileRef = 7914CD331F49C4EF00C5E908 /* BP015_BT001_OA017_BV004.svg */; };
		7914CDC31F49C4EF00C5E908 /* BP015_BT002_OA000_BV000.svg in Resources */ = {isa = PBXBuildFile; fileRef = 7914CD341F49C4EF00C5E908 /* BP015_BT002_OA000_BV000.svg */; };
		7914CDC41F49C4EF00C5E908 /* BP015_BT002_OA017_BV001.svg in Resources */ = {isa = PBXBuildFile; fileRef = 7914CD351F49C4EF00C5E908 /* BP015_BT002_OA017_BV001.svg */; };
		7914CDC51F49C4EF00C5E908 /* BP015_BT002_OA017_BV002.svg in Resources */ = {isa = PBXBuildFile; fileRef = 7914CD361F49C4EF00C5E908 /* BP015_BT002_OA017_BV002.svg */; };
		7914CDC61F49C4EF00C5E908 /* BP015_BT002_OA017_BV003.svg in Resources */ = {isa = PBXBuildFile; fileRef = 7914CD371F49C4EF00C5E908 /* BP015_BT002_OA017_BV003.svg */; };
		7914CDC71F49C4EF00C5E908 /* BP015_BT002_OA017_BV004.svg in Resources */ = {isa = PBXBuildFile; fileRef = 7914CD381F49C4EF00C5E908 /* BP015_BT002_OA017_BV004.svg */; };
		7914CDC81F49C4EF00C5E908 /* ES001.svg in Resources */ = {isa = PBXBuildFile; fileRef = 7914CD391F49C4EF00C5E908 /* ES001.svg */; };
		7914CDC91F49C4EF00C5E908 /* ES002.svg in Resources */ = {isa = PBXBuildFile; fileRef = 7914CD3A1F49C4EF00C5E908 /* ES002.svg */; };
		7914CDCA1F49C4EF00C5E908 /* EW000.svg in Resources */ = {isa = PBXBuildFile; fileRef = 7914CD3B1F49C4EF00C5E908 /* EW000.svg */; };
		7914CDCB1F49C4EF00C5E908 /* EW007.svg in Resources */ = {isa = PBXBuildFile; fileRef = 7914CD3C1F49C4EF00C5E908 /* EW007.svg */; };
		7914CDCC1F49C4EF00C5E908 /* EX001.svg in Resources */ = {isa = PBXBuildFile; fileRef = 7914CD3D1F49C4EF00C5E908 /* EX001.svg */; };
		7914CDCD1F49C4EF00C5E908 /* EX002.svg in Resources */ = {isa = PBXBuildFile; fileRef = 7914CD3E1F49C4EF00C5E908 /* EX002.svg */; };
		7914CDCE1F49C4EF00C5E908 /* HS001.svg in Resources */ = {isa = PBXBuildFile; fileRef = 7914CD3F1F49C4EF00C5E908 /* HS001.svg */; };
		7914CDCF1F49C4EF00C5E908 /* HS002.svg in Resources */ = {isa = PBXBuildFile; fileRef = 7914CD401F49C4EF00C5E908 /* HS002.svg */; };
		7914CDD01F49C4EF00C5E908 /* HW000.svg in Resources */ = {isa = PBXBuildFile; fileRef = 7914CD411F49C4EF00C5E908 /* HW000.svg */; };
		7914CDD11F49C4EF00C5E908 /* HW001.svg in Resources */ = {isa = PBXBuildFile; fileRef = 7914CD421F49C4EF00C5E908 /* HW001.svg */; };
		7914CDD21F49C4EF00C5E908 /* LH000.svg in Resources */ = {isa = PBXBuildFile; fileRef = 7914CD431F49C4EF00C5E908 /* LH000.svg */; };
		7914CDD31F49C4EF00C5E908 /* LH009.svg in Resources */ = {isa = PBXBuildFile; fileRef = 7914CD441F49C4EF00C5E908 /* LH009.svg */; };
		7914CDD41F49C4EF00C5E908 /* RH000.svg in Resources */ = {isa = PBXBuildFile; fileRef = 7914CD451F49C4EF00C5E908 /* RH000.svg */; };
		791A5B891F48A6C200BA0188 /* car_black.png in Resources */ = {isa = PBXBuildFile; fileRef = 791A5B881F48A6C200BA0188 /* car_black.png */; };
		795421631F460DE500DBBBE0 /* AppDelegate.swift in Sources */ = {isa = PBXBuildFile; fileRef = 795421621F460DE500DBBBE0 /* AppDelegate.swift */; };
		795421651F460DE500DBBBE0 /* ViewController.swift in Sources */ = {isa = PBXBuildFile; fileRef = 795421641F460DE500DBBBE0 /* ViewController.swift */; };
		795421681F460DE500DBBBE0 /* Main.storyboard in Resources */ = {isa = PBXBuildFile; fileRef = 795421661F460DE500DBBBE0 /* Main.storyboard */; };
		7954216A1F460DE500DBBBE0 /* Assets.xcassets in Resources */ = {isa = PBXBuildFile; fileRef = 795421691F460DE500DBBBE0 /* Assets.xcassets */; };
		7954216D1F460DE500DBBBE0 /* LaunchScreen.storyboard in Resources */ = {isa = PBXBuildFile; fileRef = 7954216B1F460DE500DBBBE0 /* LaunchScreen.storyboard */; };
/* End PBXBuildFile section */

/* Begin PBXFileReference section */
		7914CCB71F49C4EE00C5E908 /* BP001_BT001_OA011_BV005.svg */ = {isa = PBXFileReference; fileEncoding = 4; lastKnownFileType = text.xml; path = BP001_BT001_OA011_BV005.svg; sourceTree = "<group>"; };
		7914CCB81F49C4EE00C5E908 /* BP001_BT001_OA011_BV006.svg */ = {isa = PBXFileReference; fileEncoding = 4; lastKnownFileType = text.xml; path = BP001_BT001_OA011_BV006.svg; sourceTree = "<group>"; };
		7914CCB91F49C4EE00C5E908 /* BP001_BT001_OA011_BV007.svg */ = {isa = PBXFileReference; fileEncoding = 4; lastKnownFileType = text.xml; path = BP001_BT001_OA011_BV007.svg; sourceTree = "<group>"; };
		7914CCBA1F49C4EE00C5E908 /* BP001_BT001_OA011_BV008.svg */ = {isa = PBXFileReference; fileEncoding = 4; lastKnownFileType = text.xml; path = BP001_BT001_OA011_BV008.svg; sourceTree = "<group>"; };
		7914CCBB1F49C4EE00C5E908 /* BP001_BT001_OA011_BV009.svg */ = {isa = PBXFileReference; fileEncoding = 4; lastKnownFileType = text.xml; path = BP001_BT001_OA011_BV009.svg; sourceTree = "<group>"; };
		7914CCBC1F49C4EE00C5E908 /* BP001_BT001_OA030_BV005.svg */ = {isa = PBXFileReference; fileEncoding = 4; lastKnownFileType = text.xml; path = BP001_BT001_OA030_BV005.svg; sourceTree = "<group>"; };
		7914CCBD1F49C4EE00C5E908 /* BP001_BT001_OA030_BV006.svg */ = {isa = PBXFileReference; fileEncoding = 4; lastKnownFileType = text.xml; path = BP001_BT001_OA030_BV006.svg; sourceTree = "<group>"; };
		7914CCBE1F49C4EE00C5E908 /* BP001_BT001_OA030_BV007.svg */ = {isa = PBXFileReference; fileEncoding = 4; lastKnownFileType = text.xml; path = BP001_BT001_OA030_BV007.svg; sourceTree = "<group>"; };
		7914CCBF1F49C4EE00C5E908 /* BP001_BT001_OA030_BV008.svg */ = {isa = PBXFileReference; fileEncoding = 4; lastKnownFileType = text.xml; path = BP001_BT001_OA030_BV008.svg; sourceTree = "<group>"; };
		7914CCC01F49C4EE00C5E908 /* BP001_BT001_OA030_BV009.svg */ = {isa = PBXFileReference; fileEncoding = 4; lastKnownFileType = text.xml; path = BP001_BT001_OA030_BV009.svg; sourceTree = "<group>"; };
		7914CCC11F49C4EE00C5E908 /* BP001_BT002_OA011_BV005.svg */ = {isa = PBXFileReference; fileEncoding = 4; lastKnownFileType = text.xml; path = BP001_BT002_OA011_BV005.svg; sourceTree = "<group>"; };
		7914CCC21F49C4EE00C5E908 /* BP001_BT002_OA011_BV006.svg */ = {isa = PBXFileReference; fileEncoding = 4; lastKnownFileType = text.xml; path = BP001_BT002_OA011_BV006.svg; sourceTree = "<group>"; };
		7914CCC31F49C4EE00C5E908 /* BP001_BT002_OA011_BV007.svg */ = {isa = PBXFileReference; fileEncoding = 4; lastKnownFileType = text.xml; path = BP001_BT002_OA011_BV007.svg; sourceTree = "<group>"; };
		7914CCC41F49C4EE00C5E908 /* BP001_BT002_OA011_BV008.svg */ = {isa = PBXFileReference; fileEncoding = 4; lastKnownFileType = text.xml; path = BP001_BT002_OA011_BV008.svg; sourceTree = "<group>"; };
		7914CCC51F49C4EE00C5E908 /* BP001_BT002_OA011_BV009.svg */ = {isa = PBXFileReference; fileEncoding = 4; lastKnownFileType = text.xml; path = BP001_BT002_OA011_BV009.svg; sourceTree = "<group>"; };
		7914CCC61F49C4EE00C5E908 /* BP001_BT002_OA030_BV005.svg */ = {isa = PBXFileReference; fileEncoding = 4; lastKnownFileType = text.xml; path = BP001_BT002_OA030_BV005.svg; sourceTree = "<group>"; };
		7914CCC71F49C4EE00C5E908 /* BP001_BT002_OA030_BV006.svg */ = {isa = PBXFileReference; fileEncoding = 4; lastKnownFileType = text.xml; path = BP001_BT002_OA030_BV006.svg; sourceTree = "<group>"; };
		7914CCC81F49C4EE00C5E908 /* BP001_BT002_OA030_BV007.svg */ = {isa = PBXFileReference; fileEncoding = 4; lastKnownFileType = text.xml; path = BP001_BT002_OA030_BV007.svg; sourceTree = "<group>"; };
		7914CCC91F49C4EE00C5E908 /* BP001_BT002_OA030_BV008.svg */ = {isa = PBXFileReference; fileEncoding = 4; lastKnownFileType = text.xml; path = BP001_BT002_OA030_BV008.svg; sourceTree = "<group>"; };
		7914CCCA1F49C4EE00C5E908 /* BP001_BT002_OA030_BV009.svg */ = {isa = PBXFileReference; fileEncoding = 4; lastKnownFileType = text.xml; path = BP001_BT002_OA030_BV009.svg; sourceTree = "<group>"; };
		7914CCCB1F49C4EE00C5E908 /* BP002_BT001_OA011_BV005.svg */ = {isa = PBXFileReference; fileEncoding = 4; lastKnownFileType = text.xml; path = BP002_BT001_OA011_BV005.svg; sourceTree = "<group>"; };
		7914CCCC1F49C4EE00C5E908 /* BP002_BT001_OA011_BV006.svg */ = {isa = PBXFileReference; fileEncoding = 4; lastKnownFileType = text.xml; path = BP002_BT001_OA011_BV006.svg; sourceTree = "<group>"; };
		7914CCCD1F49C4EE00C5E908 /* BP002_BT001_OA011_BV007.svg */ = {isa = PBXFileReference; fileEncoding = 4; lastKnownFileType = text.xml; path = BP002_BT001_OA011_BV007.svg; sourceTree = "<group>"; };
		7914CCCE1F49C4EE00C5E908 /* BP002_BT001_OA011_BV008.svg */ = {isa = PBXFileReference; fileEncoding = 4; lastKnownFileType = text.xml; path = BP002_BT001_OA011_BV008.svg; sourceTree = "<group>"; };
		7914CCCF1F49C4EE00C5E908 /* BP002_BT001_OA011_BV009.svg */ = {isa = PBXFileReference; fileEncoding = 4; lastKnownFileType = text.xml; path = BP002_BT001_OA011_BV009.svg; sourceTree = "<group>"; };
		7914CCD01F49C4EE00C5E908 /* BP002_BT001_OA030_BV005.svg */ = {isa = PBXFileReference; fileEncoding = 4; lastKnownFileType = text.xml; path = BP002_BT001_OA030_BV005.svg; sourceTree = "<group>"; };
		7914CCD11F49C4EE00C5E908 /* BP002_BT001_OA030_BV006.svg */ = {isa = PBXFileReference; fileEncoding = 4; lastKnownFileType = text.xml; path = BP002_BT001_OA030_BV006.svg; sourceTree = "<group>"; };
		7914CCD21F49C4EE00C5E908 /* BP002_BT001_OA030_BV007.svg */ = {isa = PBXFileReference; fileEncoding = 4; lastKnownFileType = text.xml; path = BP002_BT001_OA030_BV007.svg; sourceTree = "<group>"; };
		7914CCD31F49C4EE00C5E908 /* BP002_BT001_OA030_BV008.svg */ = {isa = PBXFileReference; fileEncoding = 4; lastKnownFileType = text.xml; path = BP002_BT001_OA030_BV008.svg; sourceTree = "<group>"; };
		7914CCD41F49C4EE00C5E908 /* BP002_BT001_OA030_BV009.svg */ = {isa = PBXFileReference; fileEncoding = 4; lastKnownFileType = text.xml; path = BP002_BT001_OA030_BV009.svg; sourceTree = "<group>"; };
		7914CCD51F49C4EE00C5E908 /* BP002_BT002_OA011_BV005.svg */ = {isa = PBXFileReference; fileEncoding = 4; lastKnownFileType = text.xml; path = BP002_BT002_OA011_BV005.svg; sourceTree = "<group>"; };
		7914CCD61F49C4EE00C5E908 /* BP002_BT002_OA011_BV006.svg */ = {isa = PBXFileReference; fileEncoding = 4; lastKnownFileType = text.xml; path = BP002_BT002_OA011_BV006.svg; sourceTree = "<group>"; };
		7914CCD71F49C4EE00C5E908 /* BP002_BT002_OA011_BV007.svg */ = {isa = PBXFileReference; fileEncoding = 4; lastKnownFileType = text.xml; path = BP002_BT002_OA011_BV007.svg; sourceTree = "<group>"; };
		7914CCD81F49C4EE00C5E908 /* BP002_BT002_OA011_BV008.svg */ = {isa = PBXFileReference; fileEncoding = 4; lastKnownFileType = text.xml; path = BP002_BT002_OA011_BV008.svg; sourceTree = "<group>"; };
		7914CCD91F49C4EE00C5E908 /* BP002_BT002_OA011_BV009.svg */ = {isa = PBXFileReference; fileEncoding = 4; lastKnownFileType = text.xml; path = BP002_BT002_OA011_BV009.svg; sourceTree = "<group>"; };
		7914CCDA1F49C4EE00C5E908 /* BP002_BT002_OA030_BV005.svg */ = {isa = PBXFileReference; fileEncoding = 4; lastKnownFileType = text.xml; path = BP002_BT002_OA030_BV005.svg; sourceTree = "<group>"; };
		7914CCDB1F49C4EE00C5E908 /* BP002_BT002_OA030_BV006.svg */ = {isa = PBXFileReference; fileEncoding = 4; lastKnownFileType = text.xml; path = BP002_BT002_OA030_BV006.svg; sourceTree = "<group>"; };
		7914CCDC1F49C4EE00C5E908 /* BP002_BT002_OA030_BV007.svg */ = {isa = PBXFileReference; fileEncoding = 4; lastKnownFileType = text.xml; path = BP002_BT002_OA030_BV007.svg; sourceTree = "<group>"; };
		7914CCDD1F49C4EE00C5E908 /* BP002_BT002_OA030_BV008.svg */ = {isa = PBXFileReference; fileEncoding = 4; lastKnownFileType = text.xml; path = BP002_BT002_OA030_BV008.svg; sourceTree = "<group>"; };
		7914CCDE1F49C4EE00C5E908 /* BP002_BT002_OA030_BV009.svg */ = {isa = PBXFileReference; fileEncoding = 4; lastKnownFileType = text.xml; path = BP002_BT002_OA030_BV009.svg; sourceTree = "<group>"; };
		7914CCDF1F49C4EE00C5E908 /* BP003_BT001_OA000_BV000.svg */ = {isa = PBXFileReference; fileEncoding = 4; lastKnownFileType = text.xml; path = BP003_BT001_OA000_BV000.svg; sourceTree = "<group>"; };
		7914CCE01F49C4EE00C5E908 /* BP003_BT001_OA011_BV000.svg */ = {isa = PBXFileReference; fileEncoding = 4; lastKnownFileType = text.xml; path = BP003_BT001_OA011_BV000.svg; sourceTree = "<group>"; };
		7914CCE11F49C4EE00C5E908 /* BP003_BT001_OA030_BV000.svg */ = {isa = PBXFileReference; fileEncoding = 4; lastKnownFileType = text.xml; path = BP003_BT001_OA030_BV000.svg; sourceTree = "<group>"; };
		7914CCE21F49C4EE00C5E908 /* BP003_BT002_OA000_BV000.svg */ = {isa = PBXFileReference; fileEncoding = 4; lastKnownFileType = text.xml; path = BP003_BT002_OA000_BV000.svg; sourceTree = "<group>"; };
		7914CCE31F49C4EE00C5E908 /* BP003_BT002_OA011_BV000.svg */ = {isa = PBXFileReference; fileEncoding = 4; lastKnownFileType = text.xml; path = BP003_BT002_OA011_BV000.svg; sourceTree = "<group>"; };
		7914CCE41F49C4EE00C5E908 /* BP003_BT002_OA030_BV000.svg */ = {isa = PBXFileReference; fileEncoding = 4; lastKnownFileType = text.xml; path = BP003_BT002_OA030_BV000.svg; sourceTree = "<group>"; };
		7914CCE51F49C4EE00C5E908 /* BP004_BT001_OA000_BV000.svg */ = {isa = PBXFileReference; fileEncoding = 4; lastKnownFileType = text.xml; path = BP004_BT001_OA000_BV000.svg; sourceTree = "<group>"; };
		7914CCE61F49C4EE00C5E908 /* BP004_BT001_OA011_BV000.svg */ = {isa = PBXFileReference; fileEncoding = 4; lastKnownFileType = text.xml; path = BP004_BT001_OA011_BV000.svg; sourceTree = "<group>"; };
		7914CCE71F49C4EE00C5E908 /* BP004_BT001_OA030_BV000.svg */ = {isa = PBXFileReference; fileEncoding = 4; lastKnownFileType = text.xml; path = BP004_BT001_OA030_BV000.svg; sourceTree = "<group>"; };
		7914CCE81F49C4EE00C5E908 /* BP004_BT002_OA000_BV000.svg */ = {isa = PBXFileReference; fileEncoding = 4; lastKnownFileType = text.xml; path = BP004_BT002_OA000_BV000.svg; sourceTree = "<group>"; };
		7914CCE91F49C4EE00C5E908 /* BP004_BT002_OA011_BV000.svg */ = {isa = PBXFileReference; fileEncoding = 4; lastKnownFileType = text.xml; path = BP004_BT002_OA011_BV000.svg; sourceTree = "<group>"; };
		7914CCEA1F49C4EE00C5E908 /* BP004_BT002_OA030_BV000.svg */ = {isa = PBXFileReference; fileEncoding = 4; lastKnownFileType = text.xml; path = BP004_BT002_OA030_BV000.svg; sourceTree = "<group>"; };
		7914CCEB1F49C4EE00C5E908 /* BP005_BT001_OA000_BV001.svg */ = {isa = PBXFileReference; fileEncoding = 4; lastKnownFileType = text.xml; path = BP005_BT001_OA000_BV001.svg; sourceTree = "<group>"; };
		7914CCEC1F49C4EE00C5E908 /* BP005_BT001_OA000_BV002.svg */ = {isa = PBXFileReference; fileEncoding = 4; lastKnownFileType = text.xml; path = BP005_BT001_OA000_BV002.svg; sourceTree = "<group>"; };
		7914CCED1F49C4EE00C5E908 /* BP005_BT001_OA000_BV003.svg */ = {isa = PBXFileReference; fileEncoding = 4; lastKnownFileType = text.xml; path = BP005_BT001_OA000_BV003.svg; sourceTree = "<group>"; };
		7914CCEE1F49C4EE00C5E908 /* BP005_BT001_OA000_BV004.svg */ = {isa = PBXFileReference; fileEncoding = 4; lastKnownFileType = text.xml; path = BP005_BT001_OA000_BV004.svg; sourceTree = "<group>"; };
		7914CCEF1F49C4EE00C5E908 /* BP005_BT001_OA006_BV001.svg */ = {isa = PBXFileReference; fileEncoding = 4; lastKnownFileType = text.xml; path = BP005_BT001_OA006_BV001.svg; sourceTree = "<group>"; };
		7914CCF01F49C4EE00C5E908 /* BP005_BT001_OA006_BV002.svg */ = {isa = PBXFileReference; fileEncoding = 4; lastKnownFileType = text.xml; path = BP005_BT001_OA006_BV002.svg; sourceTree = "<group>"; };
		7914CCF11F49C4EE00C5E908 /* BP005_BT001_OA006_BV003.svg */ = {isa = PBXFileReference; fileEncoding = 4; lastKnownFileType = text.xml; path = BP005_BT001_OA006_BV003.svg; sourceTree = "<group>"; };
		7914CCF21F49C4EE00C5E908 /* BP005_BT001_OA006_BV004.svg */ = {isa = PBXFileReference; fileEncoding = 4; lastKnownFileType = text.xml; path = BP005_BT001_OA006_BV004.svg; sourceTree = "<group>"; };
		7914CCF31F49C4EE00C5E908 /* BP005_BT002_OA000_BV001.svg */ = {isa = PBXFileReference; fileEncoding = 4; lastKnownFileType = text.xml; path = BP005_BT002_OA000_BV001.svg; sourceTree = "<group>"; };
		7914CCF41F49C4EE00C5E908 /* BP005_BT002_OA000_BV002.svg */ = {isa = PBXFileReference; fileEncoding = 4; lastKnownFileType = text.xml; path = BP005_BT002_OA000_BV002.svg; sourceTree = "<group>"; };
		7914CCF51F49C4EE00C5E908 /* BP005_BT002_OA000_BV003.svg */ = {isa = PBXFileReference; fileEncoding = 4; lastKnownFileType = text.xml; path = BP005_BT002_OA000_BV003.svg; sourceTree = "<group>"; };
		7914CCF61F49C4EE00C5E908 /* BP005_BT002_OA000_BV004.svg */ = {isa = PBXFileReference; fileEncoding = 4; lastKnownFileType = text.xml; path = BP005_BT002_OA000_BV004.svg; sourceTree = "<group>"; };
		7914CCF71F49C4EE00C5E908 /* BP005_BT002_OA006_BV001.svg */ = {isa = PBXFileReference; fileEncoding = 4; lastKnownFileType = text.xml; path = BP005_BT002_OA006_BV001.svg; sourceTree = "<group>"; };
		7914CCF81F49C4EE00C5E908 /* BP005_BT002_OA006_BV002.svg */ = {isa = PBXFileReference; fileEncoding = 4; lastKnownFileType = text.xml; path = BP005_BT002_OA006_BV002.svg; sourceTree = "<group>"; };
		7914CCF91F49C4EE00C5E908 /* BP005_BT002_OA006_BV003.svg */ = {isa = PBXFileReference; fileEncoding = 4; lastKnownFileType = text.xml; path = BP005_BT002_OA006_BV003.svg; sourceTree = "<group>"; };
		7914CCFA1F49C4EE00C5E908 /* BP005_BT002_OA006_BV004.svg */ = {isa = PBXFileReference; fileEncoding = 4; lastKnownFileType = text.xml; path = BP005_BT002_OA006_BV004.svg; sourceTree = "<group>"; };
		7914CCFB1F49C4EE00C5E908 /* BP006_BT001_OA000_BV001.svg */ = {isa = PBXFileReference; fileEncoding = 4; lastKnownFileType = text.xml; path = BP006_BT001_OA000_BV001.svg; sourceTree = "<group>"; };
		7914CCFC1F49C4EE00C5E908 /* BP006_BT001_OA000_BV002.svg */ = {isa = PBXFileReference; fileEncoding = 4; lastKnownFileType = text.xml; path = BP006_BT001_OA000_BV002.svg; sourceTree = "<group>"; };
		7914CCFD1F49C4EE00C5E908 /* BP006_BT001_OA000_BV003.svg */ = {isa = PBXFileReference; fileEncoding = 4; lastKnownFileType = text.xml; path = BP006_BT001_OA000_BV003.svg; sourceTree = "<group>"; };
		7914CCFE1F49C4EE00C5E908 /* BP006_BT001_OA000_BV004.svg */ = {isa = PBXFileReference; fileEncoding = 4; lastKnownFileType = text.xml; path = BP006_BT001_OA000_BV004.svg; sourceTree = "<group>"; };
		7914CCFF1F49C4EE00C5E908 /* BP006_BT001_OA025_BV001.svg */ = {isa = PBXFileReference; fileEncoding = 4; lastKnownFileType = text.xml; path = BP006_BT001_OA025_BV001.svg; sourceTree = "<group>"; };
		7914CD001F49C4EE00C5E908 /* BP006_BT001_OA025_BV002.svg */ = {isa = PBXFileReference; fileEncoding = 4; lastKnownFileType = text.xml; path = BP006_BT001_OA025_BV002.svg; sourceTree = "<group>"; };
		7914CD011F49C4EE00C5E908 /* BP006_BT001_OA025_BV003.svg */ = {isa = PBXFileReference; fileEncoding = 4; lastKnownFileType = text.xml; path = BP006_BT001_OA025_BV003.svg; sourceTree = "<group>"; };
		7914CD021F49C4EE00C5E908 /* BP006_BT001_OA025_BV004.svg */ = {isa = PBXFileReference; fileEncoding = 4; lastKnownFileType = text.xml; path = BP006_BT001_OA025_BV004.svg; sourceTree = "<group>"; };
		7914CD031F49C4EE00C5E908 /* BP006_BT001_OA027_BV001.svg */ = {isa = PBXFileReference; fileEncoding = 4; lastKnownFileType = text.xml; path = BP006_BT001_OA027_BV001.svg; sourceTree = "<group>"; };
		7914CD041F49C4EE00C5E908 /* BP006_BT001_OA027_BV002.svg */ = {isa = PBXFileReference; fileEncoding = 4; lastKnownFileType = text.xml; path = BP006_BT001_OA027_BV002.svg; sourceTree = "<group>"; };
		7914CD051F49C4EE00C5E908 /* BP006_BT001_OA027_BV003.svg */ = {isa = PBXFileReference; fileEncoding = 4; lastKnownFileType = text.xml; path = BP006_BT001_OA027_BV003.svg; sourceTree = "<group>"; };
		7914CD061F49C4EE00C5E908 /* BP006_BT001_OA027_BV004.svg */ = {isa = PBXFileReference; fileEncoding = 4; lastKnownFileType = text.xml; path = BP006_BT001_OA027_BV004.svg; sourceTree = "<group>"; };
		7914CD071F49C4EE00C5E908 /* BP006_BT002_OA000_BV001.svg */ = {isa = PBXFileReference; fileEncoding = 4; lastKnownFileType = text.xml; path = BP006_BT002_OA000_BV001.svg; sourceTree = "<group>"; };
		7914CD081F49C4EE00C5E908 /* BP006_BT002_OA000_BV002.svg */ = {isa = PBXFileReference; fileEncoding = 4; lastKnownFileType = text.xml; path = BP006_BT002_OA000_BV002.svg; sourceTree = "<group>"; };
		7914CD091F49C4EE00C5E908 /* BP006_BT002_OA000_BV003.svg */ = {isa = PBXFileReference; fileEncoding = 4; lastKnownFileType = text.xml; path = BP006_BT002_OA000_BV003.svg; sourceTree = "<group>"; };
		7914CD0A1F49C4EE00C5E908 /* BP006_BT002_OA000_BV004.svg */ = {isa = PBXFileReference; fileEncoding = 4; lastKnownFileType = text.xml; path = BP006_BT002_OA000_BV004.svg; sourceTree = "<group>"; };
		7914CD0B1F49C4EE00C5E908 /* BP006_BT002_OA025_BV001.svg */ = {isa = PBXFileReference; fileEncoding = 4; lastKnownFileType = text.xml; path = BP006_BT002_OA025_BV001.svg; sourceTree = "<group>"; };
		7914CD0C1F49C4EE00C5E908 /* BP006_BT002_OA025_BV002.svg */ = {isa = PBXFileReference; fileEncoding = 4; lastKnownFileType = text.xml; path = BP006_BT002_OA025_BV002.svg; sourceTree = "<group>"; };
		7914CD0D1F49C4EE00C5E908 /* BP006_BT002_OA025_BV003.svg */ = {isa = PBXFileReference; fileEncoding = 4; lastKnownFileType = text.xml; path = BP006_BT002_OA025_BV003.svg; sourceTree = "<group>"; };
		7914CD0E1F49C4EE00C5E908 /* BP006_BT002_OA025_BV004.svg */ = {isa = PBXFileReference; fileEncoding = 4; lastKnownFileType = text.xml; path = BP006_BT002_OA025_BV004.svg; sourceTree = "<group>"; };
		7914CD0F1F49C4EE00C5E908 /* BP006_BT002_OA027_BV001.svg */ = {isa = PBXFileReference; fileEncoding = 4; lastKnownFileType = text.xml; path = BP006_BT002_OA027_BV001.svg; sourceTree = "<group>"; };
		7914CD101F49C4EE00C5E908 /* BP006_BT002_OA027_BV002.svg */ = {isa = PBXFileReference; fileEncoding = 4; lastKnownFileType = text.xml; path = BP006_BT002_OA027_BV002.svg; sourceTree = "<group>"; };
		7914CD111F49C4EE00C5E908 /* BP006_BT002_OA027_BV003.svg */ = {isa = PBXFileReference; fileEncoding = 4; lastKnownFileType = text.xml; path = BP006_BT002_OA027_BV003.svg; sourceTree = "<group>"; };
		7914CD121F49C4EE00C5E908 /* BP006_BT002_OA027_BV004.svg */ = {isa = PBXFileReference; fileEncoding = 4; lastKnownFileType = text.xml; path = BP006_BT002_OA027_BV004.svg; sourceTree = "<group>"; };
		7914CD131F49C4EE00C5E908 /* BP007_BT001_OA000_BV000.svg */ = {isa = PBXFileReference; fileEncoding = 4; lastKnownFileType = text.xml; path = BP007_BT001_OA000_BV000.svg; sourceTree = "<group>"; };
		7914CD141F49C4EE00C5E908 /* BP007_BT001_OA027_BV000.svg */ = {isa = PBXFileReference; fileEncoding = 4; lastKnownFileType = text.xml; path = BP007_BT001_OA027_BV000.svg; sourceTree = "<group>"; };
		7914CD151F49C4EE00C5E908 /* BP007_BT002_OA000_BV000.svg */ = {isa = PBXFileReference; fileEncoding = 4; lastKnownFileType = text.xml; path = BP007_BT002_OA000_BV000.svg; sourceTree = "<group>"; };
		7914CD161F49C4EE00C5E908 /* BP007_BT002_OA027_BV000.svg */ = {isa = PBXFileReference; fileEncoding = 4; lastKnownFileType = text.xml; path = BP007_BT002_OA027_BV000.svg; sourceTree = "<group>"; };
		7914CD171F49C4EE00C5E908 /* BP008_BT001_OA000_BV000.svg */ = {isa = PBXFileReference; fileEncoding = 4; lastKnownFileType = text.xml; path = BP008_BT001_OA000_BV000.svg; sourceTree = "<group>"; };
		7914CD181F49C4EE00C5E908 /* BP008_BT002_OA000_BV000.svg */ = {isa = PBXFileReference; fileEncoding = 4; lastKnownFileType = text.xml; path = BP008_BT002_OA000_BV000.svg; sourceTree = "<group>"; };
		7914CD191F49C4EE00C5E908 /* BP009_BT001_OA000_BV000.svg */ = {isa = PBXFileReference; fileEncoding = 4; lastKnownFileType = text.xml; path = BP009_BT001_OA000_BV000.svg; sourceTree = "<group>"; };
		7914CD1A1F49C4EE00C5E908 /* BP009_BT001_OA027_BV000.svg */ = {isa = PBXFileReference; fileEncoding = 4; lastKnownFileType = text.xml; path = BP009_BT001_OA027_BV000.svg; sourceTree = "<group>"; };
		7914CD1B1F49C4EE00C5E908 /* BP009_BT002_OA000_BV000.svg */ = {isa = PBXFileReference; fileEncoding = 4; lastKnownFileType = text.xml; path = BP009_BT002_OA000_BV000.svg; sourceTree = "<group>"; };
		7914CD1C1F49C4EE00C5E908 /* BP009_BT002_OA027_BV000.svg */ = {isa = PBXFileReference; fileEncoding = 4; lastKnownFileType = text.xml; path = BP009_BT002_OA027_BV000.svg; sourceTree = "<group>"; };
		7914CD1D1F49C4EE00C5E908 /* BP010_BT001_OA000_BV000.svg */ = {isa = PBXFileReference; fileEncoding = 4; lastKnownFileType = text.xml; path = BP010_BT001_OA000_BV000.svg; sourceTree = "<group>"; };
		7914CD1E1F49C4EE00C5E908 /* BP010_BT002_OA000_BV000.svg */ = {isa = PBXFileReference; fileEncoding = 4; lastKnownFileType = text.xml; path = BP010_BT002_OA000_BV000.svg; sourceTree = "<group>"; };
		7914CD1F1F49C4EE00C5E908 /* BP011_BT001_OA000_BV000.svg */ = {isa = PBXFileReference; fileEncoding = 4; lastKnownFileType = text.xml; path = BP011_BT001_OA000_BV000.svg; sourceTree = "<group>"; };
		7914CD201F49C4EE00C5E908 /* BP011_BT001_OA006_BV000.svg */ = {isa = PBXFileReference; fileEncoding = 4; lastKnownFileType = text.xml; path = BP011_BT001_OA006_BV000.svg; sourceTree = "<group>"; };
		7914CD211F49C4EF00C5E908 /* BP011_BT002_OA000_BV000.svg */ = {isa = PBXFileReference; fileEncoding = 4; lastKnownFileType = text.xml; path = BP011_BT002_OA000_BV000.svg; sourceTree = "<group>"; };
		7914CD221F49C4EF00C5E908 /* BP011_BT002_OA006_BV000.svg */ = {isa = PBXFileReference; fileEncoding = 4; lastKnownFileType = text.xml; path = BP011_BT002_OA006_BV000.svg; sourceTree = "<group>"; };
		7914CD231F49C4EF00C5E908 /* BP012_BT001_OA000_BV000.svg */ = {isa = PBXFileReference; fileEncoding = 4; lastKnownFileType = text.xml; path = BP012_BT001_OA000_BV000.svg; sourceTree = "<group>"; };
		7914CD241F49C4EF00C5E908 /* BP012_BT001_OA006_BV000.svg */ = {isa = PBXFileReference; fileEncoding = 4; lastKnownFileType = text.xml; path = BP012_BT001_OA006_BV000.svg; sourceTree = "<group>"; };
		7914CD251F49C4EF00C5E908 /* BP012_BT002_OA000_BV000.svg */ = {isa = PBXFileReference; fileEncoding = 4; lastKnownFileType = text.xml; path = BP012_BT002_OA000_BV000.svg; sourceTree = "<group>"; };
		7914CD261F49C4EF00C5E908 /* BP012_BT002_OA006_BV000.svg */ = {isa = PBXFileReference; fileEncoding = 4; lastKnownFileType = text.xml; path = BP012_BT002_OA006_BV000.svg; sourceTree = "<group>"; };
		7914CD271F49C4EF00C5E908 /* BP013_BT001_OA000_BV000.svg */ = {isa = PBXFileReference; fileEncoding = 4; lastKnownFileType = text.xml; path = BP013_BT001_OA000_BV000.svg; sourceTree = "<group>"; };
		7914CD281F49C4EF00C5E908 /* BP013_BT001_OA006_BV000.svg */ = {isa = PBXFileReference; fileEncoding = 4; lastKnownFileType = text.xml; path = BP013_BT001_OA006_BV000.svg; sourceTree = "<group>"; };
		7914CD291F49C4EF00C5E908 /* BP013_BT002_OA000_BV000.svg */ = {isa = PBXFileReference; fileEncoding = 4; lastKnownFileType = text.xml; path = BP013_BT002_OA000_BV000.svg; sourceTree = "<group>"; };
		7914CD2A1F49C4EF00C5E908 /* BP013_BT002_OA006_BV000.svg */ = {isa = PBXFileReference; fileEncoding = 4; lastKnownFileType = text.xml; path = BP013_BT002_OA006_BV000.svg; sourceTree = "<group>"; };
		7914CD2B1F49C4EF00C5E908 /* BP014_BT001_OA000_BV000.svg */ = {isa = PBXFileReference; fileEncoding = 4; lastKnownFileType = text.xml; path = BP014_BT001_OA000_BV000.svg; sourceTree = "<group>"; };
		7914CD2C1F49C4EF00C5E908 /* BP014_BT001_OA006_BV000.svg */ = {isa = PBXFileReference; fileEncoding = 4; lastKnownFileType = text.xml; path = BP014_BT001_OA006_BV000.svg; sourceTree = "<group>"; };
		7914CD2D1F49C4EF00C5E908 /* BP014_BT002_OA000_BV000.svg */ = {isa = PBXFileReference; fileEncoding = 4; lastKnownFileType = text.xml; path = BP014_BT002_OA000_BV000.svg; sourceTree = "<group>"; };
		7914CD2E1F49C4EF00C5E908 /* BP014_BT002_OA006_BV000.svg */ = {isa = PBXFileReference; fileEncoding = 4; lastKnownFileType = text.xml; path = BP014_BT002_OA006_BV000.svg; sourceTree = "<group>"; };
		7914CD2F1F49C4EF00C5E908 /* BP015_BT001_OA000_BV000.svg */ = {isa = PBXFileReference; fileEncoding = 4; lastKnownFileType = text.xml; path = BP015_BT001_OA000_BV000.svg; sourceTree = "<group>"; };
		7914CD301F49C4EF00C5E908 /* BP015_BT001_OA017_BV001.svg */ = {isa = PBXFileReference; fileEncoding = 4; lastKnownFileType = text.xml; path = BP015_BT001_OA017_BV001.svg; sourceTree = "<group>"; };
		7914CD311F49C4EF00C5E908 /* BP015_BT001_OA017_BV002.svg */ = {isa = PBXFileReference; fileEncoding = 4; lastKnownFileType = text.xml; path = BP015_BT001_OA017_BV002.svg; sourceTree = "<group>"; };
		7914CD321F49C4EF00C5E908 /* BP015_BT001_OA017_BV003.svg */ = {isa = PBXFileReference; fileEncoding = 4; lastKnownFileType = text.xml; path = BP015_BT001_OA017_BV003.svg; sourceTree = "<group>"; };
		7914CD331F49C4EF00C5E908 /* BP015_BT001_OA017_BV004.svg */ = {isa = PBXFileReference; fileEncoding = 4; lastKnownFileType = text.xml; path = BP015_BT001_OA017_BV004.svg; sourceTree = "<group>"; };
		7914CD341F49C4EF00C5E908 /* BP015_BT002_OA000_BV000.svg */ = {isa = PBXFileReference; fileEncoding = 4; lastKnownFileType = text.xml; path = BP015_BT002_OA000_BV000.svg; sourceTree = "<group>"; };
		7914CD351F49C4EF00C5E908 /* BP015_BT002_OA017_BV001.svg */ = {isa = PBXFileReference; fileEncoding = 4; lastKnownFileType = text.xml; path = BP015_BT002_OA017_BV001.svg; sourceTree = "<group>"; };
		7914CD361F49C4EF00C5E908 /* BP015_BT002_OA017_BV002.svg */ = {isa = PBXFileReference; fileEncoding = 4; lastKnownFileType = text.xml; path = BP015_BT002_OA017_BV002.svg; sourceTree = "<group>"; };
		7914CD371F49C4EF00C5E908 /* BP015_BT002_OA017_BV003.svg */ = {isa = PBXFileReference; fileEncoding = 4; lastKnownFileType = text.xml; path = BP015_BT002_OA017_BV003.svg; sourceTree = "<group>"; };
		7914CD381F49C4EF00C5E908 /* BP015_BT002_OA017_BV004.svg */ = {isa = PBXFileReference; fileEncoding = 4; lastKnownFileType = text.xml; path = BP015_BT002_OA017_BV004.svg; sourceTree = "<group>"; };
		7914CD391F49C4EF00C5E908 /* ES001.svg */ = {isa = PBXFileReference; fileEncoding = 4; lastKnownFileType = text.xml; path = ES001.svg; sourceTree = "<group>"; };
		7914CD3A1F49C4EF00C5E908 /* ES002.svg */ = {isa = PBXFileReference; fileEncoding = 4; lastKnownFileType = text.xml; path = ES002.svg; sourceTree = "<group>"; };
		7914CD3B1F49C4EF00C5E908 /* EW000.svg */ = {isa = PBXFileReference; fileEncoding = 4; lastKnownFileType = text.xml; path = EW000.svg; sourceTree = "<group>"; };
		7914CD3C1F49C4EF00C5E908 /* EW007.svg */ = {isa = PBXFileReference; fileEncoding = 4; lastKnownFileType = text.xml; path = EW007.svg; sourceTree = "<group>"; };
		7914CD3D1F49C4EF00C5E908 /* EX001.svg */ = {isa = PBXFileReference; fileEncoding = 4; lastKnownFileType = text.xml; path = EX001.svg; sourceTree = "<group>"; };
		7914CD3E1F49C4EF00C5E908 /* EX002.svg */ = {isa = PBXFileReference; fileEncoding = 4; lastKnownFileType = text.xml; path = EX002.svg; sourceTree = "<group>"; };
		7914CD3F1F49C4EF00C5E908 /* HS001.svg */ = {isa = PBXFileReference; fileEncoding = 4; lastKnownFileType = text.xml; path = HS001.svg; sourceTree = "<group>"; };
		7914CD401F49C4EF00C5E908 /* HS002.svg */ = {isa = PBXFileReference; fileEncoding = 4; lastKnownFileType = text.xml; path = HS002.svg; sourceTree = "<group>"; };
		7914CD411F49C4EF00C5E908 /* HW000.svg */ = {isa = PBXFileReference; fileEncoding = 4; lastKnownFileType = text.xml; path = HW000.svg; sourceTree = "<group>"; };
		7914CD421F49C4EF00C5E908 /* HW001.svg */ = {isa = PBXFileReference; fileEncoding = 4; lastKnownFileType = text.xml; path = HW001.svg; sourceTree = "<group>"; };
		7914CD431F49C4EF00C5E908 /* LH000.svg */ = {isa = PBXFileReference; fileEncoding = 4; lastKnownFileType = text.xml; path = LH000.svg; sourceTree = "<group>"; };
		7914CD441F49C4EF00C5E908 /* LH009.svg */ = {isa = PBXFileReference; fileEncoding = 4; lastKnownFileType = text.xml; path = LH009.svg; sourceTree = "<group>"; };
		7914CD451F49C4EF00C5E908 /* RH000.svg */ = {isa = PBXFileReference; fileEncoding = 4; lastKnownFileType = text.xml; path = RH000.svg; sourceTree = "<group>"; };
		791A5B881F48A6C200BA0188 /* car_black.png */ = {isa = PBXFileReference; lastKnownFileType = image.png; path = car_black.png; sourceTree = "<group>"; };
		7954215F1F460DE500DBBBE0 /* ClairaBellaDemo.app */ = {isa = PBXFileReference; explicitFileType = wrapper.application; includeInIndex = 0; path = ClairaBellaDemo.app; sourceTree = BUILT_PRODUCTS_DIR; };
		795421621F460DE500DBBBE0 /* AppDelegate.swift */ = {isa = PBXFileReference; lastKnownFileType = sourcecode.swift; path = AppDelegate.swift; sourceTree = "<group>"; };
		795421641F460DE500DBBBE0 /* ViewController.swift */ = {isa = PBXFileReference; lastKnownFileType = sourcecode.swift; path = ViewController.swift; sourceTree = "<group>"; };
		795421671F460DE500DBBBE0 /* Base */ = {isa = PBXFileReference; lastKnownFileType = file.storyboard; name = Base; path = Base.lproj/Main.storyboard; sourceTree = "<group>"; };
		795421691F460DE500DBBBE0 /* Assets.xcassets */ = {isa = PBXFileReference; lastKnownFileType = folder.assetcatalog; path = Assets.xcassets; sourceTree = "<group>"; };
		7954216C1F460DE500DBBBE0 /* Base */ = {isa = PBXFileReference; lastKnownFileType = file.storyboard; name = Base; path = Base.lproj/LaunchScreen.storyboard; sourceTree = "<group>"; };
		7954216E1F460DE500DBBBE0 /* Info.plist */ = {isa = PBXFileReference; lastKnownFileType = text.plist.xml; path = Info.plist; sourceTree = "<group>"; };
/* End PBXFileReference section */

/* Begin PBXFrameworksBuildPhase section */
		7954215C1F460DE500DBBBE0 /* Frameworks */ = {
			isa = PBXFrameworksBuildPhase;
			buildActionMask = 2147483647;
			files = (
			);
			runOnlyForDeploymentPostprocessing = 0;
		};
/* End PBXFrameworksBuildPhase section */

/* Begin PBXGroup section */
		7914CCB61F49C4EE00C5E908 /* svgs */ = {
			isa = PBXGroup;
			children = (
				7914CCB71F49C4EE00C5E908 /* BP001_BT001_OA011_BV005.svg */,
				7914CCB81F49C4EE00C5E908 /* BP001_BT001_OA011_BV006.svg */,
				7914CCB91F49C4EE00C5E908 /* BP001_BT001_OA011_BV007.svg */,
				7914CCBA1F49C4EE00C5E908 /* BP001_BT001_OA011_BV008.svg */,
				7914CCBB1F49C4EE00C5E908 /* BP001_BT001_OA011_BV009.svg */,
				7914CCBC1F49C4EE00C5E908 /* BP001_BT001_OA030_BV005.svg */,
				7914CCBD1F49C4EE00C5E908 /* BP001_BT001_OA030_BV006.svg */,
				7914CCBE1F49C4EE00C5E908 /* BP001_BT001_OA030_BV007.svg */,
				7914CCBF1F49C4EE00C5E908 /* BP001_BT001_OA030_BV008.svg */,
				7914CCC01F49C4EE00C5E908 /* BP001_BT001_OA030_BV009.svg */,
				7914CCC11F49C4EE00C5E908 /* BP001_BT002_OA011_BV005.svg */,
				7914CCC21F49C4EE00C5E908 /* BP001_BT002_OA011_BV006.svg */,
				7914CCC31F49C4EE00C5E908 /* BP001_BT002_OA011_BV007.svg */,
				7914CCC41F49C4EE00C5E908 /* BP001_BT002_OA011_BV008.svg */,
				7914CCC51F49C4EE00C5E908 /* BP001_BT002_OA011_BV009.svg */,
				7914CCC61F49C4EE00C5E908 /* BP001_BT002_OA030_BV005.svg */,
				7914CCC71F49C4EE00C5E908 /* BP001_BT002_OA030_BV006.svg */,
				7914CCC81F49C4EE00C5E908 /* BP001_BT002_OA030_BV007.svg */,
				7914CCC91F49C4EE00C5E908 /* BP001_BT002_OA030_BV008.svg */,
				7914CCCA1F49C4EE00C5E908 /* BP001_BT002_OA030_BV009.svg */,
				7914CCCB1F49C4EE00C5E908 /* BP002_BT001_OA011_BV005.svg */,
				7914CCCC1F49C4EE00C5E908 /* BP002_BT001_OA011_BV006.svg */,
				7914CCCD1F49C4EE00C5E908 /* BP002_BT001_OA011_BV007.svg */,
				7914CCCE1F49C4EE00C5E908 /* BP002_BT001_OA011_BV008.svg */,
				7914CCCF1F49C4EE00C5E908 /* BP002_BT001_OA011_BV009.svg */,
				7914CCD01F49C4EE00C5E908 /* BP002_BT001_OA030_BV005.svg */,
				7914CCD11F49C4EE00C5E908 /* BP002_BT001_OA030_BV006.svg */,
				7914CCD21F49C4EE00C5E908 /* BP002_BT001_OA030_BV007.svg */,
				7914CCD31F49C4EE00C5E908 /* BP002_BT001_OA030_BV008.svg */,
				7914CCD41F49C4EE00C5E908 /* BP002_BT001_OA030_BV009.svg */,
				7914CCD51F49C4EE00C5E908 /* BP002_BT002_OA011_BV005.svg */,
				7914CCD61F49C4EE00C5E908 /* BP002_BT002_OA011_BV006.svg */,
				7914CCD71F49C4EE00C5E908 /* BP002_BT002_OA011_BV007.svg */,
				7914CCD81F49C4EE00C5E908 /* BP002_BT002_OA011_BV008.svg */,
				7914CCD91F49C4EE00C5E908 /* BP002_BT002_OA011_BV009.svg */,
				7914CCDA1F49C4EE00C5E908 /* BP002_BT002_OA030_BV005.svg */,
				7914CCDB1F49C4EE00C5E908 /* BP002_BT002_OA030_BV006.svg */,
				7914CCDC1F49C4EE00C5E908 /* BP002_BT002_OA030_BV007.svg */,
				7914CCDD1F49C4EE00C5E908 /* BP002_BT002_OA030_BV008.svg */,
				7914CCDE1F49C4EE00C5E908 /* BP002_BT002_OA030_BV009.svg */,
				7914CCDF1F49C4EE00C5E908 /* BP003_BT001_OA000_BV000.svg */,
				7914CCE01F49C4EE00C5E908 /* BP003_BT001_OA011_BV000.svg */,
				7914CCE11F49C4EE00C5E908 /* BP003_BT001_OA030_BV000.svg */,
				7914CCE21F49C4EE00C5E908 /* BP003_BT002_OA000_BV000.svg */,
				7914CCE31F49C4EE00C5E908 /* BP003_BT002_OA011_BV000.svg */,
				7914CCE41F49C4EE00C5E908 /* BP003_BT002_OA030_BV000.svg */,
				7914CCE51F49C4EE00C5E908 /* BP004_BT001_OA000_BV000.svg */,
				7914CCE61F49C4EE00C5E908 /* BP004_BT001_OA011_BV000.svg */,
				7914CCE71F49C4EE00C5E908 /* BP004_BT001_OA030_BV000.svg */,
				7914CCE81F49C4EE00C5E908 /* BP004_BT002_OA000_BV000.svg */,
				7914CCE91F49C4EE00C5E908 /* BP004_BT002_OA011_BV000.svg */,
				7914CCEA1F49C4EE00C5E908 /* BP004_BT002_OA030_BV000.svg */,
				7914CCEB1F49C4EE00C5E908 /* BP005_BT001_OA000_BV001.svg */,
				7914CCEC1F49C4EE00C5E908 /* BP005_BT001_OA000_BV002.svg */,
				7914CCED1F49C4EE00C5E908 /* BP005_BT001_OA000_BV003.svg */,
				7914CCEE1F49C4EE00C5E908 /* BP005_BT001_OA000_BV004.svg */,
				7914CCEF1F49C4EE00C5E908 /* BP005_BT001_OA006_BV001.svg */,
				7914CCF01F49C4EE00C5E908 /* BP005_BT001_OA006_BV002.svg */,
				7914CCF11F49C4EE00C5E908 /* BP005_BT001_OA006_BV003.svg */,
				7914CCF21F49C4EE00C5E908 /* BP005_BT001_OA006_BV004.svg */,
				7914CCF31F49C4EE00C5E908 /* BP005_BT002_OA000_BV001.svg */,
				7914CCF41F49C4EE00C5E908 /* BP005_BT002_OA000_BV002.svg */,
				7914CCF51F49C4EE00C5E908 /* BP005_BT002_OA000_BV003.svg */,
				7914CCF61F49C4EE00C5E908 /* BP005_BT002_OA000_BV004.svg */,
				7914CCF71F49C4EE00C5E908 /* BP005_BT002_OA006_BV001.svg */,
				7914CCF81F49C4EE00C5E908 /* BP005_BT002_OA006_BV002.svg */,
				7914CCF91F49C4EE00C5E908 /* BP005_BT002_OA006_BV003.svg */,
				7914CCFA1F49C4EE00C5E908 /* BP005_BT002_OA006_BV004.svg */,
				7914CCFB1F49C4EE00C5E908 /* BP006_BT001_OA000_BV001.svg */,
				7914CCFC1F49C4EE00C5E908 /* BP006_BT001_OA000_BV002.svg */,
				7914CCFD1F49C4EE00C5E908 /* BP006_BT001_OA000_BV003.svg */,
				7914CCFE1F49C4EE00C5E908 /* BP006_BT001_OA000_BV004.svg */,
				7914CCFF1F49C4EE00C5E908 /* BP006_BT001_OA025_BV001.svg */,
				7914CD001F49C4EE00C5E908 /* BP006_BT001_OA025_BV002.svg */,
				7914CD011F49C4EE00C5E908 /* BP006_BT001_OA025_BV003.svg */,
				7914CD021F49C4EE00C5E908 /* BP006_BT001_OA025_BV004.svg */,
				7914CD031F49C4EE00C5E908 /* BP006_BT001_OA027_BV001.svg */,
				7914CD041F49C4EE00C5E908 /* BP006_BT001_OA027_BV002.svg */,
				7914CD051F49C4EE00C5E908 /* BP006_BT001_OA027_BV003.svg */,
				7914CD061F49C4EE00C5E908 /* BP006_BT001_OA027_BV004.svg */,
				7914CD071F49C4EE00C5E908 /* BP006_BT002_OA000_BV001.svg */,
				7914CD081F49C4EE00C5E908 /* BP006_BT002_OA000_BV002.svg */,
				7914CD091F49C4EE00C5E908 /* BP006_BT002_OA000_BV003.svg */,
				7914CD0A1F49C4EE00C5E908 /* BP006_BT002_OA000_BV004.svg */,
				7914CD0B1F49C4EE00C5E908 /* BP006_BT002_OA025_BV001.svg */,
				7914CD0C1F49C4EE00C5E908 /* BP006_BT002_OA025_BV002.svg */,
				7914CD0D1F49C4EE00C5E908 /* BP006_BT002_OA025_BV003.svg */,
				7914CD0E1F49C4EE00C5E908 /* BP006_BT002_OA025_BV004.svg */,
				7914CD0F1F49C4EE00C5E908 /* BP006_BT002_OA027_BV001.svg */,
				7914CD101F49C4EE00C5E908 /* BP006_BT002_OA027_BV002.svg */,
				7914CD111F49C4EE00C5E908 /* BP006_BT002_OA027_BV003.svg */,
				7914CD121F49C4EE00C5E908 /* BP006_BT002_OA027_BV004.svg */,
				7914CD131F49C4EE00C5E908 /* BP007_BT001_OA000_BV000.svg */,
				7914CD141F49C4EE00C5E908 /* BP007_BT001_OA027_BV000.svg */,
				7914CD151F49C4EE00C5E908 /* BP007_BT002_OA000_BV000.svg */,
				7914CD161F49C4EE00C5E908 /* BP007_BT002_OA027_BV000.svg */,
				7914CD171F49C4EE00C5E908 /* BP008_BT001_OA000_BV000.svg */,
				7914CD181F49C4EE00C5E908 /* BP008_BT002_OA000_BV000.svg */,
				7914CD191F49C4EE00C5E908 /* BP009_BT001_OA000_BV000.svg */,
				7914CD1A1F49C4EE00C5E908 /* BP009_BT001_OA027_BV000.svg */,
				7914CD1B1F49C4EE00C5E908 /* BP009_BT002_OA000_BV000.svg */,
				7914CD1C1F49C4EE00C5E908 /* BP009_BT002_OA027_BV000.svg */,
				7914CD1D1F49C4EE00C5E908 /* BP010_BT001_OA000_BV000.svg */,
				7914CD1E1F49C4EE00C5E908 /* BP010_BT002_OA000_BV000.svg */,
				7914CD1F1F49C4EE00C5E908 /* BP011_BT001_OA000_BV000.svg */,
				7914CD201F49C4EE00C5E908 /* BP011_BT001_OA006_BV000.svg */,
				7914CD211F49C4EF00C5E908 /* BP011_BT002_OA000_BV000.svg */,
				7914CD221F49C4EF00C5E908 /* BP011_BT002_OA006_BV000.svg */,
				7914CD231F49C4EF00C5E908 /* BP012_BT001_OA000_BV000.svg */,
				7914CD241F49C4EF00C5E908 /* BP012_BT001_OA006_BV000.svg */,
				7914CD251F49C4EF00C5E908 /* BP012_BT002_OA000_BV000.svg */,
				7914CD261F49C4EF00C5E908 /* BP012_BT002_OA006_BV000.svg */,
				7914CD271F49C4EF00C5E908 /* BP013_BT001_OA000_BV000.svg */,
				7914CD281F49C4EF00C5E908 /* BP013_BT001_OA006_BV000.svg */,
				7914CD291F49C4EF00C5E908 /* BP013_BT002_OA000_BV000.svg */,
				7914CD2A1F49C4EF00C5E908 /* BP013_BT002_OA006_BV000.svg */,
				7914CD2B1F49C4EF00C5E908 /* BP014_BT001_OA000_BV000.svg */,
				7914CD2C1F49C4EF00C5E908 /* BP014_BT001_OA006_BV000.svg */,
				7914CD2D1F49C4EF00C5E908 /* BP014_BT002_OA000_BV000.svg */,
				7914CD2E1F49C4EF00C5E908 /* BP014_BT002_OA006_BV000.svg */,
				7914CD2F1F49C4EF00C5E908 /* BP015_BT001_OA000_BV000.svg */,
				7914CD301F49C4EF00C5E908 /* BP015_BT001_OA017_BV001.svg */,
				7914CD311F49C4EF00C5E908 /* BP015_BT001_OA017_BV002.svg */,
				7914CD321F49C4EF00C5E908 /* BP015_BT001_OA017_BV003.svg */,
				7914CD331F49C4EF00C5E908 /* BP015_BT001_OA017_BV004.svg */,
				7914CD341F49C4EF00C5E908 /* BP015_BT002_OA000_BV000.svg */,
				7914CD351F49C4EF00C5E908 /* BP015_BT002_OA017_BV001.svg */,
				7914CD361F49C4EF00C5E908 /* BP015_BT002_OA017_BV002.svg */,
				7914CD371F49C4EF00C5E908 /* BP015_BT002_OA017_BV003.svg */,
				7914CD381F49C4EF00C5E908 /* BP015_BT002_OA017_BV004.svg */,
				7914CD391F49C4EF00C5E908 /* ES001.svg */,
				7914CD3A1F49C4EF00C5E908 /* ES002.svg */,
				7914CD3B1F49C4EF00C5E908 /* EW000.svg */,
				7914CD3C1F49C4EF00C5E908 /* EW007.svg */,
				7914CD3D1F49C4EF00C5E908 /* EX001.svg */,
				7914CD3E1F49C4EF00C5E908 /* EX002.svg */,
				7914CD3F1F49C4EF00C5E908 /* HS001.svg */,
				7914CD401F49C4EF00C5E908 /* HS002.svg */,
				7914CD411F49C4EF00C5E908 /* HW000.svg */,
				7914CD421F49C4EF00C5E908 /* HW001.svg */,
				7914CD431F49C4EF00C5E908 /* LH000.svg */,
				7914CD441F49C4EF00C5E908 /* LH009.svg */,
				7914CD451F49C4EF00C5E908 /* RH000.svg */,
			);
			path = svgs;
			sourceTree = "<group>";
		};
		795421561F460DE500DBBBE0 = {
			isa = PBXGroup;
			children = (
				795421611F460DE500DBBBE0 /* ClairaBellaDemo */,
				795421601F460DE500DBBBE0 /* Products */,
			);
			sourceTree = "<group>";
		};
		795421601F460DE500DBBBE0 /* Products */ = {
			isa = PBXGroup;
			children = (
				7954215F1F460DE500DBBBE0 /* ClairaBellaDemo.app */,
			);
			name = Products;
			sourceTree = "<group>";
		};
		795421611F460DE500DBBBE0 /* ClairaBellaDemo */ = {
			isa = PBXGroup;
			children = (
				7914CCB61F49C4EE00C5E908 /* svgs */,
				791A5B881F48A6C200BA0188 /* car_black.png */,
				795421621F460DE500DBBBE0 /* AppDelegate.swift */,
				795421641F460DE500DBBBE0 /* ViewController.swift */,
				795421661F460DE500DBBBE0 /* Main.storyboard */,
				795421691F460DE500DBBBE0 /* Assets.xcassets */,
				7954216B1F460DE500DBBBE0 /* LaunchScreen.storyboard */,
				7954216E1F460DE500DBBBE0 /* Info.plist */,
			);
			path = ClairaBellaDemo;
			sourceTree = "<group>";
		};
/* End PBXGroup section */

/* Begin PBXNativeTarget section */
		7954215E1F460DE500DBBBE0 /* ClairaBellaDemo */ = {
			isa = PBXNativeTarget;
			buildConfigurationList = 795421711F460DE500DBBBE0 /* Build configuration list for PBXNativeTarget "ClairaBellaDemo" */;
			buildPhases = (
				7954215B1F460DE500DBBBE0 /* Sources */,
				7954215C1F460DE500DBBBE0 /* Frameworks */,
				7954215D1F460DE500DBBBE0 /* Resources */,
			);
			buildRules = (
			);
			dependencies = (
			);
			name = ClairaBellaDemo;
			productName = ClairaBellaDemo;
			productReference = 7954215F1F460DE500DBBBE0 /* ClairaBellaDemo.app */;
			productType = "com.apple.product-type.application";
		};
/* End PBXNativeTarget section */

/* Begin PBXProject section */
		795421571F460DE500DBBBE0 /* Project object */ = {
			isa = PBXProject;
			attributes = {
				LastSwiftUpdateCheck = 0800;
				LastUpgradeCheck = 0800;
				ORGANIZATIONNAME = "Vikash Kumar";
				TargetAttributes = {
					7954215E1F460DE500DBBBE0 = {
						CreatedOnToolsVersion = 8.0;
						ProvisioningStyle = Automatic;
					};
				};
			};
			buildConfigurationList = 7954215A1F460DE500DBBBE0 /* Build configuration list for PBXProject "ClairaBellaDemo" */;
			compatibilityVersion = "Xcode 3.2";
			developmentRegion = English;
			hasScannedForEncodings = 0;
			knownRegions = (
				en,
				Base,
			);
			mainGroup = 795421561F460DE500DBBBE0;
			productRefGroup = 795421601F460DE500DBBBE0 /* Products */;
			projectDirPath = "";
			projectRoot = "";
			targets = (
				7954215E1F460DE500DBBBE0 /* ClairaBellaDemo */,
			);
		};
/* End PBXProject section */

/* Begin PBXResourcesBuildPhase section */
		7954215D1F460DE500DBBBE0 /* Resources */ = {
			isa = PBXResourcesBuildPhase;
			buildActionMask = 2147483647;
			files = (
				7914CDB11F49C4EF00C5E908 /* BP011_BT002_OA006_BV000.svg in Resources */,
				7914CD481F49C4EF00C5E908 /* BP001_BT001_OA011_BV007.svg in Resources */,
				7914CD851F49C4EF00C5E908 /* BP005_BT002_OA000_BV004.svg in Resources */,
				7914CD571F49C4EF00C5E908 /* BP001_BT002_OA030_BV007.svg in Resources */,
				7914CD771F49C4EF00C5E908 /* BP004_BT002_OA000_BV000.svg in Resources */,
				7914CD6D1F49C4EF00C5E908 /* BP002_BT002_OA030_BV009.svg in Resources */,
				7914CD821F49C4EF00C5E908 /* BP005_BT002_OA000_BV001.svg in Resources */,
				7914CDCA1F49C4EF00C5E908 /* EW000.svg in Resources */,
				7914CD981F49C4EF00C5E908 /* BP006_BT002_OA000_BV003.svg in Resources */,
				7914CD681F49C4EF00C5E908 /* BP002_BT002_OA011_BV009.svg in Resources */,
				7914CD6C1F49C4EF00C5E908 /* BP002_BT002_OA030_BV008.svg in Resources */,
				7914CDA61F49C4EF00C5E908 /* BP008_BT001_OA000_BV000.svg in Resources */,
				7914CD5E1F49C4EF00C5E908 /* BP002_BT001_OA011_BV009.svg in Resources */,
				7914CD8A1F49C4EF00C5E908 /* BP006_BT001_OA000_BV001.svg in Resources */,
				7914CD551F49C4EF00C5E908 /* BP001_BT002_OA030_BV005.svg in Resources */,
				7914CDBC1F49C4EF00C5E908 /* BP014_BT002_OA000_BV000.svg in Resources */,
				7914CD511F49C4EF00C5E908 /* BP001_BT002_OA011_BV006.svg in Resources */,
				7914CD5C1F49C4EF00C5E908 /* BP002_BT001_OA011_BV007.svg in Resources */,
				7914CD651F49C4EF00C5E908 /* BP002_BT002_OA011_BV006.svg in Resources */,
				7914CDBF1F49C4EF00C5E908 /* BP015_BT001_OA017_BV001.svg in Resources */,
				7914CD9F1F49C4EF00C5E908 /* BP006_BT002_OA027_BV002.svg in Resources */,
				7914CD961F49C4EF00C5E908 /* BP006_BT002_OA000_BV001.svg in Resources */,
				7914CD741F49C4EF00C5E908 /* BP004_BT001_OA000_BV000.svg in Resources */,
				7914CD9B1F49C4EF00C5E908 /* BP006_BT002_OA025_BV002.svg in Resources */,
				7914CD701F49C4EF00C5E908 /* BP003_BT001_OA030_BV000.svg in Resources */,
				7954216D1F460DE500DBBBE0 /* LaunchScreen.storyboard in Resources */,
				7914CD591F49C4EF00C5E908 /* BP001_BT002_OA030_BV009.svg in Resources */,
				7914CD951F49C4EF00C5E908 /* BP006_BT001_OA027_BV004.svg in Resources */,
				7914CD931F49C4EF00C5E908 /* BP006_BT001_OA027_BV002.svg in Resources */,
				7914CD4B1F49C4EF00C5E908 /* BP001_BT001_OA030_BV005.svg in Resources */,
				7914CD521F49C4EF00C5E908 /* BP001_BT002_OA011_BV007.svg in Resources */,
				7914CDA81F49C4EF00C5E908 /* BP009_BT001_OA000_BV000.svg in Resources */,
				7914CDD01F49C4EF00C5E908 /* HW000.svg in Resources */,
				7914CDD41F49C4EF00C5E908 /* RH000.svg in Resources */,
				7914CD4A1F49C4EF00C5E908 /* BP001_BT001_OA011_BV009.svg in Resources */,
				7914CD9A1F49C4EF00C5E908 /* BP006_BT002_OA025_BV001.svg in Resources */,
				7914CD841F49C4EF00C5E908 /* BP005_BT002_OA000_BV003.svg in Resources */,
				7914CDA01F49C4EF00C5E908 /* BP006_BT002_OA027_BV003.svg in Resources */,
				7914CDC01F49C4EF00C5E908 /* BP015_BT001_OA017_BV002.svg in Resources */,
				7914CD661F49C4EF00C5E908 /* BP002_BT002_OA011_BV007.svg in Resources */,
				7914CDB41F49C4EF00C5E908 /* BP012_BT002_OA000_BV000.svg in Resources */,
				7914CD6A1F49C4EF00C5E908 /* BP002_BT002_OA030_BV006.svg in Resources */,
				7914CD491F49C4EF00C5E908 /* BP001_BT001_OA011_BV008.svg in Resources */,
				7914CDA21F49C4EF00C5E908 /* BP007_BT001_OA000_BV000.svg in Resources */,
				7914CD6B1F49C4EF00C5E908 /* BP002_BT002_OA030_BV007.svg in Resources */,
				7914CD811F49C4EF00C5E908 /* BP005_BT001_OA006_BV004.svg in Resources */,
				7914CD601F49C4EF00C5E908 /* BP002_BT001_OA030_BV006.svg in Resources */,
				7914CDC51F49C4EF00C5E908 /* BP015_BT002_OA017_BV002.svg in Resources */,
				7914CD8C1F49C4EF00C5E908 /* BP006_BT001_OA000_BV003.svg in Resources */,
				7914CD8D1F49C4EF00C5E908 /* BP006_BT001_OA000_BV004.svg in Resources */,
				7914CDB31F49C4EF00C5E908 /* BP012_BT001_OA006_BV000.svg in Resources */,
				7954216A1F460DE500DBBBE0 /* Assets.xcassets in Resources */,
				7914CDC31F49C4EF00C5E908 /* BP015_BT002_OA000_BV000.svg in Resources */,
				7914CD5B1F49C4EF00C5E908 /* BP002_BT001_OA011_BV006.svg in Resources */,
				7914CDB21F49C4EF00C5E908 /* BP012_BT001_OA000_BV000.svg in Resources */,
				7914CD4D1F49C4EF00C5E908 /* BP001_BT001_OA030_BV007.svg in Resources */,
				7914CD501F49C4EF00C5E908 /* BP001_BT002_OA011_BV005.svg in Resources */,
				7914CD891F49C4EF00C5E908 /* BP005_BT002_OA006_BV004.svg in Resources */,
				7914CD9D1F49C4EF00C5E908 /* BP006_BT002_OA025_BV004.svg in Resources */,
				7914CDA71F49C4EF00C5E908 /* BP008_BT002_OA000_BV000.svg in Resources */,
				7914CD801F49C4EF00C5E908 /* BP005_BT001_OA006_BV003.svg in Resources */,
				7914CD561F49C4EF00C5E908 /* BP001_BT002_OA030_BV006.svg in Resources */,
				7914CD5F1F49C4EF00C5E908 /* BP002_BT001_OA030_BV005.svg in Resources */,
				7914CD721F49C4EF00C5E908 /* BP003_BT002_OA011_BV000.svg in Resources */,
				7914CDB61F49C4EF00C5E908 /* BP013_BT001_OA000_BV000.svg in Resources */,
				7914CDB81F49C4EF00C5E908 /* BP013_BT002_OA000_BV000.svg in Resources */,
				7914CDB91F49C4EF00C5E908 /* BP013_BT002_OA006_BV000.svg in Resources */,
				7914CD861F49C4EF00C5E908 /* BP005_BT002_OA006_BV001.svg in Resources */,
				7914CDAE1F49C4EF00C5E908 /* BP011_BT001_OA000_BV000.svg in Resources */,
				7914CD7B1F49C4EF00C5E908 /* BP005_BT001_OA000_BV002.svg in Resources */,
				7914CDAF1F49C4EF00C5E908 /* BP011_BT001_OA006_BV000.svg in Resources */,
				7914CD611F49C4EF00C5E908 /* BP002_BT001_OA030_BV007.svg in Resources */,
				7914CD7F1F49C4EF00C5E908 /* BP005_BT001_OA006_BV002.svg in Resources */,
				7914CD7D1F49C4EF00C5E908 /* BP005_BT001_OA000_BV004.svg in Resources */,
				7914CD831F49C4EF00C5E908 /* BP005_BT002_OA000_BV002.svg in Resources */,
				7914CD781F49C4EF00C5E908 /* BP004_BT002_OA011_BV000.svg in Resources */,
				7914CDC81F49C4EF00C5E908 /* ES001.svg in Resources */,
				7914CD7A1F49C4EF00C5E908 /* BP005_BT001_OA000_BV001.svg in Resources */,
				7914CDCB1F49C4EF00C5E908 /* EW007.svg in Resources */,
				7914CDD31F49C4EF00C5E908 /* LH009.svg in Resources */,
				7914CDD21F49C4EF00C5E908 /* LH000.svg in Resources */,
				7914CD871F49C4EF00C5E908 /* BP005_BT002_OA006_BV002.svg in Resources */,
				7914CDBD1F49C4EF00C5E908 /* BP014_BT002_OA006_BV000.svg in Resources */,
				7914CD4E1F49C4EF00C5E908 /* BP001_BT001_OA030_BV008.svg in Resources */,
				7914CD6F1F49C4EF00C5E908 /* BP003_BT001_OA011_BV000.svg in Resources */,
				7914CDA11F49C4EF00C5E908 /* BP006_BT002_OA027_BV004.svg in Resources */,
				7914CD881F49C4EF00C5E908 /* BP005_BT002_OA006_BV003.svg in Resources */,
				7914CD941F49C4EF00C5E908 /* BP006_BT001_OA027_BV003.svg in Resources */,
				7914CD471F49C4EF00C5E908 /* BP001_BT001_OA011_BV006.svg in Resources */,
				7914CDCC1F49C4EF00C5E908 /* EX001.svg in Resources */,
				7914CDD11F49C4EF00C5E908 /* HW001.svg in Resources */,
				7914CD581F49C4EF00C5E908 /* BP001_BT002_OA030_BV008.svg in Resources */,
				7914CD8B1F49C4EF00C5E908 /* BP006_BT001_OA000_BV002.svg in Resources */,
				7914CDCF1F49C4EF00C5E908 /* HS002.svg in Resources */,
				7914CDC41F49C4EF00C5E908 /* BP015_BT002_OA017_BV001.svg in Resources */,
				7914CD691F49C4EF00C5E908 /* BP002_BT002_OA030_BV005.svg in Resources */,
				7914CD5D1F49C4EF00C5E908 /* BP002_BT001_OA011_BV008.svg in Resources */,
				7914CD911F49C4EF00C5E908 /* BP006_BT001_OA025_BV004.svg in Resources */,
				7914CD901F49C4EF00C5E908 /* BP006_BT001_OA025_BV003.svg in Resources */,
				7914CD6E1F49C4EF00C5E908 /* BP003_BT001_OA000_BV000.svg in Resources */,
				7914CDA41F49C4EF00C5E908 /* BP007_BT002_OA000_BV000.svg in Resources */,
				7914CDC11F49C4EF00C5E908 /* BP015_BT001_OA017_BV003.svg in Resources */,
				7914CD791F49C4EF00C5E908 /* BP004_BT002_OA030_BV000.svg in Resources */,
				791A5B891F48A6C200BA0188 /* car_black.png in Resources */,
				7914CDA31F49C4EF00C5E908 /* BP007_BT001_OA027_BV000.svg in Resources */,
				7914CDBE1F49C4EF00C5E908 /* BP015_BT001_OA000_BV000.svg in Resources */,
				7914CD5A1F49C4EF00C5E908 /* BP002_BT001_OA011_BV005.svg in Resources */,
				7914CD761F49C4EF00C5E908 /* BP004_BT001_OA030_BV000.svg in Resources */,
				7914CD531F49C4EF00C5E908 /* BP001_BT002_OA011_BV008.svg in Resources */,
				7914CD9C1F49C4EF00C5E908 /* BP006_BT002_OA025_BV003.svg in Resources */,
				7914CDAB1F49C4EF00C5E908 /* BP009_BT002_OA027_BV000.svg in Resources */,
				7914CDB51F49C4EF00C5E908 /* BP012_BT002_OA006_BV000.svg in Resources */,
				7914CDCD1F49C4EF00C5E908 /* EX002.svg in Resources */,
				7914CD641F49C4EF00C5E908 /* BP002_BT002_OA011_BV005.svg in Resources */,
				7914CD4F1F49C4EF00C5E908 /* BP001_BT001_OA030_BV009.svg in Resources */,
				7914CDB71F49C4EF00C5E908 /* BP013_BT001_OA006_BV000.svg in Resources */,
				7914CD8E1F49C4EF00C5E908 /* BP006_BT001_OA025_BV001.svg in Resources */,
				7914CD461F49C4EF00C5E908 /* BP001_BT001_OA011_BV005.svg in Resources */,
				7914CD8F1F49C4EF00C5E908 /* BP006_BT001_OA025_BV002.svg in Resources */,
				7914CD541F49C4EF00C5E908 /* BP001_BT002_OA011_BV009.svg in Resources */,
				7914CD4C1F49C4EF00C5E908 /* BP001_BT001_OA030_BV006.svg in Resources */,
				7914CD751F49C4EF00C5E908 /* BP004_BT001_OA011_BV000.svg in Resources */,
				7914CDC21F49C4EF00C5E908 /* BP015_BT001_OA017_BV004.svg in Resources */,
				7914CDAC1F49C4EF00C5E908 /* BP010_BT001_OA000_BV000.svg in Resources */,
				7914CD971F49C4EF00C5E908 /* BP006_BT002_OA000_BV002.svg in Resources */,
				7914CDC71F49C4EF00C5E908 /* BP015_BT002_OA017_BV004.svg in Resources */,
				7914CD711F49C4EF00C5E908 /* BP003_BT002_OA000_BV000.svg in Resources */,
				7914CD9E1F49C4EF00C5E908 /* BP006_BT002_OA027_BV001.svg in Resources */,
				7914CD7E1F49C4EF00C5E908 /* BP005_BT001_OA006_BV001.svg in Resources */,
				7914CD671F49C4EF00C5E908 /* BP002_BT002_OA011_BV008.svg in Resources */,
				7914CDAD1F49C4EF00C5E908 /* BP010_BT002_OA000_BV000.svg in Resources */,
				7914CDA51F49C4EF00C5E908 /* BP007_BT002_OA027_BV000.svg in Resources */,
				7914CD731F49C4EF00C5E908 /* BP003_BT002_OA030_BV000.svg in Resources */,
				7914CDB01F49C4EF00C5E908 /* BP011_BT002_OA000_BV000.svg in Resources */,
				7914CDA91F49C4EF00C5E908 /* BP009_BT001_OA027_BV000.svg in Resources */,
				7914CDC61F49C4EF00C5E908 /* BP015_BT002_OA017_BV003.svg in Resources */,
				7914CD991F49C4EF00C5E908 /* BP006_BT002_OA000_BV004.svg in Resources */,
				795421681F460DE500DBBBE0 /* Main.storyboard in Resources */,
				7914CD621F49C4EF00C5E908 /* BP002_BT001_OA030_BV008.svg in Resources */,
				7914CDC91F49C4EF00C5E908 /* ES002.svg in Resources */,
				7914CD921F49C4EF00C5E908 /* BP006_BT001_OA027_BV001.svg in Resources */,
				7914CDCE1F49C4EF00C5E908 /* HS001.svg in Resources */,
				7914CD631F49C4EF00C5E908 /* BP002_BT001_OA030_BV009.svg in Resources */,
				7914CDBB1F49C4EF00C5E908 /* BP014_BT001_OA006_BV000.svg in Resources */,
				7914CD7C1F49C4EF00C5E908 /* BP005_BT001_OA000_BV003.svg in Resources */,
				7914CDAA1F49C4EF00C5E908 /* BP009_BT002_OA000_BV000.svg in Resources */,
				7914CDBA1F49C4EF00C5E908 /* BP014_BT001_OA000_BV000.svg in Resources */,
			);
			runOnlyForDeploymentPostprocessing = 0;
		};
/* End PBXResourcesBuildPhase section */

/* Begin PBXSourcesBuildPhase section */
		7954215B1F460DE500DBBBE0 /* Sources */ = {
			isa = PBXSourcesBuildPhase;
			buildActionMask = 2147483647;
			files = (
				795421651F460DE500DBBBE0 /* ViewController.swift in Sources */,
				795421631F460DE500DBBBE0 /* AppDelegate.swift in Sources */,
			);
			runOnlyForDeploymentPostprocessing = 0;
		};
/* End PBXSourcesBuildPhase section */

/* Begin PBXVariantGroup section */
		795421661F460DE500DBBBE0 /* Main.storyboard */ = {
			isa = PBXVariantGroup;
			children = (
				795421671F460DE500DBBBE0 /* Base */,
			);
			name = Main.storyboard;
			sourceTree = "<group>";
		};
		7954216B1F460DE500DBBBE0 /* LaunchScreen.storyboard */ = {
			isa = PBXVariantGroup;
			children = (
				7954216C1F460DE500DBBBE0 /* Base */,
			);
			name = LaunchScreen.storyboard;
			sourceTree = "<group>";
		};
/* End PBXVariantGroup section */

/* Begin XCBuildConfiguration section */
		7954216F1F460DE500DBBBE0 /* Debug */ = {
			isa = XCBuildConfiguration;
			buildSettings = {
				ALWAYS_SEARCH_USER_PATHS = NO;
				CLANG_ANALYZER_NONNULL = YES;
				CLANG_CXX_LANGUAGE_STANDARD = "gnu++0x";
				CLANG_CXX_LIBRARY = "libc++";
				CLANG_ENABLE_MODULES = YES;
				CLANG_ENABLE_OBJC_ARC = YES;
				CLANG_WARN_BOOL_CONVERSION = YES;
				CLANG_WARN_CONSTANT_CONVERSION = YES;
				CLANG_WARN_DIRECT_OBJC_ISA_USAGE = YES_ERROR;
				CLANG_WARN_DOCUMENTATION_COMMENTS = YES;
				CLANG_WARN_EMPTY_BODY = YES;
				CLANG_WARN_ENUM_CONVERSION = YES;
				CLANG_WARN_INFINITE_RECURSION = YES;
				CLANG_WARN_INT_CONVERSION = YES;
				CLANG_WARN_OBJC_ROOT_CLASS = YES_ERROR;
				CLANG_WARN_SUSPICIOUS_MOVES = YES;
				CLANG_WARN_UNREACHABLE_CODE = YES;
				CLANG_WARN__DUPLICATE_METHOD_MATCH = YES;
				"CODE_SIGN_IDENTITY[sdk=iphoneos*]" = "iPhone Developer";
				COPY_PHASE_STRIP = NO;
				DEBUG_INFORMATION_FORMAT = dwarf;
				ENABLE_STRICT_OBJC_MSGSEND = YES;
				ENABLE_TESTABILITY = YES;
				GCC_C_LANGUAGE_STANDARD = gnu99;
				GCC_DYNAMIC_NO_PIC = NO;
				GCC_NO_COMMON_BLOCKS = YES;
				GCC_OPTIMIZATION_LEVEL = 0;
				GCC_PREPROCESSOR_DEFINITIONS = (
					"DEBUG=1",
					"$(inherited)",
				);
				GCC_WARN_64_TO_32_BIT_CONVERSION = YES;
				GCC_WARN_ABOUT_RETURN_TYPE = YES_ERROR;
				GCC_WARN_UNDECLARED_SELECTOR = YES;
				GCC_WARN_UNINITIALIZED_AUTOS = YES_AGGRESSIVE;
				GCC_WARN_UNUSED_FUNCTION = YES;
				GCC_WARN_UNUSED_VARIABLE = YES;
				IPHONEOS_DEPLOYMENT_TARGET = 10.0;
				MTL_ENABLE_DEBUG_INFO = YES;
				ONLY_ACTIVE_ARCH = YES;
				SDKROOT = iphoneos;
				SWIFT_ACTIVE_COMPILATION_CONDITIONS = DEBUG;
				SWIFT_OPTIMIZATION_LEVEL = "-Onone";
			};
			name = Debug;
		};
		795421701F460DE500DBBBE0 /* Release */ = {
			isa = XCBuildConfiguration;
			buildSettings = {
				ALWAYS_SEARCH_USER_PATHS = NO;
				CLANG_ANALYZER_NONNULL = YES;
				CLANG_CXX_LANGUAGE_STANDARD = "gnu++0x";
				CLANG_CXX_LIBRARY = "libc++";
				CLANG_ENABLE_MODULES = YES;
				CLANG_ENABLE_OBJC_ARC = YES;
				CLANG_WARN_BOOL_CONVERSION = YES;
				CLANG_WARN_CONSTANT_CONVERSION = YES;
				CLANG_WARN_DIRECT_OBJC_ISA_USAGE = YES_ERROR;
				CLANG_WARN_DOCUMENTATION_COMMENTS = YES;
				CLANG_WARN_EMPTY_BODY = YES;
				CLANG_WARN_ENUM_CONVERSION = YES;
				CLANG_WARN_INFINITE_RECURSION = YES;
				CLANG_WARN_INT_CONVERSION = YES;
				CLANG_WARN_OBJC_ROOT_CLASS = YES_ERROR;
				CLANG_WARN_SUSPICIOUS_MOVES = YES;
				CLANG_WARN_UNREACHABLE_CODE = YES;
				CLANG_WARN__DUPLICATE_METHOD_MATCH = YES;
				"CODE_SIGN_IDENTITY[sdk=iphoneos*]" = "iPhone Developer";
				COPY_PHASE_STRIP = NO;
				DEBUG_INFORMATION_FORMAT = "dwarf-with-dsym";
				ENABLE_NS_ASSERTIONS = NO;
				ENABLE_STRICT_OBJC_MSGSEND = YES;
				GCC_C_LANGUAGE_STANDARD = gnu99;
				GCC_NO_COMMON_BLOCKS = YES;
				GCC_WARN_64_TO_32_BIT_CONVERSION = YES;
				GCC_WARN_ABOUT_RETURN_TYPE = YES_ERROR;
				GCC_WARN_UNDECLARED_SELECTOR = YES;
				GCC_WARN_UNINITIALIZED_AUTOS = YES_AGGRESSIVE;
				GCC_WARN_UNUSED_FUNCTION = YES;
				GCC_WARN_UNUSED_VARIABLE = YES;
				IPHONEOS_DEPLOYMENT_TARGET = 10.0;
				MTL_ENABLE_DEBUG_INFO = NO;
				SDKROOT = iphoneos;
				SWIFT_OPTIMIZATION_LEVEL = "-Owholemodule";
				VALIDATE_PRODUCT = YES;
			};
			name = Release;
		};
		795421721F460DE500DBBBE0 /* Debug */ = {
			isa = XCBuildConfiguration;
			buildSettings = {
				ASSETCATALOG_COMPILER_APPICON_NAME = AppIcon;
				INFOPLIST_FILE = ClairaBellaDemo/Info.plist;
				LD_RUNPATH_SEARCH_PATHS = "$(inherited) @executable_path/Frameworks";
				PRODUCT_BUNDLE_IDENTIFIER = vikash.ClairaBellaDemo;
				PRODUCT_NAME = "$(TARGET_NAME)";
				SWIFT_VERSION = 3.0;
			};
			name = Debug;
		};
		795421731F460DE500DBBBE0 /* Release */ = {
			isa = XCBuildConfiguration;
			buildSettings = {
				ASSETCATALOG_COMPILER_APPICON_NAME = AppIcon;
				INFOPLIST_FILE = ClairaBellaDemo/Info.plist;
				LD_RUNPATH_SEARCH_PATHS = "$(inherited) @executable_path/Frameworks";
				PRODUCT_BUNDLE_IDENTIFIER = vikash.ClairaBellaDemo;
				PRODUCT_NAME = "$(TARGET_NAME)";
				SWIFT_VERSION = 3.0;
			};
			name = Release;
		};
/* End XCBuildConfiguration section */

/* Begin XCConfigurationList section */
		7954215A1F460DE500DBBBE0 /* Build configuration list for PBXProject "ClairaBellaDemo" */ = {
			isa = XCConfigurationList;
			buildConfigurations = (
				7954216F1F460DE500DBBBE0 /* Debug */,
				795421701F460DE500DBBBE0 /* Release */,
			);
			defaultConfigurationIsVisible = 0;
			defaultConfigurationName = Release;
		};
		795421711F460DE500DBBBE0 /* Build configuration list for PBXNativeTarget "ClairaBellaDemo" */ = {
			isa = XCConfigurationList;
			buildConfigurations = (
				795421721F460DE500DBBBE0 /* Debug */,
				795421731F460DE500DBBBE0 /* Release */,
			);
			defaultConfigurationIsVisible = 0;
			defaultConfigurationName = Release;
		};
/* End XCConfigurationList section */
	};
	rootObject = 795421571F460DE500DBBBE0 /* Project object */;
}
