PODS:
  - Alamofire (4.4.0)
  - Bolts (1.8.4):
    - Bolts/AppLinks (= 1.8.4)
    - Bolts/Tasks (= 1.8.4)
  - Bolts/AppLinks (1.8.4):
    - Bolts/Tasks
  - Bolts/Tasks (1.8.4)
  - FacebookCore (0.2.0):
    - Bolts (~> 1.8)
    - FBSDKCoreKit (~> 4.15)
  - FacebookLogin (0.2.0):
    - Bolts (~> 1.8)
    - FacebookCore (~> 0.2)
    - FBSDKCoreKit (~> 4.15)
    - FBSDKLoginKit (~> 4.15)
  - FBSDKCoreKit (4.21.0):
    - Bolts (~> 1.7)
  - FBSDKLoginKit (4.21.0):
    - FBSDKCoreKit
  - GTProgressBar (0.1.1)
  - iCarousel (1.8.3)
  - IQKeyboardManager (4.0.9)
  - PocketSVG (2.2.1)
  - SSZipArchive (1.7)

DEPENDENCIES:
  - Alamofire
  - FacebookCore
  - FacebookLogin
  - GTProgressBar
  - iCarousel
  - IQKeyboardManager
  - PocketSVG
  - SSZipArchive

SPEC CHECKSUMS:
  Alamofire: dc44b1600b800eb63da6a19039a0083d62a6a62d
  Bolts: 8a7995239dbe724f9cba2248b766d48b7ebdd322
  FacebookCore: 2cb3f0fbff218e9d3119cec84bae983b232412de
  FacebookLogin: c9d606504735780a9e3002465a615512e0a691a5
  FBSDKCoreKit: 8a372ab194b5c7c26355c1920ef52dbeb44bc222
  FBSDKLoginKit: a1a5f4b4ac445823a020fbeeaf5f03714a67ff9c
  GTProgressBar: 6acc42dac77a2a09d325a700766704cb32c0ef29
  iCarousel: d782f635afac190c49bb8ee455882284cff8b85f
  IQKeyboardManager: 322c7405df3eb5f7e50dede32ea937bf3d4364e0
  PocketSVG: 51c4d5cb9ae7623d4494f439f69747394bad5d67
  SSZipArchive: 63f8e11cfcc33e03e4cd666b4359ea8bd6facd0c

PODFILE CHECKSUM: 5c0ac41fda02579bc4a24d9ac0755f1dda0882d5

COCOAPODS: 1.2.1.beta.1
